// !$*UTF8*$!
{
	archiveVersion = 1;
	classes = {
	};
	objectVersion = 55;
	objects = {

/* Begin PBXBuildFile section */
		5877D5992735384800C65732 /* AppDelegate.swift in Sources */ = {isa = PBXBuildFile; fileRef = 5877D5982735384800C65732 /* AppDelegate.swift */; };
		5877D59D2735384800C65732 /* ViewController.swift in Sources */ = {isa = PBXBuildFile; fileRef = 5877D59C2735384800C65732 /* ViewController.swift */; };
		5877D5A02735384800C65732 /* Main.storyboard in Resources */ = {isa = PBXBuildFile; fileRef = 5877D59E2735384800C65732 /* Main.storyboard */; };
		5877D5A22735384B00C65732 /* Assets.xcassets in Resources */ = {isa = PBXBuildFile; fileRef = 5877D5A12735384B00C65732 /* Assets.xcassets */; };
		5877D5A52735384B00C65732 /* LaunchScreen.storyboard in Resources */ = {isa = PBXBuildFile; fileRef = 5877D5A32735384B00C65732 /* LaunchScreen.storyboard */; };
		589917112736884C00D43D9C /* AppDelegate+Config.swift in Sources */ = {isa = PBXBuildFile; fileRef = 589917102736884C00D43D9C /* AppDelegate+Config.swift */; };
		5899171627368F7C00D43D9C /* InfoPlist.strings in Resources */ = {isa = PBXBuildFile; fileRef = 5899171827368F7C00D43D9C /* InfoPlist.strings */; };
		5899171C27368FB300D43D9C /* Localizable.strings in Resources */ = {isa = PBXBuildFile; fileRef = 5899171E27368FB300D43D9C /* Localizable.strings */; };
		58D7E85F2738C809007241B1 /* libc++.tbd in Frameworks */ = {isa = PBXBuildFile; fileRef = 58D7E85E2738C809007241B1 /* libc++.tbd */; };
		58D7E8612738C817007241B1 /* CallKit.framework in Frameworks */ = {isa = PBXBuildFile; fileRef = 58D7E8602738C817007241B1 /* CallKit.framework */; };
		58D7E8632738C884007241B1 /* libz.tbd in Frameworks */ = {isa = PBXBuildFile; fileRef = 58D7E8622738C884007241B1 /* libz.tbd */; };
		58D7E8652738C88F007241B1 /* Security.framework in Frameworks */ = {isa = PBXBuildFile; fileRef = 58D7E8642738C88F007241B1 /* Security.framework */; };
		58D7E8672738C89E007241B1 /* SystemConfiguration.framework in Frameworks */ = {isa = PBXBuildFile; fileRef = 58D7E8662738C89D007241B1 /* SystemConfiguration.framework */; };
		58D7E8692738C8A5007241B1 /* PushKit.framework in Frameworks */ = {isa = PBXBuildFile; fileRef = 58D7E8682738C8A5007241B1 /* PushKit.framework */; };
		58D7E86B2738C8B1007241B1 /* CoreTelephony.framework in Frameworks */ = {isa = PBXBuildFile; fileRef = 58D7E86A2738C8B1007241B1 /* CoreTelephony.framework */; };
		58D7E86D2738C8BD007241B1 /* AudioToolbox.framework in Frameworks */ = {isa = PBXBuildFile; fileRef = 58D7E86C2738C8BD007241B1 /* AudioToolbox.framework */; };
		58D7E8702738C8C8007241B1 /* UserNotificationsUI.framework in Frameworks */ = {isa = PBXBuildFile; fileRef = 58D7E86E2738C8C8007241B1 /* UserNotificationsUI.framework */; };
		58D7E8712738C8C8007241B1 /* UserNotifications.framework in Frameworks */ = {isa = PBXBuildFile; fileRef = 58D7E86F2738C8C8007241B1 /* UserNotifications.framework */; };
		58D7E9352738CFDA007241B1 /* ModuleImport.swift in Sources */ = {isa = PBXBuildFile; fileRef = 58D7E9312738CFDA007241B1 /* ModuleImport.swift */; };
		58D7E9362738CFDA007241B1 /* AppModule.swift in Sources */ = {isa = PBXBuildFile; fileRef = 58D7E9322738CFDA007241B1 /* AppModule.swift */; };
		58D7E9372738CFDA007241B1 /* Const.swift in Sources */ = {isa = PBXBuildFile; fileRef = 58D7E9332738CFDA007241B1 /* Const.swift */; };
		58D7E9382738CFDA007241B1 /* vvmodule.plist in Resources */ = {isa = PBXBuildFile; fileRef = 58D7E9342738CFDA007241B1 /* vvmodule.plist */; };
		DDD5001D45D0261FD89AA491 /* Pods_YunZaiApp.framework in Frameworks */ = {isa = PBXBuildFile; fileRef = 929F523037408795EE0A6B3D /* Pods_YunZaiApp.framework */; };
/* End PBXBuildFile section */

/* Begin PBXFileReference section */
		5027029F08DA3943823D6F95 /* Pods-YunZaiApp.debug.xcconfig */ = {isa = PBXFileReference; includeInIndex = 1; lastKnownFileType = text.xcconfig; name = "Pods-YunZaiApp.debug.xcconfig"; path = "Target Support Files/Pods-YunZaiApp/Pods-YunZaiApp.debug.xcconfig"; sourceTree = "<group>"; };
		5248E3F7D65C754FCEB8C153 /* Pods-YunZaiApp.release.xcconfig */ = {isa = PBXFileReference; includeInIndex = 1; lastKnownFileType = text.xcconfig; name = "Pods-YunZaiApp.release.xcconfig"; path = "Target Support Files/Pods-YunZaiApp/Pods-YunZaiApp.release.xcconfig"; sourceTree = "<group>"; };
		587122D72738BA1C00FC296E /* YunZaiApp-Bridging-Header.h */ = {isa = PBXFileReference; lastKnownFileType = sourcecode.c.h; path = "YunZaiApp-Bridging-Header.h"; sourceTree = "<group>"; };
		5877D5952735384800C65732 /* YunZaiApp.app */ = {isa = PBXFileReference; explicitFileType = wrapper.application; includeInIndex = 0; path = YunZaiApp.app; sourceTree = BUILT_PRODUCTS_DIR; };
		5877D5982735384800C65732 /* AppDelegate.swift */ = {isa = PBXFileReference; lastKnownFileType = sourcecode.swift; path = AppDelegate.swift; sourceTree = "<group>"; };
		5877D59C2735384800C65732 /* ViewController.swift */ = {isa = PBXFileReference; lastKnownFileType = sourcecode.swift; path = ViewController.swift; sourceTree = "<group>"; };
		5877D59F2735384800C65732 /* Base */ = {isa = PBXFileReference; lastKnownFileType = file.storyboard; name = Base; path = Base.lproj/Main.storyboard; sourceTree = "<group>"; };
		5877D5A12735384B00C65732 /* Assets.xcassets */ = {isa = PBXFileReference; lastKnownFileType = folder.assetcatalog; path = Assets.xcassets; sourceTree = "<group>"; };
		5877D5A42735384B00C65732 /* Base */ = {isa = PBXFileReference; lastKnownFileType = file.storyboard; name = Base; path = Base.lproj/LaunchScreen.storyboard; sourceTree = "<group>"; };
		5877D5A62735384B00C65732 /* Info.plist */ = {isa = PBXFileReference; lastKnownFileType = text.plist.xml; path = Info.plist; sourceTree = "<group>"; };
		589917102736884C00D43D9C /* AppDelegate+Config.swift */ = {isa = PBXFileReference; lastKnownFileType = sourcecode.swift; path = "AppDelegate+Config.swift"; sourceTree = "<group>"; };
		5899171727368F7C00D43D9C /* en */ = {isa = PBXFileReference; lastKnownFileType = text.plist.strings; name = en; path = en.lproj/InfoPlist.strings; sourceTree = "<group>"; };
		5899171927368F9E00D43D9C /* zh-Hans */ = {isa = PBXFileReference; lastKnownFileType = text.plist.strings; name = "zh-Hans"; path = "zh-Hans.lproj/Main.strings"; sourceTree = "<group>"; };
		5899171A27368F9F00D43D9C /* zh-Hans */ = {isa = PBXFileReference; lastKnownFileType = text.plist.strings; name = "zh-Hans"; path = "zh-Hans.lproj/LaunchScreen.strings"; sourceTree = "<group>"; };
		5899171B27368FA000D43D9C /* zh-Hans */ = {isa = PBXFileReference; lastKnownFileType = text.plist.strings; name = "zh-Hans"; path = "zh-Hans.lproj/InfoPlist.strings"; sourceTree = "<group>"; };
		5899171D27368FB300D43D9C /* en */ = {isa = PBXFileReference; lastKnownFileType = text.plist.strings; name = en; path = en.lproj/Localizable.strings; sourceTree = "<group>"; };
		5899171F27368FB500D43D9C /* zh-Hans */ = {isa = PBXFileReference; lastKnownFileType = text.plist.strings; name = "zh-Hans"; path = "zh-Hans.lproj/Localizable.strings"; sourceTree = "<group>"; };
		58D7E8242738C144007241B1 /* WFChat-Prefix-Header.pch */ = {isa = PBXFileReference; fileEncoding = 4; lastKnownFileType = sourcecode.c.h; path = "WFChat-Prefix-Header.pch"; sourceTree = "<group>"; };
		58D7E8262738C6B8007241B1 /* ShareAppService.h */ = {isa = PBXFileReference; lastKnownFileType = sourcecode.c.h; path = ShareAppService.h; sourceTree = "<group>"; };
		58D7E8272738C6B8007241B1 /* Shares.xcassets */ = {isa = PBXFileReference; lastKnownFileType = folder.assetcatalog; path = Shares.xcassets; sourceTree = "<group>"; };
		58D7E8282738C6B8007241B1 /* ConversationCell.h */ = {isa = PBXFileReference; lastKnownFileType = sourcecode.c.h; path = ConversationCell.h; sourceTree = "<group>"; };
		58D7E8292738C6B8007241B1 /* ShareUtility.m */ = {isa = PBXFileReference; lastKnownFileType = sourcecode.c.objc; path = ShareUtility.m; sourceTree = "<group>"; };
		58D7E82A2738C6B8007241B1 /* ShareViewController.m */ = {isa = PBXFileReference; lastKnownFileType = sourcecode.c.objc; path = ShareViewController.m; sourceTree = "<group>"; };
		58D7E82C2738C6B8007241B1 /* Base */ = {isa = PBXFileReference; lastKnownFileType = file.storyboard; name = Base; path = Base.lproj/MainInterface.storyboard; sourceTree = "<group>"; };
		58D7E82D2738C6B8007241B1 /* ConversationListViewController.h */ = {isa = PBXFileReference; lastKnownFileType = sourcecode.c.h; path = ConversationListViewController.h; sourceTree = "<group>"; };
		58D7E82E2738C6B8007241B1 /* ShareAppService.m */ = {isa = PBXFileReference; lastKnownFileType = sourcecode.c.objc; path = ShareAppService.m; sourceTree = "<group>"; };
		58D7E82F2738C6B8007241B1 /* ConversationCell.m */ = {isa = PBXFileReference; lastKnownFileType = sourcecode.c.objc; path = ConversationCell.m; sourceTree = "<group>"; };
		58D7E8302738C6B8007241B1 /* ConversationListViewController.m */ = {isa = PBXFileReference; lastKnownFileType = sourcecode.c.objc; path = ConversationListViewController.m; sourceTree = "<group>"; };
		58D7E8312738C6B8007241B1 /* ShareViewController.h */ = {isa = PBXFileReference; lastKnownFileType = sourcecode.c.h; path = ShareViewController.h; sourceTree = "<group>"; };
		58D7E8322738C6B8007241B1 /* Info.plist */ = {isa = PBXFileReference; lastKnownFileType = text.plist.xml; path = Info.plist; sourceTree = "<group>"; };
		58D7E8332738C6B8007241B1 /* ShareExtension.entitlements */ = {isa = PBXFileReference; lastKnownFileType = text.plist.entitlements; path = ShareExtension.entitlements; sourceTree = "<group>"; };
		58D7E8342738C6B8007241B1 /* ShareUtility.h */ = {isa = PBXFileReference; lastKnownFileType = sourcecode.c.h; path = ShareUtility.h; sourceTree = "<group>"; };
		58D7E8372738C6B8007241B1 /* AFSecurityPolicy.h */ = {isa = PBXFileReference; lastKnownFileType = sourcecode.c.h; path = AFSecurityPolicy.h; sourceTree = "<group>"; };
		58D7E8382738C6B8007241B1 /* AFNetworkReachabilityManager.h */ = {isa = PBXFileReference; lastKnownFileType = sourcecode.c.h; path = AFNetworkReachabilityManager.h; sourceTree = "<group>"; };
		58D7E8392738C6B8007241B1 /* AFURLSessionManager.h */ = {isa = PBXFileReference; lastKnownFileType = sourcecode.c.h; path = AFURLSessionManager.h; sourceTree = "<group>"; };
		58D7E83A2738C6B8007241B1 /* AFURLRequestSerialization.h */ = {isa = PBXFileReference; lastKnownFileType = sourcecode.c.h; path = AFURLRequestSerialization.h; sourceTree = "<group>"; };
		58D7E83B2738C6B8007241B1 /* AFURLResponseSerialization.m */ = {isa = PBXFileReference; lastKnownFileType = sourcecode.c.objc; path = AFURLResponseSerialization.m; sourceTree = "<group>"; };
		58D7E83C2738C6B8007241B1 /* AFHTTPSessionManager.m */ = {isa = PBXFileReference; lastKnownFileType = sourcecode.c.objc; path = AFHTTPSessionManager.m; sourceTree = "<group>"; };
		58D7E83D2738C6B8007241B1 /* AFURLResponseSerialization.h */ = {isa = PBXFileReference; lastKnownFileType = sourcecode.c.h; path = AFURLResponseSerialization.h; sourceTree = "<group>"; };
		58D7E83E2738C6B8007241B1 /* AFURLSessionManager.m */ = {isa = PBXFileReference; lastKnownFileType = sourcecode.c.objc; path = AFURLSessionManager.m; sourceTree = "<group>"; };
		58D7E83F2738C6B8007241B1 /* AFURLRequestSerialization.m */ = {isa = PBXFileReference; lastKnownFileType = sourcecode.c.objc; path = AFURLRequestSerialization.m; sourceTree = "<group>"; };
		58D7E8402738C6B8007241B1 /* AFNetworking.h */ = {isa = PBXFileReference; lastKnownFileType = sourcecode.c.h; path = AFNetworking.h; sourceTree = "<group>"; };
		58D7E8412738C6B8007241B1 /* AFNetworkReachabilityManager.m */ = {isa = PBXFileReference; lastKnownFileType = sourcecode.c.objc; path = AFNetworkReachabilityManager.m; sourceTree = "<group>"; };
		58D7E8422738C6B8007241B1 /* AFSecurityPolicy.m */ = {isa = PBXFileReference; lastKnownFileType = sourcecode.c.objc; path = AFSecurityPolicy.m; sourceTree = "<group>"; };
		58D7E8432738C6B8007241B1 /* AFHTTPSessionManager.h */ = {isa = PBXFileReference; lastKnownFileType = sourcecode.c.h; path = AFHTTPSessionManager.h; sourceTree = "<group>"; };
		58D7E8452738C6B8007241B1 /* MBProgressHUD.m */ = {isa = PBXFileReference; lastKnownFileType = sourcecode.c.objc; path = MBProgressHUD.m; sourceTree = "<group>"; };
		58D7E8462738C6B8007241B1 /* MBProgressHUD.h */ = {isa = PBXFileReference; lastKnownFileType = sourcecode.c.h; path = MBProgressHUD.h; sourceTree = "<group>"; };
		58D7E85E2738C809007241B1 /* libc++.tbd */ = {isa = PBXFileReference; lastKnownFileType = "sourcecode.text-based-dylib-definition"; name = "libc++.tbd"; path = "usr/lib/libc++.tbd"; sourceTree = SDKROOT; };
		58D7E8602738C817007241B1 /* CallKit.framework */ = {isa = PBXFileReference; lastKnownFileType = wrapper.framework; name = CallKit.framework; path = System/Library/Frameworks/CallKit.framework; sourceTree = SDKROOT; };
		58D7E8622738C884007241B1 /* libz.tbd */ = {isa = PBXFileReference; lastKnownFileType = "sourcecode.text-based-dylib-definition"; name = libz.tbd; path = usr/lib/libz.tbd; sourceTree = SDKROOT; };
		58D7E8642738C88F007241B1 /* Security.framework */ = {isa = PBXFileReference; lastKnownFileType = wrapper.framework; name = Security.framework; path = System/Library/Frameworks/Security.framework; sourceTree = SDKROOT; };
		58D7E8662738C89D007241B1 /* SystemConfiguration.framework */ = {isa = PBXFileReference; lastKnownFileType = wrapper.framework; name = SystemConfiguration.framework; path = System/Library/Frameworks/SystemConfiguration.framework; sourceTree = SDKROOT; };
		58D7E8682738C8A5007241B1 /* PushKit.framework */ = {isa = PBXFileReference; lastKnownFileType = wrapper.framework; name = PushKit.framework; path = System/Library/Frameworks/PushKit.framework; sourceTree = SDKROOT; };
		58D7E86A2738C8B1007241B1 /* CoreTelephony.framework */ = {isa = PBXFileReference; lastKnownFileType = wrapper.framework; name = CoreTelephony.framework; path = System/Library/Frameworks/CoreTelephony.framework; sourceTree = SDKROOT; };
		58D7E86C2738C8BD007241B1 /* AudioToolbox.framework */ = {isa = PBXFileReference; lastKnownFileType = wrapper.framework; name = AudioToolbox.framework; path = System/Library/Frameworks/AudioToolbox.framework; sourceTree = SDKROOT; };
		58D7E86E2738C8C8007241B1 /* UserNotificationsUI.framework */ = {isa = PBXFileReference; lastKnownFileType = wrapper.framework; name = UserNotificationsUI.framework; path = System/Library/Frameworks/UserNotificationsUI.framework; sourceTree = SDKROOT; };
		58D7E86F2738C8C8007241B1 /* UserNotifications.framework */ = {isa = PBXFileReference; lastKnownFileType = wrapper.framework; name = UserNotifications.framework; path = System/Library/Frameworks/UserNotifications.framework; sourceTree = SDKROOT; };
		58D7E87A2738CD9D007241B1 /* SharedConversation.m */ = {isa = PBXFileReference; lastKnownFileType = sourcecode.c.objc; path = SharedConversation.m; sourceTree = "<group>"; };
		58D7E87B2738CD9D007241B1 /* SharePredefine.h */ = {isa = PBXFileReference; lastKnownFileType = sourcecode.c.h; path = SharePredefine.h; sourceTree = "<group>"; };
		58D7E87C2738CD9D007241B1 /* SharedConversation.h */ = {isa = PBXFileReference; lastKnownFileType = sourcecode.c.h; path = SharedConversation.h; sourceTree = "<group>"; };
		58D7E87E2738CD9D007241B1 /* zh-Hans */ = {isa = PBXFileReference; lastKnownFileType = text.plist.strings; name = "zh-Hans"; path = "zh-Hans.lproj/InfoPlist.strings"; sourceTree = "<group>"; };
		58D7E8802738CD9D007241B1 /* QQLBXScanViewController.h */ = {isa = PBXFileReference; lastKnownFileType = sourcecode.c.h; path = QQLBXScanViewController.h; sourceTree = "<group>"; };
		58D7E8822738CD9D007241B1 /* CodeScan.bundle */ = {isa = PBXFileReference; lastKnownFileType = "wrapper.plug-in"; path = CodeScan.bundle; sourceTree = "<group>"; };
		58D7E8832738CD9D007241B1 /* LBXScanView.h */ = {isa = PBXFileReference; lastKnownFileType = sourcecode.c.h; path = LBXScanView.h; sourceTree = "<group>"; };
		58D7E8842738CD9D007241B1 /* LBXScanNetAnimation.h */ = {isa = PBXFileReference; lastKnownFileType = sourcecode.c.h; path = LBXScanNetAnimation.h; sourceTree = "<group>"; };
		58D7E8852738CD9D007241B1 /* LBXScanViewController.m */ = {isa = PBXFileReference; lastKnownFileType = sourcecode.c.objc; path = LBXScanViewController.m; sourceTree = "<group>"; };
		58D7E8862738CD9D007241B1 /* LBXScanViewStyle.m */ = {isa = PBXFileReference; lastKnownFileType = sourcecode.c.objc; path = LBXScanViewStyle.m; sourceTree = "<group>"; };
		58D7E8872738CD9D007241B1 /* LBXScanVideoZoomView.m */ = {isa = PBXFileReference; lastKnownFileType = sourcecode.c.objc; path = LBXScanVideoZoomView.m; sourceTree = "<group>"; };
		58D7E8882738CD9D007241B1 /* LBXScanLineAnimation.m */ = {isa = PBXFileReference; lastKnownFileType = sourcecode.c.objc; path = LBXScanLineAnimation.m; sourceTree = "<group>"; };
		58D7E8892738CD9D007241B1 /* LBXScanView.m */ = {isa = PBXFileReference; lastKnownFileType = sourcecode.c.objc; path = LBXScanView.m; sourceTree = "<group>"; };
		58D7E88A2738CD9D007241B1 /* LBXScanViewController.h */ = {isa = PBXFileReference; lastKnownFileType = sourcecode.c.h; path = LBXScanViewController.h; sourceTree = "<group>"; };
		58D7E88B2738CD9D007241B1 /* LBXScanNetAnimation.m */ = {isa = PBXFileReference; lastKnownFileType = sourcecode.c.objc; path = LBXScanNetAnimation.m; sourceTree = "<group>"; };
		58D7E88C2738CD9D007241B1 /* LBXScanLineAnimation.h */ = {isa = PBXFileReference; lastKnownFileType = sourcecode.c.h; path = LBXScanLineAnimation.h; sourceTree = "<group>"; };
		58D7E88D2738CD9D007241B1 /* LBXScanVideoZoomView.h */ = {isa = PBXFileReference; lastKnownFileType = sourcecode.c.h; path = LBXScanVideoZoomView.h; sourceTree = "<group>"; };
		58D7E88E2738CD9D007241B1 /* LBXScanViewStyle.h */ = {isa = PBXFileReference; lastKnownFileType = sourcecode.c.h; path = LBXScanViewStyle.h; sourceTree = "<group>"; };
		58D7E88F2738CD9D007241B1 /* CreateBarCodeViewController.h */ = {isa = PBXFileReference; lastKnownFileType = sourcecode.c.h; path = CreateBarCodeViewController.h; sourceTree = "<group>"; };
		58D7E8902738CD9D007241B1 /* StyleDIY.m */ = {isa = PBXFileReference; lastKnownFileType = sourcecode.c.objc; path = StyleDIY.m; sourceTree = "<group>"; };
		58D7E8912738CD9D007241B1 /* LBXScanTypes.m */ = {isa = PBXFileReference; lastKnownFileType = sourcecode.c.objc; path = LBXScanTypes.m; sourceTree = "<group>"; };
		58D7E8932738CD9D007241B1 /* LBXAlertAction.m */ = {isa = PBXFileReference; lastKnownFileType = sourcecode.c.objc; path = LBXAlertAction.m; sourceTree = "<group>"; };
		58D7E8942738CD9D007241B1 /* LBXAlertAction.h */ = {isa = PBXFileReference; lastKnownFileType = sourcecode.c.h; path = LBXAlertAction.h; sourceTree = "<group>"; };
		58D7E8962738CD9D007241B1 /* UIActionSheet+LBXAlertAction.h */ = {isa = PBXFileReference; lastKnownFileType = sourcecode.c.h; path = "UIActionSheet+LBXAlertAction.h"; sourceTree = "<group>"; };
		58D7E8972738CD9D007241B1 /* UIAlertController+supportedInterfaceOrientations.h */ = {isa = PBXFileReference; lastKnownFileType = sourcecode.c.h; path = "UIAlertController+supportedInterfaceOrientations.h"; sourceTree = "<group>"; };
		58D7E8982738CD9D007241B1 /* UIAlertView+LBXAlertAction.h */ = {isa = PBXFileReference; lastKnownFileType = sourcecode.c.h; path = "UIAlertView+LBXAlertAction.h"; sourceTree = "<group>"; };
		58D7E8992738CD9D007241B1 /* UIWindow+LBXHierarchy.m */ = {isa = PBXFileReference; lastKnownFileType = sourcecode.c.objc; path = "UIWindow+LBXHierarchy.m"; sourceTree = "<group>"; };
		58D7E89A2738CD9D007241B1 /* UIActionSheet+LBXAlertAction.m */ = {isa = PBXFileReference; lastKnownFileType = sourcecode.c.objc; path = "UIActionSheet+LBXAlertAction.m"; sourceTree = "<group>"; };
		58D7E89B2738CD9D007241B1 /* UIAlertView+LBXAlertAction.m */ = {isa = PBXFileReference; lastKnownFileType = sourcecode.c.objc; path = "UIAlertView+LBXAlertAction.m"; sourceTree = "<group>"; };
		58D7E89C2738CD9D007241B1 /* UIAlertController+supportedInterfaceOrientations.m */ = {isa = PBXFileReference; lastKnownFileType = sourcecode.c.objc; path = "UIAlertController+supportedInterfaceOrientations.m"; sourceTree = "<group>"; };
		58D7E89D2738CD9D007241B1 /* UIWindow+LBXHierarchy.h */ = {isa = PBXFileReference; lastKnownFileType = sourcecode.c.h; path = "UIWindow+LBXHierarchy.h"; sourceTree = "<group>"; };
		58D7E89E2738CD9D007241B1 /* DIYScanViewController.m */ = {isa = PBXFileReference; lastKnownFileType = sourcecode.c.objc; path = DIYScanViewController.m; sourceTree = "<group>"; };
		58D7E8A02738CD9D007241B1 /* UIImageView+CornerRadius.h */ = {isa = PBXFileReference; lastKnownFileType = sourcecode.c.h; path = "UIImageView+CornerRadius.h"; sourceTree = "<group>"; };
		58D7E8A12738CD9D007241B1 /* UIImageView+CornerRadius.m */ = {isa = PBXFileReference; lastKnownFileType = sourcecode.c.objc; path = "UIImageView+CornerRadius.m"; sourceTree = "<group>"; };
		58D7E8A22738CD9D007241B1 /* CreateBarCodeViewController.m */ = {isa = PBXFileReference; lastKnownFileType = sourcecode.c.objc; path = CreateBarCodeViewController.m; sourceTree = "<group>"; };
		58D7E8A32738CD9D007241B1 /* QQLBXScanViewController.m */ = {isa = PBXFileReference; lastKnownFileType = sourcecode.c.objc; path = QQLBXScanViewController.m; sourceTree = "<group>"; };
		58D7E8A42738CD9D007241B1 /* LBXScanTypes.h */ = {isa = PBXFileReference; lastKnownFileType = sourcecode.c.h; path = LBXScanTypes.h; sourceTree = "<group>"; };
		58D7E8A52738CD9D007241B1 /* StyleDIY.h */ = {isa = PBXFileReference; lastKnownFileType = sourcecode.c.h; path = StyleDIY.h; sourceTree = "<group>"; };
		58D7E8A72738CD9D007241B1 /* LBXScanNative.h */ = {isa = PBXFileReference; lastKnownFileType = sourcecode.c.h; path = LBXScanNative.h; sourceTree = "<group>"; };
		58D7E8A82738CD9D007241B1 /* LBXScanNative.m */ = {isa = PBXFileReference; lastKnownFileType = sourcecode.c.objc; path = LBXScanNative.m; sourceTree = "<group>"; };
		58D7E8AA2738CD9D007241B1 /* LBXPermission.h */ = {isa = PBXFileReference; lastKnownFileType = sourcecode.c.h; path = LBXPermission.h; sourceTree = "<group>"; };
		58D7E8AB2738CD9D007241B1 /* LBXPermissionCamera.h */ = {isa = PBXFileReference; lastKnownFileType = sourcecode.c.h; path = LBXPermissionCamera.h; sourceTree = "<group>"; };
		58D7E8AC2738CD9D007241B1 /* LBXPermissionSetting.m */ = {isa = PBXFileReference; lastKnownFileType = sourcecode.c.objc; path = LBXPermissionSetting.m; sourceTree = "<group>"; };
		58D7E8AD2738CD9D007241B1 /* LBXPermissionPhotos.m */ = {isa = PBXFileReference; lastKnownFileType = sourcecode.c.objc; path = LBXPermissionPhotos.m; sourceTree = "<group>"; };
		58D7E8AE2738CD9D007241B1 /* LBXPermissionCamera.m */ = {isa = PBXFileReference; lastKnownFileType = sourcecode.c.objc; path = LBXPermissionCamera.m; sourceTree = "<group>"; };
		58D7E8AF2738CD9D007241B1 /* LBXPermission.m */ = {isa = PBXFileReference; lastKnownFileType = sourcecode.c.objc; path = LBXPermission.m; sourceTree = "<group>"; };
		58D7E8B02738CD9D007241B1 /* LBXPermissionPhotos.h */ = {isa = PBXFileReference; lastKnownFileType = sourcecode.c.h; path = LBXPermissionPhotos.h; sourceTree = "<group>"; };
		58D7E8B12738CD9D007241B1 /* LBXPermissionSetting.h */ = {isa = PBXFileReference; lastKnownFileType = sourcecode.c.h; path = LBXPermissionSetting.h; sourceTree = "<group>"; };
		58D7E8B22738CD9D007241B1 /* DIYScanViewController.h */ = {isa = PBXFileReference; lastKnownFileType = sourcecode.c.h; path = DIYScanViewController.h; sourceTree = "<group>"; };
		58D7E8B32738CD9D007241B1 /* en */ = {isa = PBXFileReference; lastKnownFileType = text.plist.strings; name = en; path = en.lproj/InfoPlist.strings; sourceTree = "<group>"; };
		58D7E8B42738CD9D007241B1 /* AppDelegate.h */ = {isa = PBXFileReference; lastKnownFileType = sourcecode.c.h; path = AppDelegate.h; sourceTree = "<group>"; };
		58D7E8B62738CD9E007241B1 /* DiscoverViewController.h */ = {isa = PBXFileReference; lastKnownFileType = sourcecode.c.h; path = DiscoverViewController.h; sourceTree = "<group>"; };
		58D7E8B72738CD9E007241B1 /* DiscoverMomentsTableViewCell.h */ = {isa = PBXFileReference; lastKnownFileType = sourcecode.c.h; path = DiscoverMomentsTableViewCell.h; sourceTree = "<group>"; };
		58D7E8B82738CD9E007241B1 /* DiscoverViewController.m */ = {isa = PBXFileReference; lastKnownFileType = sourcecode.c.objc; path = DiscoverViewController.m; sourceTree = "<group>"; };
		58D7E8BA2738CD9E007241B1 /* ChatroomItemCell.h */ = {isa = PBXFileReference; lastKnownFileType = sourcecode.c.h; path = ChatroomItemCell.h; sourceTree = "<group>"; };
		58D7E8BB2738CD9E007241B1 /* ChatroomListViewController.m */ = {isa = PBXFileReference; lastKnownFileType = sourcecode.c.objc; path = ChatroomListViewController.m; sourceTree = "<group>"; };
		58D7E8BC2738CD9E007241B1 /* ChatroomItemCell.m */ = {isa = PBXFileReference; lastKnownFileType = sourcecode.c.objc; path = ChatroomItemCell.m; sourceTree = "<group>"; };
		58D7E8BD2738CD9E007241B1 /* ChatroomListViewController.h */ = {isa = PBXFileReference; lastKnownFileType = sourcecode.c.h; path = ChatroomListViewController.h; sourceTree = "<group>"; };
		58D7E8BE2738CD9E007241B1 /* DiscoverMomentsTableViewCell.m */ = {isa = PBXFileReference; lastKnownFileType = sourcecode.c.objc; path = DiscoverMomentsTableViewCell.m; sourceTree = "<group>"; };
		58D7E8C02738CD9E007241B1 /* WFMomentUIKit.framework */ = {isa = PBXFileReference; lastKnownFileType = wrapper.framework; path = WFMomentUIKit.framework; sourceTree = "<group>"; };
		58D7E8C12738CD9E007241B1 /* WFMomentClient.framework */ = {isa = PBXFileReference; lastKnownFileType = wrapper.framework; path = WFMomentClient.framework; sourceTree = "<group>"; };
		58D7E8C22738CD9E007241B1 /* Bugly.framework */ = {isa = PBXFileReference; lastKnownFileType = wrapper.framework; path = Bugly.framework; sourceTree = "<group>"; };
		58D7E8C42738CD9E007241B1 /* WFCPrivacyViewController.m */ = {isa = PBXFileReference; lastKnownFileType = sourcecode.c.objc; path = WFCPrivacyViewController.m; sourceTree = "<group>"; };
		58D7E8C62738CD9E007241B1 /* Archive.zip */ = {isa = PBXFileReference; lastKnownFileType = archive.zip; path = Archive.zip; sourceTree = "<group>"; };
		58D7E8C72738CD9E007241B1 /* WFCPrivacyViewController.h */ = {isa = PBXFileReference; lastKnownFileType = sourcecode.c.h; path = WFCPrivacyViewController.h; sourceTree = "<group>"; };
		58D7E8C92738CD9E007241B1 /* UILabel+YBAttributeTextTapAction.h */ = {isa = PBXFileReference; lastKnownFileType = sourcecode.c.h; path = "UILabel+YBAttributeTextTapAction.h"; sourceTree = "<group>"; };
		58D7E8CA2738CD9E007241B1 /* UILabel+YBAttributeTextTapAction.m */ = {isa = PBXFileReference; lastKnownFileType = sourcecode.c.objc; path = "UILabel+YBAttributeTextTapAction.m"; sourceTree = "<group>"; };
		58D7E8CC2738CD9E007241B1 /* UIImage+ERCategory.h */ = {isa = PBXFileReference; lastKnownFileType = sourcecode.c.h; path = "UIImage+ERCategory.h"; sourceTree = "<group>"; };
		58D7E8CD2738CD9E007241B1 /* UIFont+YH.m */ = {isa = PBXFileReference; lastKnownFileType = sourcecode.c.objc; path = "UIFont+YH.m"; sourceTree = "<group>"; };
		58D7E8CE2738CD9E007241B1 /* UIColor+YH.m */ = {isa = PBXFileReference; lastKnownFileType = sourcecode.c.objc; path = "UIColor+YH.m"; sourceTree = "<group>"; };
		58D7E8CF2738CD9E007241B1 /* UIImage+ERCategory.m */ = {isa = PBXFileReference; lastKnownFileType = sourcecode.c.objc; path = "UIImage+ERCategory.m"; sourceTree = "<group>"; };
		58D7E8D02738CD9E007241B1 /* UIColor+YH.h */ = {isa = PBXFileReference; lastKnownFileType = sourcecode.c.h; path = "UIColor+YH.h"; sourceTree = "<group>"; };
		58D7E8D12738CD9E007241B1 /* UIFont+YH.h */ = {isa = PBXFileReference; lastKnownFileType = sourcecode.c.h; path = "UIFont+YH.h"; sourceTree = "<group>"; };
		58D7E8D32738CD9E007241B1 /* AppService.h */ = {isa = PBXFileReference; lastKnownFileType = sourcecode.c.h; path = AppService.h; sourceTree = "<group>"; };
		58D7E8D42738CD9E007241B1 /* AppService.m */ = {isa = PBXFileReference; lastKnownFileType = sourcecode.c.objc; path = AppService.m; sourceTree = "<group>"; };
		58D7E8D52738CD9E007241B1 /* ring.mp3 */ = {isa = PBXFileReference; lastKnownFileType = audio.mp3; path = ring.mp3; sourceTree = "<group>"; };
		58D7E8D62738CD9E007241B1 /* Assets.xcassets */ = {isa = PBXFileReference; lastKnownFileType = folder.assetcatalog; path = Assets.xcassets; sourceTree = "<group>"; };
		58D7E8D72738CD9E007241B1 /* Album.xcassets */ = {isa = PBXFileReference; lastKnownFileType = folder.assetcatalog; path = Album.xcassets; sourceTree = "<group>"; };
		58D7E8D82738CD9E007241B1 /* WFCConfig.h */ = {isa = PBXFileReference; lastKnownFileType = sourcecode.c.h; path = WFCConfig.h; sourceTree = "<group>"; };
		58D7E8DA2738CD9E007241B1 /* WFCFavoriteTableViewController.h */ = {isa = PBXFileReference; lastKnownFileType = sourcecode.c.h; path = WFCFavoriteTableViewController.h; sourceTree = "<group>"; };
		58D7E8DC2738CD9E007241B1 /* WFCFavoriteFileCell.h */ = {isa = PBXFileReference; lastKnownFileType = sourcecode.c.h; path = WFCFavoriteFileCell.h; sourceTree = "<group>"; };
		58D7E8DD2738CD9E007241B1 /* WFCFavoriteImageCell.h */ = {isa = PBXFileReference; lastKnownFileType = sourcecode.c.h; path = WFCFavoriteImageCell.h; sourceTree = "<group>"; };
		58D7E8DE2738CD9E007241B1 /* WFCFavoriteCompositeCell.h */ = {isa = PBXFileReference; lastKnownFileType = sourcecode.c.h; path = WFCFavoriteCompositeCell.h; sourceTree = "<group>"; };
		58D7E8DF2738CD9E007241B1 /* WFCFavoriteUnknownCell.h */ = {isa = PBXFileReference; lastKnownFileType = sourcecode.c.h; path = WFCFavoriteUnknownCell.h; sourceTree = "<group>"; };
		58D7E8E02738CD9E007241B1 /* WFCFavoriteSoundCell.m */ = {isa = PBXFileReference; lastKnownFileType = sourcecode.c.objc; path = WFCFavoriteSoundCell.m; sourceTree = "<group>"; };
		58D7E8E12738CD9E007241B1 /* WFCFavoriteVideoCell.m */ = {isa = PBXFileReference; lastKnownFileType = sourcecode.c.objc; path = WFCFavoriteVideoCell.m; sourceTree = "<group>"; };
		58D7E8E22738CD9E007241B1 /* WFCFavoriteBaseCell.h */ = {isa = PBXFileReference; lastKnownFileType = sourcecode.c.h; path = WFCFavoriteBaseCell.h; sourceTree = "<group>"; };
		58D7E8E32738CD9E007241B1 /* WFCFavoriteLinkCell.m */ = {isa = PBXFileReference; lastKnownFileType = sourcecode.c.objc; path = WFCFavoriteLinkCell.m; sourceTree = "<group>"; };
		58D7E8E42738CD9E007241B1 /* WFCFavoriteLocationCell.m */ = {isa = PBXFileReference; lastKnownFileType = sourcecode.c.objc; path = WFCFavoriteLocationCell.m; sourceTree = "<group>"; };
		58D7E8E52738CD9E007241B1 /* WFCFavoriteTextCell.h */ = {isa = PBXFileReference; lastKnownFileType = sourcecode.c.h; path = WFCFavoriteTextCell.h; sourceTree = "<group>"; };
		58D7E8E62738CD9E007241B1 /* WFCFavoriteUnknownCell.m */ = {isa = PBXFileReference; lastKnownFileType = sourcecode.c.objc; path = WFCFavoriteUnknownCell.m; sourceTree = "<group>"; };
		58D7E8E72738CD9E007241B1 /* WFCFavoriteCompositeCell.m */ = {isa = PBXFileReference; lastKnownFileType = sourcecode.c.objc; path = WFCFavoriteCompositeCell.m; sourceTree = "<group>"; };
		58D7E8E82738CD9E007241B1 /* WFCFavoriteImageCell.m */ = {isa = PBXFileReference; lastKnownFileType = sourcecode.c.objc; path = WFCFavoriteImageCell.m; sourceTree = "<group>"; };
		58D7E8E92738CD9E007241B1 /* WFCFavoriteFileCell.m */ = {isa = PBXFileReference; lastKnownFileType = sourcecode.c.objc; path = WFCFavoriteFileCell.m; sourceTree = "<group>"; };
		58D7E8EA2738CD9E007241B1 /* WFCFavoriteBaseCell.m */ = {isa = PBXFileReference; lastKnownFileType = sourcecode.c.objc; path = WFCFavoriteBaseCell.m; sourceTree = "<group>"; };
		58D7E8EB2738CD9E007241B1 /* WFCFavoriteSoundCell.h */ = {isa = PBXFileReference; lastKnownFileType = sourcecode.c.h; path = WFCFavoriteSoundCell.h; sourceTree = "<group>"; };
		58D7E8EC2738CD9E007241B1 /* WFCFavoriteVideoCell.h */ = {isa = PBXFileReference; lastKnownFileType = sourcecode.c.h; path = WFCFavoriteVideoCell.h; sourceTree = "<group>"; };
		58D7E8ED2738CD9E007241B1 /* WFCFavoriteLinkCell.h */ = {isa = PBXFileReference; lastKnownFileType = sourcecode.c.h; path = WFCFavoriteLinkCell.h; sourceTree = "<group>"; };
		58D7E8EE2738CD9E007241B1 /* WFCFavoriteTextCell.m */ = {isa = PBXFileReference; lastKnownFileType = sourcecode.c.objc; path = WFCFavoriteTextCell.m; sourceTree = "<group>"; };
		58D7E8EF2738CD9E007241B1 /* WFCFavoriteLocationCell.h */ = {isa = PBXFileReference; lastKnownFileType = sourcecode.c.h; path = WFCFavoriteLocationCell.h; sourceTree = "<group>"; };
		58D7E8F02738CD9E007241B1 /* WFCFavoriteTableViewController.m */ = {isa = PBXFileReference; lastKnownFileType = sourcecode.c.objc; path = WFCFavoriteTableViewController.m; sourceTree = "<group>"; };
		58D7E8F12738CD9E007241B1 /* foreman.mp4 */ = {isa = PBXFileReference; lastKnownFileType = file; path = foreman.mp4; sourceTree = "<group>"; };
		58D7E8F32738CD9E007241B1 /* Base */ = {isa = PBXFileReference; lastKnownFileType = file.storyboard; name = Base; path = Base.lproj/LaunchScreen.storyboard; sourceTree = "<group>"; };
		58D7E8F52738CD9E007241B1 /* Base */ = {isa = PBXFileReference; lastKnownFileType = file.storyboard; name = Base; path = Base.lproj/Main.storyboard; sourceTree = "<group>"; };
		58D7E8F62738CD9E007241B1 /* WFChat-Prefix-Header.pch */ = {isa = PBXFileReference; lastKnownFileType = sourcecode.c.h; path = "WFChat-Prefix-Header.pch"; sourceTree = "<group>"; };
		58D7E8F82738CD9F007241B1 /* PCSessionViewController.h */ = {isa = PBXFileReference; lastKnownFileType = sourcecode.c.h; path = PCSessionViewController.h; sourceTree = "<group>"; };
		58D7E8F92738CD9F007241B1 /* PCLoginConfirmViewController.h */ = {isa = PBXFileReference; lastKnownFileType = sourcecode.c.h; path = PCLoginConfirmViewController.h; sourceTree = "<group>"; };
		58D7E8FA2738CD9F007241B1 /* WFCBaseTabBarController.h */ = {isa = PBXFileReference; lastKnownFileType = sourcecode.c.h; path = WFCBaseTabBarController.h; sourceTree = "<group>"; };
		58D7E8FB2738CD9F007241B1 /* PCSessionViewController.m */ = {isa = PBXFileReference; lastKnownFileType = sourcecode.c.objc; path = PCSessionViewController.m; sourceTree = "<group>"; };
		58D7E8FC2738CD9F007241B1 /* PCLoginConfirmViewController.m */ = {isa = PBXFileReference; lastKnownFileType = sourcecode.c.objc; path = PCLoginConfirmViewController.m; sourceTree = "<group>"; };
		58D7E8FD2738CD9F007241B1 /* WFCBaseTabBarController.m */ = {isa = PBXFileReference; lastKnownFileType = sourcecode.c.objc; path = WFCBaseTabBarController.m; sourceTree = "<group>"; };
		58D7E8FE2738CD9F007241B1 /* main.m */ = {isa = PBXFileReference; lastKnownFileType = sourcecode.c.objc; path = main.m; sourceTree = "<group>"; };
		58D7E9002738CD9F007241B1 /* WFCPrivacyTableViewController.h */ = {isa = PBXFileReference; lastKnownFileType = sourcecode.c.h; path = WFCPrivacyTableViewController.h; sourceTree = "<group>"; };
		58D7E9012738CD9F007241B1 /* WFCSettingTableViewController.h */ = {isa = PBXFileReference; lastKnownFileType = sourcecode.c.h; path = WFCSettingTableViewController.h; sourceTree = "<group>"; };
		58D7E9022738CD9F007241B1 /* WFCAboutViewController.h */ = {isa = PBXFileReference; lastKnownFileType = sourcecode.c.h; path = WFCAboutViewController.h; sourceTree = "<group>"; };
		58D7E9032738CD9F007241B1 /* WFCSecurityTableViewController.m */ = {isa = PBXFileReference; lastKnownFileType = sourcecode.c.objc; path = WFCSecurityTableViewController.m; sourceTree = "<group>"; };
		58D7E9042738CD9F007241B1 /* WFCDiagnoseViewController.m */ = {isa = PBXFileReference; lastKnownFileType = sourcecode.c.objc; path = WFCDiagnoseViewController.m; sourceTree = "<group>"; };
		58D7E9052738CD9F007241B1 /* WFCMeTableViewController.h */ = {isa = PBXFileReference; lastKnownFileType = sourcecode.c.h; path = WFCMeTableViewController.h; sourceTree = "<group>"; };
		58D7E9062738CD9F007241B1 /* WFCThemeTableViewController.h */ = {isa = PBXFileReference; lastKnownFileType = sourcecode.c.h; path = WFCThemeTableViewController.h; sourceTree = "<group>"; };
		58D7E9072738CD9F007241B1 /* WFCThemeTableViewCell.h */ = {isa = PBXFileReference; lastKnownFileType = sourcecode.c.h; path = WFCThemeTableViewCell.h; sourceTree = "<group>"; };
		58D7E9082738CD9F007241B1 /* WFCMeTableViewHeaderViewCell.m */ = {isa = PBXFileReference; lastKnownFileType = sourcecode.c.objc; path = WFCMeTableViewHeaderViewCell.m; sourceTree = "<group>"; };
		58D7E9092738CD9F007241B1 /* WFCAboutViewController.m */ = {isa = PBXFileReference; lastKnownFileType = sourcecode.c.objc; path = WFCAboutViewController.m; sourceTree = "<group>"; };
		58D7E90A2738CD9F007241B1 /* WFCSettingTableViewController.m */ = {isa = PBXFileReference; lastKnownFileType = sourcecode.c.objc; path = WFCSettingTableViewController.m; sourceTree = "<group>"; };
		58D7E90B2738CD9F007241B1 /* WFCPrivacyTableViewController.m */ = {isa = PBXFileReference; lastKnownFileType = sourcecode.c.objc; path = WFCPrivacyTableViewController.m; sourceTree = "<group>"; };
		58D7E90C2738CD9F007241B1 /* WFCThemeTableViewCell.m */ = {isa = PBXFileReference; lastKnownFileType = sourcecode.c.objc; path = WFCThemeTableViewCell.m; sourceTree = "<group>"; };
		58D7E90D2738CD9F007241B1 /* WFCThemeTableViewController.m */ = {isa = PBXFileReference; lastKnownFileType = sourcecode.c.objc; path = WFCThemeTableViewController.m; sourceTree = "<group>"; };
		58D7E90E2738CD9F007241B1 /* WFCMeTableViewController.m */ = {isa = PBXFileReference; lastKnownFileType = sourcecode.c.objc; path = WFCMeTableViewController.m; sourceTree = "<group>"; };
		58D7E90F2738CD9F007241B1 /* WFCDiagnoseViewController.h */ = {isa = PBXFileReference; lastKnownFileType = sourcecode.c.h; path = WFCDiagnoseViewController.h; sourceTree = "<group>"; };
		58D7E9102738CD9F007241B1 /* WFCSecurityTableViewController.h */ = {isa = PBXFileReference; lastKnownFileType = sourcecode.c.h; path = WFCSecurityTableViewController.h; sourceTree = "<group>"; };
		58D7E9112738CD9F007241B1 /* WFCMeTableViewHeaderViewCell.h */ = {isa = PBXFileReference; lastKnownFileType = sourcecode.c.h; path = WFCMeTableViewHeaderViewCell.h; sourceTree = "<group>"; };
		58D7E9132738CD9F007241B1 /* WFPttChannelListViewController.h */ = {isa = PBXFileReference; lastKnownFileType = sourcecode.c.h; path = WFPttChannelListViewController.h; sourceTree = "<group>"; };
		58D7E9142738CD9F007241B1 /* WFPttCreateChannelViewController.h */ = {isa = PBXFileReference; lastKnownFileType = sourcecode.c.h; path = WFPttCreateChannelViewController.h; sourceTree = "<group>"; };
		58D7E9152738CD9F007241B1 /* WFPttJoinChannelViewController.m */ = {isa = PBXFileReference; lastKnownFileType = sourcecode.c.objc; path = WFPttJoinChannelViewController.m; sourceTree = "<group>"; };
		58D7E9162738CD9F007241B1 /* WFPttChannelListViewController.m */ = {isa = PBXFileReference; lastKnownFileType = sourcecode.c.objc; path = WFPttChannelListViewController.m; sourceTree = "<group>"; };
		58D7E9172738CD9F007241B1 /* WFPttCreateChannelViewController.m */ = {isa = PBXFileReference; lastKnownFileType = sourcecode.c.objc; path = WFPttCreateChannelViewController.m; sourceTree = "<group>"; };
		58D7E9182738CD9F007241B1 /* WFPttJoinChannelViewController.h */ = {isa = PBXFileReference; lastKnownFileType = sourcecode.c.h; path = WFPttJoinChannelViewController.h; sourceTree = "<group>"; };
		58D7E9192738CD9F007241B1 /* ptt_end.m4a */ = {isa = PBXFileReference; lastKnownFileType = file; path = ptt_end.m4a; sourceTree = "<group>"; };
		58D7E91A2738CD9F007241B1 /* AppDelegate.m */ = {isa = PBXFileReference; lastKnownFileType = sourcecode.c.objc; path = AppDelegate.m; sourceTree = "<group>"; };
		58D7E91C2738CD9F007241B1 /* Device.h */ = {isa = PBXFileReference; lastKnownFileType = sourcecode.c.h; path = Device.h; sourceTree = "<group>"; };
		58D7E91D2738CD9F007241B1 /* DeviceTableViewController.h */ = {isa = PBXFileReference; lastKnownFileType = sourcecode.c.h; path = DeviceTableViewController.h; sourceTree = "<group>"; };
		58D7E91E2738CD9F007241B1 /* CreateDeviceViewController.m */ = {isa = PBXFileReference; lastKnownFileType = sourcecode.c.objc; path = CreateDeviceViewController.m; sourceTree = "<group>"; };
		58D7E91F2738CD9F007241B1 /* DeviceInfoViewController.m */ = {isa = PBXFileReference; lastKnownFileType = sourcecode.c.objc; path = DeviceInfoViewController.m; sourceTree = "<group>"; };
		58D7E9202738CD9F007241B1 /* DeviceViewController.m */ = {isa = PBXFileReference; lastKnownFileType = sourcecode.c.objc; path = DeviceViewController.m; sourceTree = "<group>"; };
		58D7E9212738CD9F007241B1 /* DeviceTableViewController.m */ = {isa = PBXFileReference; lastKnownFileType = sourcecode.c.objc; path = DeviceTableViewController.m; sourceTree = "<group>"; };
		58D7E9222738CD9F007241B1 /* Device.m */ = {isa = PBXFileReference; lastKnownFileType = sourcecode.c.objc; path = Device.m; sourceTree = "<group>"; };
		58D7E9232738CD9F007241B1 /* DeviceInfoViewController.h */ = {isa = PBXFileReference; lastKnownFileType = sourcecode.c.h; path = DeviceInfoViewController.h; sourceTree = "<group>"; };
		58D7E9242738CD9F007241B1 /* CreateDeviceViewController.h */ = {isa = PBXFileReference; lastKnownFileType = sourcecode.c.h; path = CreateDeviceViewController.h; sourceTree = "<group>"; };
		58D7E9252738CD9F007241B1 /* DeviceViewController.h */ = {isa = PBXFileReference; lastKnownFileType = sourcecode.c.h; path = DeviceViewController.h; sourceTree = "<group>"; };
		58D7E9272738CD9F007241B1 /* SDWebImage.framework */ = {isa = PBXFileReference; lastKnownFileType = wrapper.framework; path = SDWebImage.framework; sourceTree = "<group>"; };
		58D7E9282738CD9F007241B1 /* ring.caf */ = {isa = PBXFileReference; lastKnownFileType = file; path = ring.caf; sourceTree = "<group>"; };
		58D7E9292738CD9F007241B1 /* WildFireChat.entitlements */ = {isa = PBXFileReference; lastKnownFileType = text.plist.entitlements; path = WildFireChat.entitlements; sourceTree = "<group>"; };
		58D7E92B2738CD9F007241B1 /* WFCLoginViewController.h */ = {isa = PBXFileReference; lastKnownFileType = sourcecode.c.h; path = WFCLoginViewController.h; sourceTree = "<group>"; };
		58D7E92C2738CD9F007241B1 /* WFCLoginViewController.m */ = {isa = PBXFileReference; lastKnownFileType = sourcecode.c.objc; path = WFCLoginViewController.m; sourceTree = "<group>"; };
		58D7E92D2738CD9F007241B1 /* Info.plist */ = {isa = PBXFileReference; lastKnownFileType = text.plist.xml; path = Info.plist; sourceTree = "<group>"; };
		58D7E92E2738CD9F007241B1 /* ptt_begin.m4a */ = {isa = PBXFileReference; lastKnownFileType = file; path = ptt_begin.m4a; sourceTree = "<group>"; };
		58D7E92F2738CD9F007241B1 /* WFCConfig.m */ = {isa = PBXFileReference; lastKnownFileType = sourcecode.c.objc; path = WFCConfig.m; sourceTree = "<group>"; };
		58D7E9312738CFDA007241B1 /* ModuleImport.swift */ = {isa = PBXFileReference; fileEncoding = 4; lastKnownFileType = sourcecode.swift; path = ModuleImport.swift; sourceTree = "<group>"; };
		58D7E9322738CFDA007241B1 /* AppModule.swift */ = {isa = PBXFileReference; fileEncoding = 4; lastKnownFileType = sourcecode.swift; path = AppModule.swift; sourceTree = "<group>"; };
		58D7E9332738CFDA007241B1 /* Const.swift */ = {isa = PBXFileReference; fileEncoding = 4; lastKnownFileType = sourcecode.swift; path = Const.swift; sourceTree = "<group>"; };
		58D7E9342738CFDA007241B1 /* vvmodule.plist */ = {isa = PBXFileReference; fileEncoding = 4; lastKnownFileType = text.plist.xml; path = vvmodule.plist; sourceTree = "<group>"; };
		929F523037408795EE0A6B3D /* Pods_YunZaiApp.framework */ = {isa = PBXFileReference; explicitFileType = wrapper.framework; includeInIndex = 0; path = Pods_YunZaiApp.framework; sourceTree = BUILT_PRODUCTS_DIR; };
/* End PBXFileReference section */

/* Begin PBXFrameworksBuildPhase section */
		5877D5922735384800C65732 /* Frameworks */ = {
			isa = PBXFrameworksBuildPhase;
			buildActionMask = 2147483647;
			files = (
				58D7E8702738C8C8007241B1 /* UserNotificationsUI.framework in Frameworks */,
				58D7E8712738C8C8007241B1 /* UserNotifications.framework in Frameworks */,
				58D7E86D2738C8BD007241B1 /* AudioToolbox.framework in Frameworks */,
				58D7E86B2738C8B1007241B1 /* CoreTelephony.framework in Frameworks */,
				58D7E8692738C8A5007241B1 /* PushKit.framework in Frameworks */,
				58D7E8672738C89E007241B1 /* SystemConfiguration.framework in Frameworks */,
				58D7E8652738C88F007241B1 /* Security.framework in Frameworks */,
				58D7E8632738C884007241B1 /* libz.tbd in Frameworks */,
				58D7E8612738C817007241B1 /* CallKit.framework in Frameworks */,
				58D7E85F2738C809007241B1 /* libc++.tbd in Frameworks */,
				DDD5001D45D0261FD89AA491 /* Pods_YunZaiApp.framework in Frameworks */,
			);
			runOnlyForDeploymentPostprocessing = 0;
		};
/* End PBXFrameworksBuildPhase section */

/* Begin PBXGroup section */
		5877D58C2735384800C65732 = {
			isa = PBXGroup;
			children = (
				589917082736874900D43D9C /* Classes */,
				5877D5972735384800C65732 /* YunZaiApp */,
				5877D5962735384800C65732 /* Products */,
				9E7C162412D7A0A1B4E22C5A /* Pods */,
				E0379CA16E6A834CAA768E48 /* Frameworks */,
			);
			sourceTree = "<group>";
		};
		5877D5962735384800C65732 /* Products */ = {
			isa = PBXGroup;
			children = (
				5877D5952735384800C65732 /* YunZaiApp.app */,
			);
			name = Products;
			sourceTree = "<group>";
		};
		5877D5972735384800C65732 /* YunZaiApp */ = {
			isa = PBXGroup;
			children = (
				5877D5982735384800C65732 /* AppDelegate.swift */,
				589917102736884C00D43D9C /* AppDelegate+Config.swift */,
				5877D59C2735384800C65732 /* ViewController.swift */,
				5877D59E2735384800C65732 /* Main.storyboard */,
				5877D5A12735384B00C65732 /* Assets.xcassets */,
				5877D5A32735384B00C65732 /* LaunchScreen.storyboard */,
				5877D5A62735384B00C65732 /* Info.plist */,
				5899171827368F7C00D43D9C /* InfoPlist.strings */,
				5899171E27368FB300D43D9C /* Localizable.strings */,
			);
			path = YunZaiApp;
			sourceTree = "<group>";
		};
		589917082736874900D43D9C /* Classes */ = {
			isa = PBXGroup;
			children = (
				58D7E9302738CFDA007241B1 /* Config */,
				58D7E8782738CD9D007241B1 /* WildFireChat */,
				58D7E8772738CD7E007241B1 /* Frameworks */,
				58D7E8252738C6B8007241B1 /* ShareExtension */,
				58D7E8242738C144007241B1 /* WFChat-Prefix-Header.pch */,
				587122D72738BA1C00FC296E /* YunZaiApp-Bridging-Header.h */,
			);
			path = Classes;
			sourceTree = "<group>";
		};
		58D7E8252738C6B8007241B1 /* ShareExtension */ = {
			isa = PBXGroup;
			children = (
				58D7E8262738C6B8007241B1 /* ShareAppService.h */,
				58D7E8272738C6B8007241B1 /* Shares.xcassets */,
				58D7E8282738C6B8007241B1 /* ConversationCell.h */,
				58D7E8292738C6B8007241B1 /* ShareUtility.m */,
				58D7E82A2738C6B8007241B1 /* ShareViewController.m */,
				58D7E82B2738C6B8007241B1 /* MainInterface.storyboard */,
				58D7E82D2738C6B8007241B1 /* ConversationListViewController.h */,
				58D7E82E2738C6B8007241B1 /* ShareAppService.m */,
				58D7E82F2738C6B8007241B1 /* ConversationCell.m */,
				58D7E8302738C6B8007241B1 /* ConversationListViewController.m */,
				58D7E8312738C6B8007241B1 /* ShareViewController.h */,
				58D7E8322738C6B8007241B1 /* Info.plist */,
				58D7E8332738C6B8007241B1 /* ShareExtension.entitlements */,
				58D7E8342738C6B8007241B1 /* ShareUtility.h */,
				58D7E8352738C6B8007241B1 /* Vendor */,
			);
			name = ShareExtension;
			path = wfchat/ShareExtension;
			sourceTree = SOURCE_ROOT;
		};
		58D7E8352738C6B8007241B1 /* Vendor */ = {
			isa = PBXGroup;
			children = (
				58D7E8362738C6B8007241B1 /* AFNetworking */,
				58D7E8442738C6B8007241B1 /* MBProgressHUD */,
			);
			path = Vendor;
			sourceTree = "<group>";
		};
		58D7E8362738C6B8007241B1 /* AFNetworking */ = {
			isa = PBXGroup;
			children = (
				58D7E8372738C6B8007241B1 /* AFSecurityPolicy.h */,
				58D7E8382738C6B8007241B1 /* AFNetworkReachabilityManager.h */,
				58D7E8392738C6B8007241B1 /* AFURLSessionManager.h */,
				58D7E83A2738C6B8007241B1 /* AFURLRequestSerialization.h */,
				58D7E83B2738C6B8007241B1 /* AFURLResponseSerialization.m */,
				58D7E83C2738C6B8007241B1 /* AFHTTPSessionManager.m */,
				58D7E83D2738C6B8007241B1 /* AFURLResponseSerialization.h */,
				58D7E83E2738C6B8007241B1 /* AFURLSessionManager.m */,
				58D7E83F2738C6B8007241B1 /* AFURLRequestSerialization.m */,
				58D7E8402738C6B8007241B1 /* AFNetworking.h */,
				58D7E8412738C6B8007241B1 /* AFNetworkReachabilityManager.m */,
				58D7E8422738C6B8007241B1 /* AFSecurityPolicy.m */,
				58D7E8432738C6B8007241B1 /* AFHTTPSessionManager.h */,
			);
			path = AFNetworking;
			sourceTree = "<group>";
		};
		58D7E8442738C6B8007241B1 /* MBProgressHUD */ = {
			isa = PBXGroup;
			children = (
				58D7E8452738C6B8007241B1 /* MBProgressHUD.m */,
				58D7E8462738C6B8007241B1 /* MBProgressHUD.h */,
			);
			path = MBProgressHUD;
			sourceTree = "<group>";
		};
		58D7E8772738CD7E007241B1 /* Frameworks */ = {
			isa = PBXGroup;
			children = (
			);
			name = Frameworks;
			path = wfchat/Frameworks;
			sourceTree = SOURCE_ROOT;
		};
		58D7E8782738CD9D007241B1 /* WildFireChat */ = {
			isa = PBXGroup;
			children = (
				58D7E8792738CD9D007241B1 /* ShareExtension */,
				58D7E87D2738CD9D007241B1 /* InfoPlist.strings */,
				58D7E87F2738CD9D007241B1 /* LBXScan */,
				58D7E8B42738CD9D007241B1 /* AppDelegate.h */,
				58D7E8B52738CD9D007241B1 /* Discover */,
				58D7E8BF2738CD9E007241B1 /* Moments */,
				58D7E8C22738CD9E007241B1 /* Bugly.framework */,
				58D7E8C32738CD9E007241B1 /* Privacy */,
				58D7E8C82738CD9E007241B1 /* YBAttributeTextTapAction */,
				58D7E8CB2738CD9E007241B1 /* Category */,
				58D7E8D22738CD9E007241B1 /* AppService */,
				58D7E8D52738CD9E007241B1 /* ring.mp3 */,
				58D7E8D62738CD9E007241B1 /* Assets.xcassets */,
				58D7E8D72738CD9E007241B1 /* Album.xcassets */,
				58D7E8D82738CD9E007241B1 /* WFCConfig.h */,
				58D7E8D92738CD9E007241B1 /* Favorite */,
				58D7E8F12738CD9E007241B1 /* foreman.mp4 */,
				58D7E8F22738CD9E007241B1 /* LaunchScreen.storyboard */,
				58D7E8F42738CD9E007241B1 /* Main.storyboard */,
				58D7E8F62738CD9E007241B1 /* WFChat-Prefix-Header.pch */,
				58D7E8F72738CD9E007241B1 /* Utilities */,
				58D7E8FE2738CD9F007241B1 /* main.m */,
				58D7E8FF2738CD9F007241B1 /* Me */,
				58D7E9122738CD9F007241B1 /* Ptt */,
				58D7E9192738CD9F007241B1 /* ptt_end.m4a */,
				58D7E91A2738CD9F007241B1 /* AppDelegate.m */,
				58D7E91B2738CD9F007241B1 /* Things */,
				58D7E9262738CD9F007241B1 /* SDWebImage */,
				58D7E9282738CD9F007241B1 /* ring.caf */,
				58D7E9292738CD9F007241B1 /* WildFireChat.entitlements */,
				58D7E92A2738CD9F007241B1 /* Login */,
				58D7E92D2738CD9F007241B1 /* Info.plist */,
				58D7E92E2738CD9F007241B1 /* ptt_begin.m4a */,
				58D7E92F2738CD9F007241B1 /* WFCConfig.m */,
			);
			name = WildFireChat;
			path = wfchat/WildFireChat;
			sourceTree = SOURCE_ROOT;
		};
		58D7E8792738CD9D007241B1 /* ShareExtension */ = {
			isa = PBXGroup;
			children = (
				58D7E87A2738CD9D007241B1 /* SharedConversation.m */,
				58D7E87B2738CD9D007241B1 /* SharePredefine.h */,
				58D7E87C2738CD9D007241B1 /* SharedConversation.h */,
			);
			path = ShareExtension;
			sourceTree = "<group>";
		};
		58D7E87F2738CD9D007241B1 /* LBXScan */ = {
			isa = PBXGroup;
			children = (
				58D7E8802738CD9D007241B1 /* QQLBXScanViewController.h */,
				58D7E8812738CD9D007241B1 /* UI */,
				58D7E88F2738CD9D007241B1 /* CreateBarCodeViewController.h */,
				58D7E8902738CD9D007241B1 /* StyleDIY.m */,
				58D7E8912738CD9D007241B1 /* LBXScanTypes.m */,
				58D7E8922738CD9D007241B1 /* LBXAlertAction */,
				58D7E89E2738CD9D007241B1 /* DIYScanViewController.m */,
				58D7E89F2738CD9D007241B1 /* CornerRadiusCategory */,
				58D7E8A22738CD9D007241B1 /* CreateBarCodeViewController.m */,
				58D7E8A32738CD9D007241B1 /* QQLBXScanViewController.m */,
				58D7E8A42738CD9D007241B1 /* LBXScanTypes.h */,
				58D7E8A52738CD9D007241B1 /* StyleDIY.h */,
				58D7E8A62738CD9D007241B1 /* LBXNative */,
				58D7E8A92738CD9D007241B1 /* LBXPermissions */,
				58D7E8B22738CD9D007241B1 /* DIYScanViewController.h */,
			);
			path = LBXScan;
			sourceTree = "<group>";
		};
		58D7E8812738CD9D007241B1 /* UI */ = {
			isa = PBXGroup;
			children = (
				58D7E8822738CD9D007241B1 /* CodeScan.bundle */,
				58D7E8832738CD9D007241B1 /* LBXScanView.h */,
				58D7E8842738CD9D007241B1 /* LBXScanNetAnimation.h */,
				58D7E8852738CD9D007241B1 /* LBXScanViewController.m */,
				58D7E8862738CD9D007241B1 /* LBXScanViewStyle.m */,
				58D7E8872738CD9D007241B1 /* LBXScanVideoZoomView.m */,
				58D7E8882738CD9D007241B1 /* LBXScanLineAnimation.m */,
				58D7E8892738CD9D007241B1 /* LBXScanView.m */,
				58D7E88A2738CD9D007241B1 /* LBXScanViewController.h */,
				58D7E88B2738CD9D007241B1 /* LBXScanNetAnimation.m */,
				58D7E88C2738CD9D007241B1 /* LBXScanLineAnimation.h */,
				58D7E88D2738CD9D007241B1 /* LBXScanVideoZoomView.h */,
				58D7E88E2738CD9D007241B1 /* LBXScanViewStyle.h */,
			);
			path = UI;
			sourceTree = "<group>";
		};
		58D7E8922738CD9D007241B1 /* LBXAlertAction */ = {
			isa = PBXGroup;
			children = (
				58D7E8932738CD9D007241B1 /* LBXAlertAction.m */,
				58D7E8942738CD9D007241B1 /* LBXAlertAction.h */,
				58D7E8952738CD9D007241B1 /* Class */,
			);
			path = LBXAlertAction;
			sourceTree = "<group>";
		};
		58D7E8952738CD9D007241B1 /* Class */ = {
			isa = PBXGroup;
			children = (
				58D7E8962738CD9D007241B1 /* UIActionSheet+LBXAlertAction.h */,
				58D7E8972738CD9D007241B1 /* UIAlertController+supportedInterfaceOrientations.h */,
				58D7E8982738CD9D007241B1 /* UIAlertView+LBXAlertAction.h */,
				58D7E8992738CD9D007241B1 /* UIWindow+LBXHierarchy.m */,
				58D7E89A2738CD9D007241B1 /* UIActionSheet+LBXAlertAction.m */,
				58D7E89B2738CD9D007241B1 /* UIAlertView+LBXAlertAction.m */,
				58D7E89C2738CD9D007241B1 /* UIAlertController+supportedInterfaceOrientations.m */,
				58D7E89D2738CD9D007241B1 /* UIWindow+LBXHierarchy.h */,
			);
			path = Class;
			sourceTree = "<group>";
		};
		58D7E89F2738CD9D007241B1 /* CornerRadiusCategory */ = {
			isa = PBXGroup;
			children = (
				58D7E8A02738CD9D007241B1 /* UIImageView+CornerRadius.h */,
				58D7E8A12738CD9D007241B1 /* UIImageView+CornerRadius.m */,
			);
			path = CornerRadiusCategory;
			sourceTree = "<group>";
		};
		58D7E8A62738CD9D007241B1 /* LBXNative */ = {
			isa = PBXGroup;
			children = (
				58D7E8A72738CD9D007241B1 /* LBXScanNative.h */,
				58D7E8A82738CD9D007241B1 /* LBXScanNative.m */,
			);
			path = LBXNative;
			sourceTree = "<group>";
		};
		58D7E8A92738CD9D007241B1 /* LBXPermissions */ = {
			isa = PBXGroup;
			children = (
				58D7E8AA2738CD9D007241B1 /* LBXPermission.h */,
				58D7E8AB2738CD9D007241B1 /* LBXPermissionCamera.h */,
				58D7E8AC2738CD9D007241B1 /* LBXPermissionSetting.m */,
				58D7E8AD2738CD9D007241B1 /* LBXPermissionPhotos.m */,
				58D7E8AE2738CD9D007241B1 /* LBXPermissionCamera.m */,
				58D7E8AF2738CD9D007241B1 /* LBXPermission.m */,
				58D7E8B02738CD9D007241B1 /* LBXPermissionPhotos.h */,
				58D7E8B12738CD9D007241B1 /* LBXPermissionSetting.h */,
			);
			path = LBXPermissions;
			sourceTree = "<group>";
		};
		58D7E8B52738CD9D007241B1 /* Discover */ = {
			isa = PBXGroup;
			children = (
				58D7E8B62738CD9E007241B1 /* DiscoverViewController.h */,
				58D7E8B72738CD9E007241B1 /* DiscoverMomentsTableViewCell.h */,
				58D7E8B82738CD9E007241B1 /* DiscoverViewController.m */,
				58D7E8B92738CD9E007241B1 /* chatroom */,
				58D7E8BE2738CD9E007241B1 /* DiscoverMomentsTableViewCell.m */,
			);
			path = Discover;
			sourceTree = "<group>";
		};
		58D7E8B92738CD9E007241B1 /* chatroom */ = {
			isa = PBXGroup;
			children = (
				58D7E8BA2738CD9E007241B1 /* ChatroomItemCell.h */,
				58D7E8BB2738CD9E007241B1 /* ChatroomListViewController.m */,
				58D7E8BC2738CD9E007241B1 /* ChatroomItemCell.m */,
				58D7E8BD2738CD9E007241B1 /* ChatroomListViewController.h */,
			);
			path = chatroom;
			sourceTree = "<group>";
		};
		58D7E8BF2738CD9E007241B1 /* Moments */ = {
			isa = PBXGroup;
			children = (
				58D7E8C02738CD9E007241B1 /* WFMomentUIKit.framework */,
				58D7E8C12738CD9E007241B1 /* WFMomentClient.framework */,
			);
			path = Moments;
			sourceTree = "<group>";
		};
		58D7E8C32738CD9E007241B1 /* Privacy */ = {
			isa = PBXGroup;
			children = (
				58D7E8C42738CD9E007241B1 /* WFCPrivacyViewController.m */,
				58D7E8C52738CD9E007241B1 /* html */,
				58D7E8C72738CD9E007241B1 /* WFCPrivacyViewController.h */,
			);
			path = Privacy;
			sourceTree = "<group>";
		};
		58D7E8C52738CD9E007241B1 /* html */ = {
			isa = PBXGroup;
			children = (
				58D7E8C62738CD9E007241B1 /* Archive.zip */,
			);
			path = html;
			sourceTree = "<group>";
		};
		58D7E8C82738CD9E007241B1 /* YBAttributeTextTapAction */ = {
			isa = PBXGroup;
			children = (
				58D7E8C92738CD9E007241B1 /* UILabel+YBAttributeTextTapAction.h */,
				58D7E8CA2738CD9E007241B1 /* UILabel+YBAttributeTextTapAction.m */,
			);
			path = YBAttributeTextTapAction;
			sourceTree = "<group>";
		};
		58D7E8CB2738CD9E007241B1 /* Category */ = {
			isa = PBXGroup;
			children = (
				58D7E8CC2738CD9E007241B1 /* UIImage+ERCategory.h */,
				58D7E8CD2738CD9E007241B1 /* UIFont+YH.m */,
				58D7E8CE2738CD9E007241B1 /* UIColor+YH.m */,
				58D7E8CF2738CD9E007241B1 /* UIImage+ERCategory.m */,
				58D7E8D02738CD9E007241B1 /* UIColor+YH.h */,
				58D7E8D12738CD9E007241B1 /* UIFont+YH.h */,
			);
			path = Category;
			sourceTree = "<group>";
		};
		58D7E8D22738CD9E007241B1 /* AppService */ = {
			isa = PBXGroup;
			children = (
				58D7E8D32738CD9E007241B1 /* AppService.h */,
				58D7E8D42738CD9E007241B1 /* AppService.m */,
			);
			path = AppService;
			sourceTree = "<group>";
		};
		58D7E8D92738CD9E007241B1 /* Favorite */ = {
			isa = PBXGroup;
			children = (
				58D7E8DA2738CD9E007241B1 /* WFCFavoriteTableViewController.h */,
				58D7E8DB2738CD9E007241B1 /* Cell */,
				58D7E8F02738CD9E007241B1 /* WFCFavoriteTableViewController.m */,
			);
			path = Favorite;
			sourceTree = "<group>";
		};
		58D7E8DB2738CD9E007241B1 /* Cell */ = {
			isa = PBXGroup;
			children = (
				58D7E8DC2738CD9E007241B1 /* WFCFavoriteFileCell.h */,
				58D7E8DD2738CD9E007241B1 /* WFCFavoriteImageCell.h */,
				58D7E8DE2738CD9E007241B1 /* WFCFavoriteCompositeCell.h */,
				58D7E8DF2738CD9E007241B1 /* WFCFavoriteUnknownCell.h */,
				58D7E8E02738CD9E007241B1 /* WFCFavoriteSoundCell.m */,
				58D7E8E12738CD9E007241B1 /* WFCFavoriteVideoCell.m */,
				58D7E8E22738CD9E007241B1 /* WFCFavoriteBaseCell.h */,
				58D7E8E32738CD9E007241B1 /* WFCFavoriteLinkCell.m */,
				58D7E8E42738CD9E007241B1 /* WFCFavoriteLocationCell.m */,
				58D7E8E52738CD9E007241B1 /* WFCFavoriteTextCell.h */,
				58D7E8E62738CD9E007241B1 /* WFCFavoriteUnknownCell.m */,
				58D7E8E72738CD9E007241B1 /* WFCFavoriteCompositeCell.m */,
				58D7E8E82738CD9E007241B1 /* WFCFavoriteImageCell.m */,
				58D7E8E92738CD9E007241B1 /* WFCFavoriteFileCell.m */,
				58D7E8EA2738CD9E007241B1 /* WFCFavoriteBaseCell.m */,
				58D7E8EB2738CD9E007241B1 /* WFCFavoriteSoundCell.h */,
				58D7E8EC2738CD9E007241B1 /* WFCFavoriteVideoCell.h */,
				58D7E8ED2738CD9E007241B1 /* WFCFavoriteLinkCell.h */,
				58D7E8EE2738CD9E007241B1 /* WFCFavoriteTextCell.m */,
				58D7E8EF2738CD9E007241B1 /* WFCFavoriteLocationCell.h */,
			);
			path = Cell;
			sourceTree = "<group>";
		};
		58D7E8F72738CD9E007241B1 /* Utilities */ = {
			isa = PBXGroup;
			children = (
				58D7E8F82738CD9F007241B1 /* PCSessionViewController.h */,
				58D7E8F92738CD9F007241B1 /* PCLoginConfirmViewController.h */,
				58D7E8FA2738CD9F007241B1 /* WFCBaseTabBarController.h */,
				58D7E8FB2738CD9F007241B1 /* PCSessionViewController.m */,
				58D7E8FC2738CD9F007241B1 /* PCLoginConfirmViewController.m */,
				58D7E8FD2738CD9F007241B1 /* WFCBaseTabBarController.m */,
			);
			path = Utilities;
			sourceTree = "<group>";
		};
		58D7E8FF2738CD9F007241B1 /* Me */ = {
			isa = PBXGroup;
			children = (
				58D7E9002738CD9F007241B1 /* WFCPrivacyTableViewController.h */,
				58D7E9012738CD9F007241B1 /* WFCSettingTableViewController.h */,
				58D7E9022738CD9F007241B1 /* WFCAboutViewController.h */,
				58D7E9032738CD9F007241B1 /* WFCSecurityTableViewController.m */,
				58D7E9042738CD9F007241B1 /* WFCDiagnoseViewController.m */,
				58D7E9052738CD9F007241B1 /* WFCMeTableViewController.h */,
				58D7E9062738CD9F007241B1 /* WFCThemeTableViewController.h */,
				58D7E9072738CD9F007241B1 /* WFCThemeTableViewCell.h */,
				58D7E9082738CD9F007241B1 /* WFCMeTableViewHeaderViewCell.m */,
				58D7E9092738CD9F007241B1 /* WFCAboutViewController.m */,
				58D7E90A2738CD9F007241B1 /* WFCSettingTableViewController.m */,
				58D7E90B2738CD9F007241B1 /* WFCPrivacyTableViewController.m */,
				58D7E90C2738CD9F007241B1 /* WFCThemeTableViewCell.m */,
				58D7E90D2738CD9F007241B1 /* WFCThemeTableViewController.m */,
				58D7E90E2738CD9F007241B1 /* WFCMeTableViewController.m */,
				58D7E90F2738CD9F007241B1 /* WFCDiagnoseViewController.h */,
				58D7E9102738CD9F007241B1 /* WFCSecurityTableViewController.h */,
				58D7E9112738CD9F007241B1 /* WFCMeTableViewHeaderViewCell.h */,
			);
			path = Me;
			sourceTree = "<group>";
		};
		58D7E9122738CD9F007241B1 /* Ptt */ = {
			isa = PBXGroup;
			children = (
				58D7E9132738CD9F007241B1 /* WFPttChannelListViewController.h */,
				58D7E9142738CD9F007241B1 /* WFPttCreateChannelViewController.h */,
				58D7E9152738CD9F007241B1 /* WFPttJoinChannelViewController.m */,
				58D7E9162738CD9F007241B1 /* WFPttChannelListViewController.m */,
				58D7E9172738CD9F007241B1 /* WFPttCreateChannelViewController.m */,
				58D7E9182738CD9F007241B1 /* WFPttJoinChannelViewController.h */,
			);
			path = Ptt;
			sourceTree = "<group>";
		};
		58D7E91B2738CD9F007241B1 /* Things */ = {
			isa = PBXGroup;
			children = (
				58D7E91C2738CD9F007241B1 /* Device.h */,
				58D7E91D2738CD9F007241B1 /* DeviceTableViewController.h */,
				58D7E91E2738CD9F007241B1 /* CreateDeviceViewController.m */,
				58D7E91F2738CD9F007241B1 /* DeviceInfoViewController.m */,
				58D7E9202738CD9F007241B1 /* DeviceViewController.m */,
				58D7E9212738CD9F007241B1 /* DeviceTableViewController.m */,
				58D7E9222738CD9F007241B1 /* Device.m */,
				58D7E9232738CD9F007241B1 /* DeviceInfoViewController.h */,
				58D7E9242738CD9F007241B1 /* CreateDeviceViewController.h */,
				58D7E9252738CD9F007241B1 /* DeviceViewController.h */,
			);
			path = Things;
			sourceTree = "<group>";
		};
		58D7E9262738CD9F007241B1 /* SDWebImage */ = {
			isa = PBXGroup;
			children = (
				58D7E9272738CD9F007241B1 /* SDWebImage.framework */,
			);
			path = SDWebImage;
			sourceTree = "<group>";
		};
		58D7E92A2738CD9F007241B1 /* Login */ = {
			isa = PBXGroup;
			children = (
				58D7E92B2738CD9F007241B1 /* WFCLoginViewController.h */,
				58D7E92C2738CD9F007241B1 /* WFCLoginViewController.m */,
			);
			path = Login;
			sourceTree = "<group>";
		};
		58D7E9302738CFDA007241B1 /* Config */ = {
			isa = PBXGroup;
			children = (
				58D7E9312738CFDA007241B1 /* ModuleImport.swift */,
				58D7E9322738CFDA007241B1 /* AppModule.swift */,
				58D7E9332738CFDA007241B1 /* Const.swift */,
				58D7E9342738CFDA007241B1 /* vvmodule.plist */,
			);
			path = Config;
			sourceTree = "<group>";
		};
		9E7C162412D7A0A1B4E22C5A /* Pods */ = {
			isa = PBXGroup;
			children = (
				5027029F08DA3943823D6F95 /* Pods-YunZaiApp.debug.xcconfig */,
				5248E3F7D65C754FCEB8C153 /* Pods-YunZaiApp.release.xcconfig */,
			);
			path = Pods;
			sourceTree = "<group>";
		};
		E0379CA16E6A834CAA768E48 /* Frameworks */ = {
			isa = PBXGroup;
			children = (
				58D7E86F2738C8C8007241B1 /* UserNotifications.framework */,
				58D7E86E2738C8C8007241B1 /* UserNotificationsUI.framework */,
				58D7E86C2738C8BD007241B1 /* AudioToolbox.framework */,
				58D7E86A2738C8B1007241B1 /* CoreTelephony.framework */,
				58D7E8682738C8A5007241B1 /* PushKit.framework */,
				58D7E8662738C89D007241B1 /* SystemConfiguration.framework */,
				58D7E8642738C88F007241B1 /* Security.framework */,
				58D7E8622738C884007241B1 /* libz.tbd */,
				58D7E8602738C817007241B1 /* CallKit.framework */,
				58D7E85E2738C809007241B1 /* libc++.tbd */,
				929F523037408795EE0A6B3D /* Pods_YunZaiApp.framework */,
			);
			name = Frameworks;
			sourceTree = "<group>";
		};
/* End PBXGroup section */

/* Begin PBXNativeTarget section */
		5877D5942735384800C65732 /* YunZaiApp */ = {
			isa = PBXNativeTarget;
			buildConfigurationList = 5877D5A92735384B00C65732 /* Build configuration list for PBXNativeTarget "YunZaiApp" */;
			buildPhases = (
				6B7DE12113E18915240B52FF /* [CP] Check Pods Manifest.lock */,
				5877D5912735384800C65732 /* Sources */,
				5877D5922735384800C65732 /* Frameworks */,
				5877D5932735384800C65732 /* Resources */,
				5DDE9CD5603905F8A974BC19 /* [CP] Embed Pods Frameworks */,
			);
			buildRules = (
			);
			dependencies = (
			);
			name = YunZaiApp;
			productName = YunZaiApp;
			productReference = 5877D5952735384800C65732 /* YunZaiApp.app */;
			productType = "com.apple.product-type.application";
		};
/* End PBXNativeTarget section */

/* Begin PBXProject section */
		5877D58D2735384800C65732 /* Project object */ = {
			isa = PBXProject;
			attributes = {
				BuildIndependentTargetsInParallel = 1;
				LastSwiftUpdateCheck = 1310;
				LastUpgradeCheck = 1310;
				TargetAttributes = {
					5877D5942735384800C65732 = {
						CreatedOnToolsVersion = 13.1;
						LastSwiftMigration = 1310;
					};
				};
			};
			buildConfigurationList = 5877D5902735384800C65732 /* Build configuration list for PBXProject "YunZaiApp" */;
			compatibilityVersion = "Xcode 13.0";
			developmentRegion = en;
			hasScannedForEncodings = 0;
			knownRegions = (
				en,
				Base,
				"zh-Hans",
			);
			mainGroup = 5877D58C2735384800C65732;
			productRefGroup = 5877D5962735384800C65732 /* Products */;
			projectDirPath = "";
			projectRoot = "";
			targets = (
				5877D5942735384800C65732 /* YunZaiApp */,
			);
		};
/* End PBXProject section */

/* Begin PBXResourcesBuildPhase section */
		5877D5932735384800C65732 /* Resources */ = {
			isa = PBXResourcesBuildPhase;
			buildActionMask = 2147483647;
			files = (
				5877D5A52735384B00C65732 /* LaunchScreen.storyboard in Resources */,
				5899171C27368FB300D43D9C /* Localizable.strings in Resources */,
				5877D5A22735384B00C65732 /* Assets.xcassets in Resources */,
				5877D5A02735384800C65732 /* Main.storyboard in Resources */,
				58D7E9382738CFDA007241B1 /* vvmodule.plist in Resources */,
				5899171627368F7C00D43D9C /* InfoPlist.strings in Resources */,
			);
			runOnlyForDeploymentPostprocessing = 0;
		};
/* End PBXResourcesBuildPhase section */

/* Begin PBXShellScriptBuildPhase section */
		5DDE9CD5603905F8A974BC19 /* [CP] Embed Pods Frameworks */ = {
			isa = PBXShellScriptBuildPhase;
			buildActionMask = 2147483647;
			files = (
			);
			inputFileListPaths = (
				"${PODS_ROOT}/Target Support Files/Pods-YunZaiApp/Pods-YunZaiApp-frameworks-${CONFIGURATION}-input-files.xcfilelist",
			);
			name = "[CP] Embed Pods Frameworks";
			outputFileListPaths = (
				"${PODS_ROOT}/Target Support Files/Pods-YunZaiApp/Pods-YunZaiApp-frameworks-${CONFIGURATION}-output-files.xcfilelist",
			);
			runOnlyForDeploymentPostprocessing = 0;
			shellPath = /bin/sh;
			shellScript = "\"${PODS_ROOT}/Target Support Files/Pods-YunZaiApp/Pods-YunZaiApp-frameworks.sh\"\n";
			showEnvVarsInLog = 0;
		};
		6B7DE12113E18915240B52FF /* [CP] Check Pods Manifest.lock */ = {
			isa = PBXShellScriptBuildPhase;
			buildActionMask = 2147483647;
			files = (
			);
			inputFileListPaths = (
			);
			inputPaths = (
				"${PODS_PODFILE_DIR_PATH}/Podfile.lock",
				"${PODS_ROOT}/Manifest.lock",
			);
			name = "[CP] Check Pods Manifest.lock";
			outputFileListPaths = (
			);
			outputPaths = (
				"$(DERIVED_FILE_DIR)/Pods-YunZaiApp-checkManifestLockResult.txt",
			);
			runOnlyForDeploymentPostprocessing = 0;
			shellPath = /bin/sh;
			shellScript = "diff \"${PODS_PODFILE_DIR_PATH}/Podfile.lock\" \"${PODS_ROOT}/Manifest.lock\" > /dev/null\nif [ $? != 0 ] ; then\n    # print error to STDERR\n    echo \"error: The sandbox is not in sync with the Podfile.lock. Run 'pod install' or update your CocoaPods installation.\" >&2\n    exit 1\nfi\n# This output is used by Xcode 'outputs' to avoid re-running this script phase.\necho \"SUCCESS\" > \"${SCRIPT_OUTPUT_FILE_0}\"\n";
			showEnvVarsInLog = 0;
		};
/* End PBXShellScriptBuildPhase section */

/* Begin PBXSourcesBuildPhase section */
		5877D5912735384800C65732 /* Sources */ = {
			isa = PBXSourcesBuildPhase;
			buildActionMask = 2147483647;
			files = (
				5877D59D2735384800C65732 /* ViewController.swift in Sources */,
				58D7E9362738CFDA007241B1 /* AppModule.swift in Sources */,
				589917112736884C00D43D9C /* AppDelegate+Config.swift in Sources */,
				58D7E9352738CFDA007241B1 /* ModuleImport.swift in Sources */,
				5877D5992735384800C65732 /* AppDelegate.swift in Sources */,
				58D7E9372738CFDA007241B1 /* Const.swift in Sources */,
			);
			runOnlyForDeploymentPostprocessing = 0;
		};
/* End PBXSourcesBuildPhase section */

/* Begin PBXVariantGroup section */
		5877D59E2735384800C65732 /* Main.storyboard */ = {
			isa = PBXVariantGroup;
			children = (
				5877D59F2735384800C65732 /* Base */,
				5899171927368F9E00D43D9C /* zh-Hans */,
			);
			name = Main.storyboard;
			sourceTree = "<group>";
		};
		5877D5A32735384B00C65732 /* LaunchScreen.storyboard */ = {
			isa = PBXVariantGroup;
			children = (
				5877D5A42735384B00C65732 /* Base */,
				5899171A27368F9F00D43D9C /* zh-Hans */,
			);
			name = LaunchScreen.storyboard;
			sourceTree = "<group>";
		};
		5899171827368F7C00D43D9C /* InfoPlist.strings */ = {
			isa = PBXVariantGroup;
			children = (
				5899171727368F7C00D43D9C /* en */,
				5899171B27368FA000D43D9C /* zh-Hans */,
			);
			name = InfoPlist.strings;
			sourceTree = "<group>";
		};
		5899171E27368FB300D43D9C /* Localizable.strings */ = {
			isa = PBXVariantGroup;
			children = (
				5899171D27368FB300D43D9C /* en */,
				5899171F27368FB500D43D9C /* zh-Hans */,
			);
			name = Localizable.strings;
			sourceTree = "<group>";
		};
		58D7E82B2738C6B8007241B1 /* MainInterface.storyboard */ = {
			isa = PBXVariantGroup;
			children = (
				58D7E82C2738C6B8007241B1 /* Base */,
			);
			name = MainInterface.storyboard;
			sourceTree = "<group>";
		};
		58D7E87D2738CD9D007241B1 /* InfoPlist.strings */ = {
			isa = PBXVariantGroup;
			children = (
				58D7E87E2738CD9D007241B1 /* zh-Hans */,
				58D7E8B32738CD9D007241B1 /* en */,
			);
			name = InfoPlist.strings;
			sourceTree = "<group>";
		};
		58D7E8F22738CD9E007241B1 /* LaunchScreen.storyboard */ = {
			isa = PBXVariantGroup;
			children = (
				58D7E8F32738CD9E007241B1 /* Base */,
			);
			name = LaunchScreen.storyboard;
			sourceTree = "<group>";
		};
		58D7E8F42738CD9E007241B1 /* Main.storyboard */ = {
			isa = PBXVariantGroup;
			children = (
				58D7E8F52738CD9E007241B1 /* Base */,
			);
			name = Main.storyboard;
			sourceTree = "<group>";
		};
/* End PBXVariantGroup section */

/* Begin XCBuildConfiguration section */
		5877D5A72735384B00C65732 /* Debug */ = {
			isa = XCBuildConfiguration;
			buildSettings = {
				ALWAYS_SEARCH_USER_PATHS = NO;
				CLANG_ANALYZER_LOCALIZABILITY_NONLOCALIZED = YES;
				CLANG_ANALYZER_NONNULL = YES;
				CLANG_ANALYZER_NUMBER_OBJECT_CONVERSION = YES_AGGRESSIVE;
				CLANG_CXX_LANGUAGE_STANDARD = "gnu++17";
				CLANG_CXX_LIBRARY = "libc++";
				CLANG_ENABLE_MODULES = YES;
				CLANG_ENABLE_OBJC_ARC = YES;
				CLANG_ENABLE_OBJC_WEAK = YES;
				CLANG_WARN_BLOCK_CAPTURE_AUTORELEASING = YES;
				CLANG_WARN_BOOL_CONVERSION = YES;
				CLANG_WARN_COMMA = YES;
				CLANG_WARN_CONSTANT_CONVERSION = YES;
				CLANG_WARN_DEPRECATED_OBJC_IMPLEMENTATIONS = YES;
				CLANG_WARN_DIRECT_OBJC_ISA_USAGE = YES_ERROR;
				CLANG_WARN_DOCUMENTATION_COMMENTS = YES;
				CLANG_WARN_EMPTY_BODY = YES;
				CLANG_WARN_ENUM_CONVERSION = YES;
				CLANG_WARN_INFINITE_RECURSION = YES;
				CLANG_WARN_INT_CONVERSION = YES;
				CLANG_WARN_NON_LITERAL_NULL_CONVERSION = YES;
				CLANG_WARN_OBJC_IMPLICIT_RETAIN_SELF = YES;
				CLANG_WARN_OBJC_LITERAL_CONVERSION = YES;
				CLANG_WARN_OBJC_ROOT_CLASS = YES_ERROR;
				CLANG_WARN_QUOTED_INCLUDE_IN_FRAMEWORK_HEADER = YES;
				CLANG_WARN_RANGE_LOOP_ANALYSIS = YES;
				CLANG_WARN_STRICT_PROTOTYPES = YES;
				CLANG_WARN_SUSPICIOUS_MOVE = YES;
				CLANG_WARN_UNGUARDED_AVAILABILITY = YES_AGGRESSIVE;
				CLANG_WARN_UNREACHABLE_CODE = YES;
				CLANG_WARN__DUPLICATE_METHOD_MATCH = YES;
				COPY_PHASE_STRIP = NO;
				DEBUG_INFORMATION_FORMAT = dwarf;
				ENABLE_STRICT_OBJC_MSGSEND = YES;
				ENABLE_TESTABILITY = YES;
				GCC_C_LANGUAGE_STANDARD = gnu11;
				GCC_DYNAMIC_NO_PIC = NO;
				GCC_NO_COMMON_BLOCKS = YES;
				GCC_OPTIMIZATION_LEVEL = 0;
				GCC_PREPROCESSOR_DEFINITIONS = (
					"DEBUG=1",
					"$(inherited)",
				);
				GCC_WARN_64_TO_32_BIT_CONVERSION = YES;
				GCC_WARN_ABOUT_RETURN_TYPE = YES_ERROR;
				GCC_WARN_UNDECLARED_SELECTOR = YES;
				GCC_WARN_UNINITIALIZED_AUTOS = YES_AGGRESSIVE;
				GCC_WARN_UNUSED_FUNCTION = YES;
				GCC_WARN_UNUSED_VARIABLE = YES;
				IPHONEOS_DEPLOYMENT_TARGET = 13.0;
				MTL_ENABLE_DEBUG_INFO = INCLUDE_SOURCE;
				MTL_FAST_MATH = YES;
				ONLY_ACTIVE_ARCH = YES;
				SDKROOT = iphoneos;
				SWIFT_ACTIVE_COMPILATION_CONDITIONS = DEBUG;
				SWIFT_OPTIMIZATION_LEVEL = "-Onone";
			};
			name = Debug;
		};
		5877D5A82735384B00C65732 /* Release */ = {
			isa = XCBuildConfiguration;
			buildSettings = {
				ALWAYS_SEARCH_USER_PATHS = NO;
				CLANG_ANALYZER_LOCALIZABILITY_NONLOCALIZED = YES;
				CLANG_ANALYZER_NONNULL = YES;
				CLANG_ANALYZER_NUMBER_OBJECT_CONVERSION = YES_AGGRESSIVE;
				CLANG_CXX_LANGUAGE_STANDARD = "gnu++17";
				CLANG_CXX_LIBRARY = "libc++";
				CLANG_ENABLE_MODULES = YES;
				CLANG_ENABLE_OBJC_ARC = YES;
				CLANG_ENABLE_OBJC_WEAK = YES;
				CLANG_WARN_BLOCK_CAPTURE_AUTORELEASING = YES;
				CLANG_WARN_BOOL_CONVERSION = YES;
				CLANG_WARN_COMMA = YES;
				CLANG_WARN_CONSTANT_CONVERSION = YES;
				CLANG_WARN_DEPRECATED_OBJC_IMPLEMENTATIONS = YES;
				CLANG_WARN_DIRECT_OBJC_ISA_USAGE = YES_ERROR;
				CLANG_WARN_DOCUMENTATION_COMMENTS = YES;
				CLANG_WARN_EMPTY_BODY = YES;
				CLANG_WARN_ENUM_CONVERSION = YES;
				CLANG_WARN_INFINITE_RECURSION = YES;
				CLANG_WARN_INT_CONVERSION = YES;
				CLANG_WARN_NON_LITERAL_NULL_CONVERSION = YES;
				CLANG_WARN_OBJC_IMPLICIT_RETAIN_SELF = YES;
				CLANG_WARN_OBJC_LITERAL_CONVERSION = YES;
				CLANG_WARN_OBJC_ROOT_CLASS = YES_ERROR;
				CLANG_WARN_QUOTED_INCLUDE_IN_FRAMEWORK_HEADER = YES;
				CLANG_WARN_RANGE_LOOP_ANALYSIS = YES;
				CLANG_WARN_STRICT_PROTOTYPES = YES;
				CLANG_WARN_SUSPICIOUS_MOVE = YES;
				CLANG_WARN_UNGUARDED_AVAILABILITY = YES_AGGRESSIVE;
				CLANG_WARN_UNREACHABLE_CODE = YES;
				CLANG_WARN__DUPLICATE_METHOD_MATCH = YES;
				COPY_PHASE_STRIP = NO;
				DEBUG_INFORMATION_FORMAT = "dwarf-with-dsym";
				ENABLE_NS_ASSERTIONS = NO;
				ENABLE_STRICT_OBJC_MSGSEND = YES;
				GCC_C_LANGUAGE_STANDARD = gnu11;
				GCC_NO_COMMON_BLOCKS = YES;
				GCC_WARN_64_TO_32_BIT_CONVERSION = YES;
				GCC_WARN_ABOUT_RETURN_TYPE = YES_ERROR;
				GCC_WARN_UNDECLARED_SELECTOR = YES;
				GCC_WARN_UNINITIALIZED_AUTOS = YES_AGGRESSIVE;
				GCC_WARN_UNUSED_FUNCTION = YES;
				GCC_WARN_UNUSED_VARIABLE = YES;
				IPHONEOS_DEPLOYMENT_TARGET = 13.0;
				MTL_ENABLE_DEBUG_INFO = NO;
				MTL_FAST_MATH = YES;
				SDKROOT = iphoneos;
				SWIFT_COMPILATION_MODE = wholemodule;
				SWIFT_OPTIMIZATION_LEVEL = "-O";
				VALIDATE_PRODUCT = YES;
			};
			name = Release;
		};
		5877D5AA2735384B00C65732 /* Debug */ = {
			isa = XCBuildConfiguration;
			baseConfigurationReference = 5027029F08DA3943823D6F95 /* Pods-YunZaiApp.debug.xcconfig */;
			buildSettings = {
				ARCHS = "$(ARCHS_STANDARD)";
				ASSETCATALOG_COMPILER_APPICON_NAME = AppIcon;
				ASSETCATALOG_COMPILER_GLOBAL_ACCENT_COLOR_NAME = AccentColor;
				CLANG_ENABLE_MODULES = YES;
				CODE_SIGN_STYLE = Automatic;
				CURRENT_PROJECT_VERSION = 1;
				FRAMEWORK_SEARCH_PATHS = (
					"$(inherited)",
					"$(PROJECT_DIR)/Classes/Moments",
					"$(PROJECT_DIR)/wfchat/Frameworks",
					"$(PROJECT_DIR)/wfchat/Frameworks/GoogleWebRTC/Frameworks/frameworks",
				);
				GCC_PREFIX_HEADER = "$(SRCROOT)/Classes/WFChat-Prefix-Header.pch";
				GENERATE_INFOPLIST_FILE = YES;
				INFOPLIST_FILE = YunZaiApp/Info.plist;
				INFOPLIST_KEY_UIApplicationSupportsIndirectInputEvents = YES;
				INFOPLIST_KEY_UILaunchStoryboardName = LaunchScreen;
				INFOPLIST_KEY_UIMainStoryboardFile = Main;
				INFOPLIST_KEY_UISupportedInterfaceOrientations_iPad = "UIInterfaceOrientationPortrait UIInterfaceOrientationPortraitUpsideDown UIInterfaceOrientationLandscapeLeft UIInterfaceOrientationLandscapeRight";
				INFOPLIST_KEY_UISupportedInterfaceOrientations_iPhone = "UIInterfaceOrientationPortrait UIInterfaceOrientationLandscapeLeft UIInterfaceOrientationLandscapeRight";
				IPHONEOS_DEPLOYMENT_TARGET = 13.0;
				LD_RUNPATH_SEARCH_PATHS = (
					"$(inherited)",
					"@executable_path/Frameworks",
				);
				MARKETING_VERSION = 1.0;
				PRODUCT_BUNDLE_IDENTIFIER = ice.YunZaiApp;
				PRODUCT_NAME = "$(TARGET_NAME)";
				SWIFT_EMIT_LOC_STRINGS = YES;
				SWIFT_OBJC_BRIDGING_HEADER = "Classes/YunZaiApp-Bridging-Header.h";
				SWIFT_OPTIMIZATION_LEVEL = "-Onone";
				SWIFT_VERSION = 5.0;
				TARGETED_DEVICE_FAMILY = "1,2";
			};
			name = Debug;
		};
		5877D5AB2735384B00C65732 /* Release */ = {
			isa = XCBuildConfiguration;
			baseConfigurationReference = 5248E3F7D65C754FCEB8C153 /* Pods-YunZaiApp.release.xcconfig */;
			buildSettings = {
				ASSETCATALOG_COMPILER_APPICON_NAME = AppIcon;
				ASSETCATALOG_COMPILER_GLOBAL_ACCENT_COLOR_NAME = AccentColor;
				CLANG_ENABLE_MODULES = YES;
				CODE_SIGN_STYLE = Automatic;
				CURRENT_PROJECT_VERSION = 1;
				FRAMEWORK_SEARCH_PATHS = (
					"$(inherited)",
					"$(PROJECT_DIR)/Classes/Moments",
					"$(PROJECT_DIR)/wfchat/Frameworks",
					"$(PROJECT_DIR)/wfchat/Frameworks/GoogleWebRTC/Frameworks/frameworks",
				);
				GCC_PREFIX_HEADER = "$(SRCROOT)/Classes/WFChat-Prefix-Header.pch";
				GENERATE_INFOPLIST_FILE = YES;
				INFOPLIST_FILE = YunZaiApp/Info.plist;
				INFOPLIST_KEY_UIApplicationSupportsIndirectInputEvents = YES;
				INFOPLIST_KEY_UILaunchStoryboardName = LaunchScreen;
				INFOPLIST_KEY_UIMainStoryboardFile = Main;
				INFOPLIST_KEY_UISupportedInterfaceOrientations_iPad = "UIInterfaceOrientationPortrait UIInterfaceOrientationPortraitUpsideDown UIInterfaceOrientationLandscapeLeft UIInterfaceOrientationLandscapeRight";
				INFOPLIST_KEY_UISupportedInterfaceOrientations_iPhone = "UIInterfaceOrientationPortrait UIInterfaceOrientationLandscapeLeft UIInterfaceOrientationLandscapeRight";
				IPHONEOS_DEPLOYMENT_TARGET = 13.0;
				LD_RUNPATH_SEARCH_PATHS = (
					"$(inherited)",
					"@executable_path/Frameworks",
				);
				MARKETING_VERSION = 1.0;
				PRODUCT_BUNDLE_IDENTIFIER = ice.YunZaiApp;
				PRODUCT_NAME = "$(TARGET_NAME)";
				SWIFT_EMIT_LOC_STRINGS = YES;
				SWIFT_OBJC_BRIDGING_HEADER = "Classes/YunZaiApp-Bridging-Header.h";
				SWIFT_VERSION = 5.0;
				TARGETED_DEVICE_FAMILY = "1,2";
			};
			name = Release;
		};
/* End XCBuildConfiguration section */

/* Begin XCConfigurationList section */
		5877D5902735384800C65732 /* Build configuration list for PBXProject "YunZaiApp" */ = {
			isa = XCConfigurationList;
			buildConfigurations = (
				5877D5A72735384B00C65732 /* Debug */,
				5877D5A82735384B00C65732 /* Release */,
			);
			defaultConfigurationIsVisible = 0;
			defaultConfigurationName = Release;
		};
		5877D5A92735384B00C65732 /* Build configuration list for PBXNativeTarget "YunZaiApp" */ = {
			isa = XCConfigurationList;
			buildConfigurations = (
				5877D5AA2735384B00C65732 /* Debug */,
				5877D5AB2735384B00C65732 /* Release */,
			);
			defaultConfigurationIsVisible = 0;
			defaultConfigurationName = Release;
		};
/* End XCConfigurationList section */
	};
	rootObject = 5877D58D2735384800C65732 /* Project object */;
}
