// !$*UTF8*$!
{
	archiveVersion = 1;
	classes = {
	};
	objectVersion = 55;
	objects = {

/* Begin PBXBuildFile section */
		587122DC2738BB2A00FC296E /* WFCLoginViewController.m in Sources */ = {isa = PBXBuildFile; fileRef = 587122DB2738BB2A00FC296E /* WFCLoginViewController.m */; };
		587123412738BC0200FC296E /* AppService.m in Sources */ = {isa = PBXBuildFile; fileRef = 587122DF2738BC0200FC296E /* AppService.m */; };
		587123422738BC0200FC296E /* UIFont+YH.m in Sources */ = {isa = PBXBuildFile; fileRef = 587122E22738BC0200FC296E /* UIFont+YH.m */; };
		587123432738BC0200FC296E /* UIColor+YH.m in Sources */ = {isa = PBXBuildFile; fileRef = 587122E32738BC0200FC296E /* UIColor+YH.m */; };
		587123442738BC0200FC296E /* UIImage+ERCategory.m in Sources */ = {isa = PBXBuildFile; fileRef = 587122E42738BC0200FC296E /* UIImage+ERCategory.m */; };
		587123452738BC0200FC296E /* DiscoverViewController.m in Sources */ = {isa = PBXBuildFile; fileRef = 587122EA2738BC0200FC296E /* DiscoverViewController.m */; };
		587123462738BC0200FC296E /* ChatroomListViewController.m in Sources */ = {isa = PBXBuildFile; fileRef = 587122ED2738BC0200FC296E /* ChatroomListViewController.m */; };
		587123472738BC0200FC296E /* ChatroomItemCell.m in Sources */ = {isa = PBXBuildFile; fileRef = 587122EE2738BC0200FC296E /* ChatroomItemCell.m */; };
		587123482738BC0200FC296E /* DiscoverMomentsTableViewCell.m in Sources */ = {isa = PBXBuildFile; fileRef = 587122F02738BC0200FC296E /* DiscoverMomentsTableViewCell.m */; };
		587123492738BC0200FC296E /* WFCFavoriteSoundCell.m in Sources */ = {isa = PBXBuildFile; fileRef = 587122F82738BC0200FC296E /* WFCFavoriteSoundCell.m */; };
		5871234A2738BC0200FC296E /* WFCFavoriteVideoCell.m in Sources */ = {isa = PBXBuildFile; fileRef = 587122F92738BC0200FC296E /* WFCFavoriteVideoCell.m */; };
		5871234B2738BC0200FC296E /* WFCFavoriteLinkCell.m in Sources */ = {isa = PBXBuildFile; fileRef = 587122FB2738BC0200FC296E /* WFCFavoriteLinkCell.m */; };
		5871234C2738BC0200FC296E /* WFCFavoriteLocationCell.m in Sources */ = {isa = PBXBuildFile; fileRef = 587122FC2738BC0200FC296E /* WFCFavoriteLocationCell.m */; };
		5871234D2738BC0200FC296E /* WFCFavoriteUnknownCell.m in Sources */ = {isa = PBXBuildFile; fileRef = 587122FE2738BC0200FC296E /* WFCFavoriteUnknownCell.m */; };
		5871234E2738BC0200FC296E /* WFCFavoriteCompositeCell.m in Sources */ = {isa = PBXBuildFile; fileRef = 587122FF2738BC0200FC296E /* WFCFavoriteCompositeCell.m */; };
		5871234F2738BC0200FC296E /* WFCFavoriteImageCell.m in Sources */ = {isa = PBXBuildFile; fileRef = 587123002738BC0200FC296E /* WFCFavoriteImageCell.m */; };
		587123502738BC0200FC296E /* WFCFavoriteFileCell.m in Sources */ = {isa = PBXBuildFile; fileRef = 587123012738BC0200FC296E /* WFCFavoriteFileCell.m */; };
		587123512738BC0200FC296E /* WFCFavoriteBaseCell.m in Sources */ = {isa = PBXBuildFile; fileRef = 587123022738BC0200FC296E /* WFCFavoriteBaseCell.m */; };
		587123522738BC0200FC296E /* WFCFavoriteTextCell.m in Sources */ = {isa = PBXBuildFile; fileRef = 587123062738BC0200FC296E /* WFCFavoriteTextCell.m */; };
		587123532738BC0200FC296E /* WFCFavoriteTableViewController.m in Sources */ = {isa = PBXBuildFile; fileRef = 587123082738BC0200FC296E /* WFCFavoriteTableViewController.m */; };
		587123542738BC0200FC296E /* CodeScan.bundle in Resources */ = {isa = PBXBuildFile; fileRef = 5871230C2738BC0200FC296E /* CodeScan.bundle */; };
		587123552738BC0200FC296E /* LBXScanViewController.m in Sources */ = {isa = PBXBuildFile; fileRef = 5871230F2738BC0200FC296E /* LBXScanViewController.m */; };
		587123562738BC0200FC296E /* LBXScanViewStyle.m in Sources */ = {isa = PBXBuildFile; fileRef = 587123102738BC0200FC296E /* LBXScanViewStyle.m */; };
		587123572738BC0200FC296E /* LBXScanVideoZoomView.m in Sources */ = {isa = PBXBuildFile; fileRef = 587123112738BC0200FC296E /* LBXScanVideoZoomView.m */; };
		587123582738BC0200FC296E /* LBXScanLineAnimation.m in Sources */ = {isa = PBXBuildFile; fileRef = 587123122738BC0200FC296E /* LBXScanLineAnimation.m */; };
		587123592738BC0200FC296E /* LBXScanView.m in Sources */ = {isa = PBXBuildFile; fileRef = 587123132738BC0200FC296E /* LBXScanView.m */; };
		5871235A2738BC0200FC296E /* LBXScanNetAnimation.m in Sources */ = {isa = PBXBuildFile; fileRef = 587123152738BC0200FC296E /* LBXScanNetAnimation.m */; };
		5871235B2738BC0200FC296E /* StyleDIY.m in Sources */ = {isa = PBXBuildFile; fileRef = 5871231A2738BC0200FC296E /* StyleDIY.m */; };
		5871235C2738BC0200FC296E /* LBXScanTypes.m in Sources */ = {isa = PBXBuildFile; fileRef = 5871231B2738BC0200FC296E /* LBXScanTypes.m */; };
		5871235D2738BC0200FC296E /* LBXAlertAction.m in Sources */ = {isa = PBXBuildFile; fileRef = 5871231D2738BC0200FC296E /* LBXAlertAction.m */; };
		5871235E2738BC0200FC296E /* UIWindow+LBXHierarchy.m in Sources */ = {isa = PBXBuildFile; fileRef = 587123232738BC0200FC296E /* UIWindow+LBXHierarchy.m */; };
		5871235F2738BC0200FC296E /* UIActionSheet+LBXAlertAction.m in Sources */ = {isa = PBXBuildFile; fileRef = 587123242738BC0200FC296E /* UIActionSheet+LBXAlertAction.m */; };
		587123602738BC0200FC296E /* UIAlertView+LBXAlertAction.m in Sources */ = {isa = PBXBuildFile; fileRef = 587123252738BC0200FC296E /* UIAlertView+LBXAlertAction.m */; };
		587123612738BC0200FC296E /* UIAlertController+supportedInterfaceOrientations.m in Sources */ = {isa = PBXBuildFile; fileRef = 587123262738BC0200FC296E /* UIAlertController+supportedInterfaceOrientations.m */; };
		587123622738BC0200FC296E /* DIYScanViewController.m in Sources */ = {isa = PBXBuildFile; fileRef = 587123282738BC0200FC296E /* DIYScanViewController.m */; };
		587123632738BC0200FC296E /* UIImageView+CornerRadius.m in Sources */ = {isa = PBXBuildFile; fileRef = 5871232B2738BC0200FC296E /* UIImageView+CornerRadius.m */; };
		587123642738BC0200FC296E /* CreateBarCodeViewController.m in Sources */ = {isa = PBXBuildFile; fileRef = 5871232C2738BC0200FC296E /* CreateBarCodeViewController.m */; };
		587123652738BC0200FC296E /* QQLBXScanViewController.m in Sources */ = {isa = PBXBuildFile; fileRef = 5871232D2738BC0200FC296E /* QQLBXScanViewController.m */; };
		587123662738BC0200FC296E /* LBXScanNative.m in Sources */ = {isa = PBXBuildFile; fileRef = 587123322738BC0200FC296E /* LBXScanNative.m */; };
		587123672738BC0200FC296E /* LBXPermissionSetting.m in Sources */ = {isa = PBXBuildFile; fileRef = 587123362738BC0200FC296E /* LBXPermissionSetting.m */; };
		587123682738BC0200FC296E /* LBXPermissionPhotos.m in Sources */ = {isa = PBXBuildFile; fileRef = 587123372738BC0200FC296E /* LBXPermissionPhotos.m */; };
		587123692738BC0200FC296E /* LBXPermissionCamera.m in Sources */ = {isa = PBXBuildFile; fileRef = 587123382738BC0200FC296E /* LBXPermissionCamera.m */; };
		5871236A2738BC0200FC296E /* LBXPermission.m in Sources */ = {isa = PBXBuildFile; fileRef = 587123392738BC0200FC296E /* LBXPermission.m */; };
		5871236B2738BC0200FC296E /* ModuleImport.swift in Sources */ = {isa = PBXBuildFile; fileRef = 5871233E2738BC0200FC296E /* ModuleImport.swift */; };
		5871236C2738BC0200FC296E /* AppModule.swift in Sources */ = {isa = PBXBuildFile; fileRef = 5871233F2738BC0200FC296E /* AppModule.swift */; };
		5871236D2738BC0200FC296E /* vvmodule.plist in Resources */ = {isa = PBXBuildFile; fileRef = 587123402738BC0200FC296E /* vvmodule.plist */; };
		587123A62738BC2100FC296E /* WFCSecurityTableViewController.m in Sources */ = {isa = PBXBuildFile; fileRef = 587123722738BC2000FC296E /* WFCSecurityTableViewController.m */; };
		587123A72738BC2100FC296E /* WFCDiagnoseViewController.m in Sources */ = {isa = PBXBuildFile; fileRef = 587123732738BC2000FC296E /* WFCDiagnoseViewController.m */; };
		587123A82738BC2100FC296E /* WFCMeTableViewHeaderViewCell.m in Sources */ = {isa = PBXBuildFile; fileRef = 587123772738BC2000FC296E /* WFCMeTableViewHeaderViewCell.m */; };
		587123A92738BC2100FC296E /* WFCAboutViewController.m in Sources */ = {isa = PBXBuildFile; fileRef = 587123782738BC2000FC296E /* WFCAboutViewController.m */; };
		587123AA2738BC2100FC296E /* WFCSettingTableViewController.m in Sources */ = {isa = PBXBuildFile; fileRef = 587123792738BC2000FC296E /* WFCSettingTableViewController.m */; };
		587123AB2738BC2100FC296E /* WFCPrivacyTableViewController.m in Sources */ = {isa = PBXBuildFile; fileRef = 5871237A2738BC2000FC296E /* WFCPrivacyTableViewController.m */; };
		587123AC2738BC2100FC296E /* WFCThemeTableViewCell.m in Sources */ = {isa = PBXBuildFile; fileRef = 5871237B2738BC2000FC296E /* WFCThemeTableViewCell.m */; };
		587123AD2738BC2100FC296E /* WFCThemeTableViewController.m in Sources */ = {isa = PBXBuildFile; fileRef = 5871237C2738BC2000FC296E /* WFCThemeTableViewController.m */; };
		587123AE2738BC2100FC296E /* WFCMeTableViewController.m in Sources */ = {isa = PBXBuildFile; fileRef = 5871237D2738BC2000FC296E /* WFCMeTableViewController.m */; };
		587123AF2738BC2100FC296E /* CreateDeviceViewController.m in Sources */ = {isa = PBXBuildFile; fileRef = 587123842738BC2000FC296E /* CreateDeviceViewController.m */; };
		587123B02738BC2100FC296E /* DeviceInfoViewController.m in Sources */ = {isa = PBXBuildFile; fileRef = 587123852738BC2000FC296E /* DeviceInfoViewController.m */; };
		587123B12738BC2100FC296E /* DeviceViewController.m in Sources */ = {isa = PBXBuildFile; fileRef = 587123862738BC2000FC296E /* DeviceViewController.m */; };
		587123B22738BC2100FC296E /* DeviceTableViewController.m in Sources */ = {isa = PBXBuildFile; fileRef = 587123872738BC2000FC296E /* DeviceTableViewController.m */; };
		587123B32738BC2100FC296E /* Device.m in Sources */ = {isa = PBXBuildFile; fileRef = 587123882738BC2000FC296E /* Device.m */; };
		587123B62738BC2100FC296E /* WFPttJoinChannelViewController.m in Sources */ = {isa = PBXBuildFile; fileRef = 587123922738BC2000FC296E /* WFPttJoinChannelViewController.m */; };
		587123B72738BC2100FC296E /* WFPttChannelListViewController.m in Sources */ = {isa = PBXBuildFile; fileRef = 587123932738BC2000FC296E /* WFPttChannelListViewController.m */; };
		587123B82738BC2100FC296E /* WFPttCreateChannelViewController.m in Sources */ = {isa = PBXBuildFile; fileRef = 587123942738BC2000FC296E /* WFPttCreateChannelViewController.m */; };
		587123B92738BC2100FC296E /* PCSessionViewController.m in Sources */ = {isa = PBXBuildFile; fileRef = 5871239A2738BC2000FC296E /* PCSessionViewController.m */; };
		587123BA2738BC2100FC296E /* PCLoginConfirmViewController.m in Sources */ = {isa = PBXBuildFile; fileRef = 5871239B2738BC2000FC296E /* PCLoginConfirmViewController.m */; };
		587123BB2738BC2100FC296E /* WFCBaseTabBarController.m in Sources */ = {isa = PBXBuildFile; fileRef = 5871239C2738BC2000FC296E /* WFCBaseTabBarController.m */; };
		587123BD2738BC2100FC296E /* Archive.zip in Resources */ = {isa = PBXBuildFile; fileRef = 587123A02738BC2000FC296E /* Archive.zip */; };
		587123BE2738BC2100FC296E /* SharedConversation.m in Sources */ = {isa = PBXBuildFile; fileRef = 587123A32738BC2000FC296E /* SharedConversation.m */; };
		587123C22738BC2A00FC296E /* UILabel+YBAttributeTextTapAction.m in Sources */ = {isa = PBXBuildFile; fileRef = 587123C12738BC2A00FC296E /* UILabel+YBAttributeTextTapAction.m */; };
		5877D5992735384800C65732 /* AppDelegate.swift in Sources */ = {isa = PBXBuildFile; fileRef = 5877D5982735384800C65732 /* AppDelegate.swift */; };
		5877D59D2735384800C65732 /* ViewController.swift in Sources */ = {isa = PBXBuildFile; fileRef = 5877D59C2735384800C65732 /* ViewController.swift */; };
		5877D5A02735384800C65732 /* Main.storyboard in Resources */ = {isa = PBXBuildFile; fileRef = 5877D59E2735384800C65732 /* Main.storyboard */; };
		5877D5A22735384B00C65732 /* Assets.xcassets in Resources */ = {isa = PBXBuildFile; fileRef = 5877D5A12735384B00C65732 /* Assets.xcassets */; };
		5877D5A52735384B00C65732 /* LaunchScreen.storyboard in Resources */ = {isa = PBXBuildFile; fileRef = 5877D5A32735384B00C65732 /* LaunchScreen.storyboard */; };
		5899170B2736878500D43D9C /* vvmodule.plist in Resources */ = {isa = PBXBuildFile; fileRef = 5899170A2736878500D43D9C /* vvmodule.plist */; };
		5899170D273687AC00D43D9C /* AppModule.swift in Sources */ = {isa = PBXBuildFile; fileRef = 5899170C273687AC00D43D9C /* AppModule.swift */; };
		5899170F273687ED00D43D9C /* ModuleImport.swift in Sources */ = {isa = PBXBuildFile; fileRef = 5899170E273687ED00D43D9C /* ModuleImport.swift */; };
		589917112736884C00D43D9C /* AppDelegate+Config.swift in Sources */ = {isa = PBXBuildFile; fileRef = 589917102736884C00D43D9C /* AppDelegate+Config.swift */; };
		5899171627368F7C00D43D9C /* InfoPlist.strings in Resources */ = {isa = PBXBuildFile; fileRef = 5899171827368F7C00D43D9C /* InfoPlist.strings */; };
		5899171C27368FB300D43D9C /* Localizable.strings in Resources */ = {isa = PBXBuildFile; fileRef = 5899171E27368FB300D43D9C /* Localizable.strings */; };
		58D7E8232738BF7C007241B1 /* Const.swift in Sources */ = {isa = PBXBuildFile; fileRef = 58D7E8222738BF7C007241B1 /* Const.swift */; };
		58D7E85A2738C7B0007241B1 /* WFAVEngineKit.framework in Frameworks */ = {isa = PBXBuildFile; fileRef = 58D7E84F2738C73C007241B1 /* WFAVEngineKit.framework */; };
		58D7E85B2738C7B0007241B1 /* WFChatClient.framework in Frameworks */ = {isa = PBXBuildFile; fileRef = 58D7E8512738C73C007241B1 /* WFChatClient.framework */; };
		58D7E85C2738C7B0007241B1 /* WFChatUIKit.framework in Frameworks */ = {isa = PBXBuildFile; fileRef = 58D7E84C2738C73C007241B1 /* WFChatUIKit.framework */; };
		58D7E85D2738C7B0007241B1 /* ZLPhotoBrowser.framework in Frameworks */ = {isa = PBXBuildFile; fileRef = 58D7E8592738C73C007241B1 /* ZLPhotoBrowser.framework */; };
		58D7E85F2738C809007241B1 /* libc++.tbd in Frameworks */ = {isa = PBXBuildFile; fileRef = 58D7E85E2738C809007241B1 /* libc++.tbd */; };
		58D7E8612738C817007241B1 /* CallKit.framework in Frameworks */ = {isa = PBXBuildFile; fileRef = 58D7E8602738C817007241B1 /* CallKit.framework */; };
		58D7E8632738C884007241B1 /* libz.tbd in Frameworks */ = {isa = PBXBuildFile; fileRef = 58D7E8622738C884007241B1 /* libz.tbd */; };
		58D7E8652738C88F007241B1 /* Security.framework in Frameworks */ = {isa = PBXBuildFile; fileRef = 58D7E8642738C88F007241B1 /* Security.framework */; };
		58D7E8672738C89E007241B1 /* SystemConfiguration.framework in Frameworks */ = {isa = PBXBuildFile; fileRef = 58D7E8662738C89D007241B1 /* SystemConfiguration.framework */; };
		58D7E8692738C8A5007241B1 /* PushKit.framework in Frameworks */ = {isa = PBXBuildFile; fileRef = 58D7E8682738C8A5007241B1 /* PushKit.framework */; };
		58D7E86B2738C8B1007241B1 /* CoreTelephony.framework in Frameworks */ = {isa = PBXBuildFile; fileRef = 58D7E86A2738C8B1007241B1 /* CoreTelephony.framework */; };
		58D7E86D2738C8BD007241B1 /* AudioToolbox.framework in Frameworks */ = {isa = PBXBuildFile; fileRef = 58D7E86C2738C8BD007241B1 /* AudioToolbox.framework */; };
		58D7E8702738C8C8007241B1 /* UserNotificationsUI.framework in Frameworks */ = {isa = PBXBuildFile; fileRef = 58D7E86E2738C8C8007241B1 /* UserNotificationsUI.framework */; };
		58D7E8712738C8C8007241B1 /* UserNotifications.framework in Frameworks */ = {isa = PBXBuildFile; fileRef = 58D7E86F2738C8C8007241B1 /* UserNotifications.framework */; };
		58D7E8722738C8ED007241B1 /* WebRTC.framework in Frameworks */ = {isa = PBXBuildFile; fileRef = 58D7E8572738C73C007241B1 /* WebRTC.framework */; };
		58D7E8732738CA46007241B1 /* WFCPrivacyViewController.m in Sources */ = {isa = PBXBuildFile; fileRef = 5871239E2738BC2000FC296E /* WFCPrivacyViewController.m */; };
		58D7E8762738CBF2007241B1 /* WFCConfig.m in Sources */ = {isa = PBXBuildFile; fileRef = 58D7E8752738CBF2007241B1 /* WFCConfig.m */; };
		DDD5001D45D0261FD89AA491 /* Pods_YunZaiApp.framework in Frameworks */ = {isa = PBXBuildFile; fileRef = 929F523037408795EE0A6B3D /* Pods_YunZaiApp.framework */; };
/* End PBXBuildFile section */

/* Begin PBXFileReference section */
		5027029F08DA3943823D6F95 /* Pods-YunZaiApp.debug.xcconfig */ = {isa = PBXFileReference; includeInIndex = 1; lastKnownFileType = text.xcconfig; name = "Pods-YunZaiApp.debug.xcconfig"; path = "Target Support Files/Pods-YunZaiApp/Pods-YunZaiApp.debug.xcconfig"; sourceTree = "<group>"; };
		5248E3F7D65C754FCEB8C153 /* Pods-YunZaiApp.release.xcconfig */ = {isa = PBXFileReference; includeInIndex = 1; lastKnownFileType = text.xcconfig; name = "Pods-YunZaiApp.release.xcconfig"; path = "Target Support Files/Pods-YunZaiApp/Pods-YunZaiApp.release.xcconfig"; sourceTree = "<group>"; };
		587122D72738BA1C00FC296E /* YunZaiApp-Bridging-Header.h */ = {isa = PBXFileReference; lastKnownFileType = sourcecode.c.h; path = "YunZaiApp-Bridging-Header.h"; sourceTree = "<group>"; };
		587122DA2738BB2A00FC296E /* WFCLoginViewController.h */ = {isa = PBXFileReference; fileEncoding = 4; lastKnownFileType = sourcecode.c.h; path = WFCLoginViewController.h; sourceTree = "<group>"; };
		587122DB2738BB2A00FC296E /* WFCLoginViewController.m */ = {isa = PBXFileReference; fileEncoding = 4; lastKnownFileType = sourcecode.c.objc; path = WFCLoginViewController.m; sourceTree = "<group>"; };
		587122DE2738BC0200FC296E /* AppService.h */ = {isa = PBXFileReference; fileEncoding = 4; lastKnownFileType = sourcecode.c.h; path = AppService.h; sourceTree = "<group>"; };
		587122DF2738BC0200FC296E /* AppService.m */ = {isa = PBXFileReference; fileEncoding = 4; lastKnownFileType = sourcecode.c.objc; path = AppService.m; sourceTree = "<group>"; };
		587122E12738BC0200FC296E /* UIImage+ERCategory.h */ = {isa = PBXFileReference; fileEncoding = 4; lastKnownFileType = sourcecode.c.h; path = "UIImage+ERCategory.h"; sourceTree = "<group>"; };
		587122E22738BC0200FC296E /* UIFont+YH.m */ = {isa = PBXFileReference; fileEncoding = 4; lastKnownFileType = sourcecode.c.objc; path = "UIFont+YH.m"; sourceTree = "<group>"; };
		587122E32738BC0200FC296E /* UIColor+YH.m */ = {isa = PBXFileReference; fileEncoding = 4; lastKnownFileType = sourcecode.c.objc; path = "UIColor+YH.m"; sourceTree = "<group>"; };
		587122E42738BC0200FC296E /* UIImage+ERCategory.m */ = {isa = PBXFileReference; fileEncoding = 4; lastKnownFileType = sourcecode.c.objc; path = "UIImage+ERCategory.m"; sourceTree = "<group>"; };
		587122E52738BC0200FC296E /* UIColor+YH.h */ = {isa = PBXFileReference; fileEncoding = 4; lastKnownFileType = sourcecode.c.h; path = "UIColor+YH.h"; sourceTree = "<group>"; };
		587122E62738BC0200FC296E /* UIFont+YH.h */ = {isa = PBXFileReference; fileEncoding = 4; lastKnownFileType = sourcecode.c.h; path = "UIFont+YH.h"; sourceTree = "<group>"; };
		587122E82738BC0200FC296E /* DiscoverViewController.h */ = {isa = PBXFileReference; fileEncoding = 4; lastKnownFileType = sourcecode.c.h; path = DiscoverViewController.h; sourceTree = "<group>"; };
		587122E92738BC0200FC296E /* DiscoverMomentsTableViewCell.h */ = {isa = PBXFileReference; fileEncoding = 4; lastKnownFileType = sourcecode.c.h; path = DiscoverMomentsTableViewCell.h; sourceTree = "<group>"; };
		587122EA2738BC0200FC296E /* DiscoverViewController.m */ = {isa = PBXFileReference; fileEncoding = 4; lastKnownFileType = sourcecode.c.objc; path = DiscoverViewController.m; sourceTree = "<group>"; };
		587122EC2738BC0200FC296E /* ChatroomItemCell.h */ = {isa = PBXFileReference; fileEncoding = 4; lastKnownFileType = sourcecode.c.h; path = ChatroomItemCell.h; sourceTree = "<group>"; };
		587122ED2738BC0200FC296E /* ChatroomListViewController.m */ = {isa = PBXFileReference; fileEncoding = 4; lastKnownFileType = sourcecode.c.objc; path = ChatroomListViewController.m; sourceTree = "<group>"; };
		587122EE2738BC0200FC296E /* ChatroomItemCell.m */ = {isa = PBXFileReference; fileEncoding = 4; lastKnownFileType = sourcecode.c.objc; path = ChatroomItemCell.m; sourceTree = "<group>"; };
		587122EF2738BC0200FC296E /* ChatroomListViewController.h */ = {isa = PBXFileReference; fileEncoding = 4; lastKnownFileType = sourcecode.c.h; path = ChatroomListViewController.h; sourceTree = "<group>"; };
		587122F02738BC0200FC296E /* DiscoverMomentsTableViewCell.m */ = {isa = PBXFileReference; fileEncoding = 4; lastKnownFileType = sourcecode.c.objc; path = DiscoverMomentsTableViewCell.m; sourceTree = "<group>"; };
		587122F22738BC0200FC296E /* WFCFavoriteTableViewController.h */ = {isa = PBXFileReference; fileEncoding = 4; lastKnownFileType = sourcecode.c.h; path = WFCFavoriteTableViewController.h; sourceTree = "<group>"; };
		587122F42738BC0200FC296E /* WFCFavoriteFileCell.h */ = {isa = PBXFileReference; fileEncoding = 4; lastKnownFileType = sourcecode.c.h; path = WFCFavoriteFileCell.h; sourceTree = "<group>"; };
		587122F52738BC0200FC296E /* WFCFavoriteImageCell.h */ = {isa = PBXFileReference; fileEncoding = 4; lastKnownFileType = sourcecode.c.h; path = WFCFavoriteImageCell.h; sourceTree = "<group>"; };
		587122F62738BC0200FC296E /* WFCFavoriteCompositeCell.h */ = {isa = PBXFileReference; fileEncoding = 4; lastKnownFileType = sourcecode.c.h; path = WFCFavoriteCompositeCell.h; sourceTree = "<group>"; };
		587122F72738BC0200FC296E /* WFCFavoriteUnknownCell.h */ = {isa = PBXFileReference; fileEncoding = 4; lastKnownFileType = sourcecode.c.h; path = WFCFavoriteUnknownCell.h; sourceTree = "<group>"; };
		587122F82738BC0200FC296E /* WFCFavoriteSoundCell.m */ = {isa = PBXFileReference; fileEncoding = 4; lastKnownFileType = sourcecode.c.objc; path = WFCFavoriteSoundCell.m; sourceTree = "<group>"; };
		587122F92738BC0200FC296E /* WFCFavoriteVideoCell.m */ = {isa = PBXFileReference; fileEncoding = 4; lastKnownFileType = sourcecode.c.objc; path = WFCFavoriteVideoCell.m; sourceTree = "<group>"; };
		587122FA2738BC0200FC296E /* WFCFavoriteBaseCell.h */ = {isa = PBXFileReference; fileEncoding = 4; lastKnownFileType = sourcecode.c.h; path = WFCFavoriteBaseCell.h; sourceTree = "<group>"; };
		587122FB2738BC0200FC296E /* WFCFavoriteLinkCell.m */ = {isa = PBXFileReference; fileEncoding = 4; lastKnownFileType = sourcecode.c.objc; path = WFCFavoriteLinkCell.m; sourceTree = "<group>"; };
		587122FC2738BC0200FC296E /* WFCFavoriteLocationCell.m */ = {isa = PBXFileReference; fileEncoding = 4; lastKnownFileType = sourcecode.c.objc; path = WFCFavoriteLocationCell.m; sourceTree = "<group>"; };
		587122FD2738BC0200FC296E /* WFCFavoriteTextCell.h */ = {isa = PBXFileReference; fileEncoding = 4; lastKnownFileType = sourcecode.c.h; path = WFCFavoriteTextCell.h; sourceTree = "<group>"; };
		587122FE2738BC0200FC296E /* WFCFavoriteUnknownCell.m */ = {isa = PBXFileReference; fileEncoding = 4; lastKnownFileType = sourcecode.c.objc; path = WFCFavoriteUnknownCell.m; sourceTree = "<group>"; };
		587122FF2738BC0200FC296E /* WFCFavoriteCompositeCell.m */ = {isa = PBXFileReference; fileEncoding = 4; lastKnownFileType = sourcecode.c.objc; path = WFCFavoriteCompositeCell.m; sourceTree = "<group>"; };
		587123002738BC0200FC296E /* WFCFavoriteImageCell.m */ = {isa = PBXFileReference; fileEncoding = 4; lastKnownFileType = sourcecode.c.objc; path = WFCFavoriteImageCell.m; sourceTree = "<group>"; };
		587123012738BC0200FC296E /* WFCFavoriteFileCell.m */ = {isa = PBXFileReference; fileEncoding = 4; lastKnownFileType = sourcecode.c.objc; path = WFCFavoriteFileCell.m; sourceTree = "<group>"; };
		587123022738BC0200FC296E /* WFCFavoriteBaseCell.m */ = {isa = PBXFileReference; fileEncoding = 4; lastKnownFileType = sourcecode.c.objc; path = WFCFavoriteBaseCell.m; sourceTree = "<group>"; };
		587123032738BC0200FC296E /* WFCFavoriteSoundCell.h */ = {isa = PBXFileReference; fileEncoding = 4; lastKnownFileType = sourcecode.c.h; path = WFCFavoriteSoundCell.h; sourceTree = "<group>"; };
		587123042738BC0200FC296E /* WFCFavoriteVideoCell.h */ = {isa = PBXFileReference; fileEncoding = 4; lastKnownFileType = sourcecode.c.h; path = WFCFavoriteVideoCell.h; sourceTree = "<group>"; };
		587123052738BC0200FC296E /* WFCFavoriteLinkCell.h */ = {isa = PBXFileReference; fileEncoding = 4; lastKnownFileType = sourcecode.c.h; path = WFCFavoriteLinkCell.h; sourceTree = "<group>"; };
		587123062738BC0200FC296E /* WFCFavoriteTextCell.m */ = {isa = PBXFileReference; fileEncoding = 4; lastKnownFileType = sourcecode.c.objc; path = WFCFavoriteTextCell.m; sourceTree = "<group>"; };
		587123072738BC0200FC296E /* WFCFavoriteLocationCell.h */ = {isa = PBXFileReference; fileEncoding = 4; lastKnownFileType = sourcecode.c.h; path = WFCFavoriteLocationCell.h; sourceTree = "<group>"; };
		587123082738BC0200FC296E /* WFCFavoriteTableViewController.m */ = {isa = PBXFileReference; fileEncoding = 4; lastKnownFileType = sourcecode.c.objc; path = WFCFavoriteTableViewController.m; sourceTree = "<group>"; };
		5871230A2738BC0200FC296E /* QQLBXScanViewController.h */ = {isa = PBXFileReference; fileEncoding = 4; lastKnownFileType = sourcecode.c.h; path = QQLBXScanViewController.h; sourceTree = "<group>"; };
		5871230C2738BC0200FC296E /* CodeScan.bundle */ = {isa = PBXFileReference; lastKnownFileType = "wrapper.plug-in"; path = CodeScan.bundle; sourceTree = "<group>"; };
		5871230D2738BC0200FC296E /* LBXScanView.h */ = {isa = PBXFileReference; fileEncoding = 4; lastKnownFileType = sourcecode.c.h; path = LBXScanView.h; sourceTree = "<group>"; };
		5871230E2738BC0200FC296E /* LBXScanNetAnimation.h */ = {isa = PBXFileReference; fileEncoding = 4; lastKnownFileType = sourcecode.c.h; path = LBXScanNetAnimation.h; sourceTree = "<group>"; };
		5871230F2738BC0200FC296E /* LBXScanViewController.m */ = {isa = PBXFileReference; fileEncoding = 4; lastKnownFileType = sourcecode.c.objc; path = LBXScanViewController.m; sourceTree = "<group>"; };
		587123102738BC0200FC296E /* LBXScanViewStyle.m */ = {isa = PBXFileReference; fileEncoding = 4; lastKnownFileType = sourcecode.c.objc; path = LBXScanViewStyle.m; sourceTree = "<group>"; };
		587123112738BC0200FC296E /* LBXScanVideoZoomView.m */ = {isa = PBXFileReference; fileEncoding = 4; lastKnownFileType = sourcecode.c.objc; path = LBXScanVideoZoomView.m; sourceTree = "<group>"; };
		587123122738BC0200FC296E /* LBXScanLineAnimation.m */ = {isa = PBXFileReference; fileEncoding = 4; lastKnownFileType = sourcecode.c.objc; path = LBXScanLineAnimation.m; sourceTree = "<group>"; };
		587123132738BC0200FC296E /* LBXScanView.m */ = {isa = PBXFileReference; fileEncoding = 4; lastKnownFileType = sourcecode.c.objc; path = LBXScanView.m; sourceTree = "<group>"; };
		587123142738BC0200FC296E /* LBXScanViewController.h */ = {isa = PBXFileReference; fileEncoding = 4; lastKnownFileType = sourcecode.c.h; path = LBXScanViewController.h; sourceTree = "<group>"; };
		587123152738BC0200FC296E /* LBXScanNetAnimation.m */ = {isa = PBXFileReference; fileEncoding = 4; lastKnownFileType = sourcecode.c.objc; path = LBXScanNetAnimation.m; sourceTree = "<group>"; };
		587123162738BC0200FC296E /* LBXScanLineAnimation.h */ = {isa = PBXFileReference; fileEncoding = 4; lastKnownFileType = sourcecode.c.h; path = LBXScanLineAnimation.h; sourceTree = "<group>"; };
		587123172738BC0200FC296E /* LBXScanVideoZoomView.h */ = {isa = PBXFileReference; fileEncoding = 4; lastKnownFileType = sourcecode.c.h; path = LBXScanVideoZoomView.h; sourceTree = "<group>"; };
		587123182738BC0200FC296E /* LBXScanViewStyle.h */ = {isa = PBXFileReference; fileEncoding = 4; lastKnownFileType = sourcecode.c.h; path = LBXScanViewStyle.h; sourceTree = "<group>"; };
		587123192738BC0200FC296E /* CreateBarCodeViewController.h */ = {isa = PBXFileReference; fileEncoding = 4; lastKnownFileType = sourcecode.c.h; path = CreateBarCodeViewController.h; sourceTree = "<group>"; };
		5871231A2738BC0200FC296E /* StyleDIY.m */ = {isa = PBXFileReference; fileEncoding = 4; lastKnownFileType = sourcecode.c.objc; path = StyleDIY.m; sourceTree = "<group>"; };
		5871231B2738BC0200FC296E /* LBXScanTypes.m */ = {isa = PBXFileReference; fileEncoding = 4; lastKnownFileType = sourcecode.c.objc; path = LBXScanTypes.m; sourceTree = "<group>"; };
		5871231D2738BC0200FC296E /* LBXAlertAction.m */ = {isa = PBXFileReference; fileEncoding = 4; lastKnownFileType = sourcecode.c.objc; path = LBXAlertAction.m; sourceTree = "<group>"; };
		5871231E2738BC0200FC296E /* LBXAlertAction.h */ = {isa = PBXFileReference; fileEncoding = 4; lastKnownFileType = sourcecode.c.h; path = LBXAlertAction.h; sourceTree = "<group>"; };
		587123202738BC0200FC296E /* UIActionSheet+LBXAlertAction.h */ = {isa = PBXFileReference; fileEncoding = 4; lastKnownFileType = sourcecode.c.h; path = "UIActionSheet+LBXAlertAction.h"; sourceTree = "<group>"; };
		587123212738BC0200FC296E /* UIAlertController+supportedInterfaceOrientations.h */ = {isa = PBXFileReference; fileEncoding = 4; lastKnownFileType = sourcecode.c.h; path = "UIAlertController+supportedInterfaceOrientations.h"; sourceTree = "<group>"; };
		587123222738BC0200FC296E /* UIAlertView+LBXAlertAction.h */ = {isa = PBXFileReference; fileEncoding = 4; lastKnownFileType = sourcecode.c.h; path = "UIAlertView+LBXAlertAction.h"; sourceTree = "<group>"; };
		587123232738BC0200FC296E /* UIWindow+LBXHierarchy.m */ = {isa = PBXFileReference; fileEncoding = 4; lastKnownFileType = sourcecode.c.objc; path = "UIWindow+LBXHierarchy.m"; sourceTree = "<group>"; };
		587123242738BC0200FC296E /* UIActionSheet+LBXAlertAction.m */ = {isa = PBXFileReference; fileEncoding = 4; lastKnownFileType = sourcecode.c.objc; path = "UIActionSheet+LBXAlertAction.m"; sourceTree = "<group>"; };
		587123252738BC0200FC296E /* UIAlertView+LBXAlertAction.m */ = {isa = PBXFileReference; fileEncoding = 4; lastKnownFileType = sourcecode.c.objc; path = "UIAlertView+LBXAlertAction.m"; sourceTree = "<group>"; };
		587123262738BC0200FC296E /* UIAlertController+supportedInterfaceOrientations.m */ = {isa = PBXFileReference; fileEncoding = 4; lastKnownFileType = sourcecode.c.objc; path = "UIAlertController+supportedInterfaceOrientations.m"; sourceTree = "<group>"; };
		587123272738BC0200FC296E /* UIWindow+LBXHierarchy.h */ = {isa = PBXFileReference; fileEncoding = 4; lastKnownFileType = sourcecode.c.h; path = "UIWindow+LBXHierarchy.h"; sourceTree = "<group>"; };
		587123282738BC0200FC296E /* DIYScanViewController.m */ = {isa = PBXFileReference; fileEncoding = 4; lastKnownFileType = sourcecode.c.objc; path = DIYScanViewController.m; sourceTree = "<group>"; };
		5871232A2738BC0200FC296E /* UIImageView+CornerRadius.h */ = {isa = PBXFileReference; fileEncoding = 4; lastKnownFileType = sourcecode.c.h; path = "UIImageView+CornerRadius.h"; sourceTree = "<group>"; };
		5871232B2738BC0200FC296E /* UIImageView+CornerRadius.m */ = {isa = PBXFileReference; fileEncoding = 4; lastKnownFileType = sourcecode.c.objc; path = "UIImageView+CornerRadius.m"; sourceTree = "<group>"; };
		5871232C2738BC0200FC296E /* CreateBarCodeViewController.m */ = {isa = PBXFileReference; fileEncoding = 4; lastKnownFileType = sourcecode.c.objc; path = CreateBarCodeViewController.m; sourceTree = "<group>"; };
		5871232D2738BC0200FC296E /* QQLBXScanViewController.m */ = {isa = PBXFileReference; fileEncoding = 4; lastKnownFileType = sourcecode.c.objc; path = QQLBXScanViewController.m; sourceTree = "<group>"; };
		5871232E2738BC0200FC296E /* LBXScanTypes.h */ = {isa = PBXFileReference; fileEncoding = 4; lastKnownFileType = sourcecode.c.h; path = LBXScanTypes.h; sourceTree = "<group>"; };
		5871232F2738BC0200FC296E /* StyleDIY.h */ = {isa = PBXFileReference; fileEncoding = 4; lastKnownFileType = sourcecode.c.h; path = StyleDIY.h; sourceTree = "<group>"; };
		587123312738BC0200FC296E /* LBXScanNative.h */ = {isa = PBXFileReference; fileEncoding = 4; lastKnownFileType = sourcecode.c.h; path = LBXScanNative.h; sourceTree = "<group>"; };
		587123322738BC0200FC296E /* LBXScanNative.m */ = {isa = PBXFileReference; fileEncoding = 4; lastKnownFileType = sourcecode.c.objc; path = LBXScanNative.m; sourceTree = "<group>"; };
		587123342738BC0200FC296E /* LBXPermission.h */ = {isa = PBXFileReference; fileEncoding = 4; lastKnownFileType = sourcecode.c.h; path = LBXPermission.h; sourceTree = "<group>"; };
		587123352738BC0200FC296E /* LBXPermissionCamera.h */ = {isa = PBXFileReference; fileEncoding = 4; lastKnownFileType = sourcecode.c.h; path = LBXPermissionCamera.h; sourceTree = "<group>"; };
		587123362738BC0200FC296E /* LBXPermissionSetting.m */ = {isa = PBXFileReference; fileEncoding = 4; lastKnownFileType = sourcecode.c.objc; path = LBXPermissionSetting.m; sourceTree = "<group>"; };
		587123372738BC0200FC296E /* LBXPermissionPhotos.m */ = {isa = PBXFileReference; fileEncoding = 4; lastKnownFileType = sourcecode.c.objc; path = LBXPermissionPhotos.m; sourceTree = "<group>"; };
		587123382738BC0200FC296E /* LBXPermissionCamera.m */ = {isa = PBXFileReference; fileEncoding = 4; lastKnownFileType = sourcecode.c.objc; path = LBXPermissionCamera.m; sourceTree = "<group>"; };
		587123392738BC0200FC296E /* LBXPermission.m */ = {isa = PBXFileReference; fileEncoding = 4; lastKnownFileType = sourcecode.c.objc; path = LBXPermission.m; sourceTree = "<group>"; };
		5871233A2738BC0200FC296E /* LBXPermissionPhotos.h */ = {isa = PBXFileReference; fileEncoding = 4; lastKnownFileType = sourcecode.c.h; path = LBXPermissionPhotos.h; sourceTree = "<group>"; };
		5871233B2738BC0200FC296E /* LBXPermissionSetting.h */ = {isa = PBXFileReference; fileEncoding = 4; lastKnownFileType = sourcecode.c.h; path = LBXPermissionSetting.h; sourceTree = "<group>"; };
		5871233C2738BC0200FC296E /* DIYScanViewController.h */ = {isa = PBXFileReference; fileEncoding = 4; lastKnownFileType = sourcecode.c.h; path = DIYScanViewController.h; sourceTree = "<group>"; };
		5871233E2738BC0200FC296E /* ModuleImport.swift */ = {isa = PBXFileReference; fileEncoding = 4; lastKnownFileType = sourcecode.swift; path = ModuleImport.swift; sourceTree = "<group>"; };
		5871233F2738BC0200FC296E /* AppModule.swift */ = {isa = PBXFileReference; fileEncoding = 4; lastKnownFileType = sourcecode.swift; path = AppModule.swift; sourceTree = "<group>"; };
		587123402738BC0200FC296E /* vvmodule.plist */ = {isa = PBXFileReference; fileEncoding = 4; lastKnownFileType = text.plist.xml; path = vvmodule.plist; sourceTree = "<group>"; };
		5871236F2738BC2000FC296E /* WFCPrivacyTableViewController.h */ = {isa = PBXFileReference; fileEncoding = 4; lastKnownFileType = sourcecode.c.h; path = WFCPrivacyTableViewController.h; sourceTree = "<group>"; };
		587123702738BC2000FC296E /* WFCSettingTableViewController.h */ = {isa = PBXFileReference; fileEncoding = 4; lastKnownFileType = sourcecode.c.h; path = WFCSettingTableViewController.h; sourceTree = "<group>"; };
		587123712738BC2000FC296E /* WFCAboutViewController.h */ = {isa = PBXFileReference; fileEncoding = 4; lastKnownFileType = sourcecode.c.h; path = WFCAboutViewController.h; sourceTree = "<group>"; };
		587123722738BC2000FC296E /* WFCSecurityTableViewController.m */ = {isa = PBXFileReference; fileEncoding = 4; lastKnownFileType = sourcecode.c.objc; path = WFCSecurityTableViewController.m; sourceTree = "<group>"; };
		587123732738BC2000FC296E /* WFCDiagnoseViewController.m */ = {isa = PBXFileReference; fileEncoding = 4; lastKnownFileType = sourcecode.c.objc; path = WFCDiagnoseViewController.m; sourceTree = "<group>"; };
		587123742738BC2000FC296E /* WFCMeTableViewController.h */ = {isa = PBXFileReference; fileEncoding = 4; lastKnownFileType = sourcecode.c.h; path = WFCMeTableViewController.h; sourceTree = "<group>"; };
		587123752738BC2000FC296E /* WFCThemeTableViewController.h */ = {isa = PBXFileReference; fileEncoding = 4; lastKnownFileType = sourcecode.c.h; path = WFCThemeTableViewController.h; sourceTree = "<group>"; };
		587123762738BC2000FC296E /* WFCThemeTableViewCell.h */ = {isa = PBXFileReference; fileEncoding = 4; lastKnownFileType = sourcecode.c.h; path = WFCThemeTableViewCell.h; sourceTree = "<group>"; };
		587123772738BC2000FC296E /* WFCMeTableViewHeaderViewCell.m */ = {isa = PBXFileReference; fileEncoding = 4; lastKnownFileType = sourcecode.c.objc; path = WFCMeTableViewHeaderViewCell.m; sourceTree = "<group>"; };
		587123782738BC2000FC296E /* WFCAboutViewController.m */ = {isa = PBXFileReference; fileEncoding = 4; lastKnownFileType = sourcecode.c.objc; path = WFCAboutViewController.m; sourceTree = "<group>"; };
		587123792738BC2000FC296E /* WFCSettingTableViewController.m */ = {isa = PBXFileReference; fileEncoding = 4; lastKnownFileType = sourcecode.c.objc; path = WFCSettingTableViewController.m; sourceTree = "<group>"; };
		5871237A2738BC2000FC296E /* WFCPrivacyTableViewController.m */ = {isa = PBXFileReference; fileEncoding = 4; lastKnownFileType = sourcecode.c.objc; path = WFCPrivacyTableViewController.m; sourceTree = "<group>"; };
		5871237B2738BC2000FC296E /* WFCThemeTableViewCell.m */ = {isa = PBXFileReference; fileEncoding = 4; lastKnownFileType = sourcecode.c.objc; path = WFCThemeTableViewCell.m; sourceTree = "<group>"; };
		5871237C2738BC2000FC296E /* WFCThemeTableViewController.m */ = {isa = PBXFileReference; fileEncoding = 4; lastKnownFileType = sourcecode.c.objc; path = WFCThemeTableViewController.m; sourceTree = "<group>"; };
		5871237D2738BC2000FC296E /* WFCMeTableViewController.m */ = {isa = PBXFileReference; fileEncoding = 4; lastKnownFileType = sourcecode.c.objc; path = WFCMeTableViewController.m; sourceTree = "<group>"; };
		5871237E2738BC2000FC296E /* WFCDiagnoseViewController.h */ = {isa = PBXFileReference; fileEncoding = 4; lastKnownFileType = sourcecode.c.h; path = WFCDiagnoseViewController.h; sourceTree = "<group>"; };
		5871237F2738BC2000FC296E /* WFCSecurityTableViewController.h */ = {isa = PBXFileReference; fileEncoding = 4; lastKnownFileType = sourcecode.c.h; path = WFCSecurityTableViewController.h; sourceTree = "<group>"; };
		587123802738BC2000FC296E /* WFCMeTableViewHeaderViewCell.h */ = {isa = PBXFileReference; fileEncoding = 4; lastKnownFileType = sourcecode.c.h; path = WFCMeTableViewHeaderViewCell.h; sourceTree = "<group>"; };
		587123822738BC2000FC296E /* Device.h */ = {isa = PBXFileReference; fileEncoding = 4; lastKnownFileType = sourcecode.c.h; path = Device.h; sourceTree = "<group>"; };
		587123832738BC2000FC296E /* DeviceTableViewController.h */ = {isa = PBXFileReference; fileEncoding = 4; lastKnownFileType = sourcecode.c.h; path = DeviceTableViewController.h; sourceTree = "<group>"; };
		587123842738BC2000FC296E /* CreateDeviceViewController.m */ = {isa = PBXFileReference; fileEncoding = 4; lastKnownFileType = sourcecode.c.objc; path = CreateDeviceViewController.m; sourceTree = "<group>"; };
		587123852738BC2000FC296E /* DeviceInfoViewController.m */ = {isa = PBXFileReference; fileEncoding = 4; lastKnownFileType = sourcecode.c.objc; path = DeviceInfoViewController.m; sourceTree = "<group>"; };
		587123862738BC2000FC296E /* DeviceViewController.m */ = {isa = PBXFileReference; fileEncoding = 4; lastKnownFileType = sourcecode.c.objc; path = DeviceViewController.m; sourceTree = "<group>"; };
		587123872738BC2000FC296E /* DeviceTableViewController.m */ = {isa = PBXFileReference; fileEncoding = 4; lastKnownFileType = sourcecode.c.objc; path = DeviceTableViewController.m; sourceTree = "<group>"; };
		587123882738BC2000FC296E /* Device.m */ = {isa = PBXFileReference; fileEncoding = 4; lastKnownFileType = sourcecode.c.objc; path = Device.m; sourceTree = "<group>"; };
		587123892738BC2000FC296E /* DeviceInfoViewController.h */ = {isa = PBXFileReference; fileEncoding = 4; lastKnownFileType = sourcecode.c.h; path = DeviceInfoViewController.h; sourceTree = "<group>"; };
		5871238A2738BC2000FC296E /* CreateDeviceViewController.h */ = {isa = PBXFileReference; fileEncoding = 4; lastKnownFileType = sourcecode.c.h; path = CreateDeviceViewController.h; sourceTree = "<group>"; };
		5871238B2738BC2000FC296E /* DeviceViewController.h */ = {isa = PBXFileReference; fileEncoding = 4; lastKnownFileType = sourcecode.c.h; path = DeviceViewController.h; sourceTree = "<group>"; };
		5871238D2738BC2000FC296E /* WFMomentUIKit.framework */ = {isa = PBXFileReference; lastKnownFileType = wrapper.framework; path = WFMomentUIKit.framework; sourceTree = "<group>"; };
		5871238E2738BC2000FC296E /* WFMomentClient.framework */ = {isa = PBXFileReference; lastKnownFileType = wrapper.framework; path = WFMomentClient.framework; sourceTree = "<group>"; };
		587123902738BC2000FC296E /* WFPttChannelListViewController.h */ = {isa = PBXFileReference; fileEncoding = 4; lastKnownFileType = sourcecode.c.h; path = WFPttChannelListViewController.h; sourceTree = "<group>"; };
		587123912738BC2000FC296E /* WFPttCreateChannelViewController.h */ = {isa = PBXFileReference; fileEncoding = 4; lastKnownFileType = sourcecode.c.h; path = WFPttCreateChannelViewController.h; sourceTree = "<group>"; };
		587123922738BC2000FC296E /* WFPttJoinChannelViewController.m */ = {isa = PBXFileReference; fileEncoding = 4; lastKnownFileType = sourcecode.c.objc; path = WFPttJoinChannelViewController.m; sourceTree = "<group>"; };
		587123932738BC2000FC296E /* WFPttChannelListViewController.m */ = {isa = PBXFileReference; fileEncoding = 4; lastKnownFileType = sourcecode.c.objc; path = WFPttChannelListViewController.m; sourceTree = "<group>"; };
		587123942738BC2000FC296E /* WFPttCreateChannelViewController.m */ = {isa = PBXFileReference; fileEncoding = 4; lastKnownFileType = sourcecode.c.objc; path = WFPttCreateChannelViewController.m; sourceTree = "<group>"; };
		587123952738BC2000FC296E /* WFPttJoinChannelViewController.h */ = {isa = PBXFileReference; fileEncoding = 4; lastKnownFileType = sourcecode.c.h; path = WFPttJoinChannelViewController.h; sourceTree = "<group>"; };
		587123972738BC2000FC296E /* PCSessionViewController.h */ = {isa = PBXFileReference; fileEncoding = 4; lastKnownFileType = sourcecode.c.h; path = PCSessionViewController.h; sourceTree = "<group>"; };
		587123982738BC2000FC296E /* PCLoginConfirmViewController.h */ = {isa = PBXFileReference; fileEncoding = 4; lastKnownFileType = sourcecode.c.h; path = PCLoginConfirmViewController.h; sourceTree = "<group>"; };
		587123992738BC2000FC296E /* WFCBaseTabBarController.h */ = {isa = PBXFileReference; fileEncoding = 4; lastKnownFileType = sourcecode.c.h; path = WFCBaseTabBarController.h; sourceTree = "<group>"; };
		5871239A2738BC2000FC296E /* PCSessionViewController.m */ = {isa = PBXFileReference; fileEncoding = 4; lastKnownFileType = sourcecode.c.objc; path = PCSessionViewController.m; sourceTree = "<group>"; };
		5871239B2738BC2000FC296E /* PCLoginConfirmViewController.m */ = {isa = PBXFileReference; fileEncoding = 4; lastKnownFileType = sourcecode.c.objc; path = PCLoginConfirmViewController.m; sourceTree = "<group>"; };
		5871239C2738BC2000FC296E /* WFCBaseTabBarController.m */ = {isa = PBXFileReference; fileEncoding = 4; lastKnownFileType = sourcecode.c.objc; path = WFCBaseTabBarController.m; sourceTree = "<group>"; };
		5871239E2738BC2000FC296E /* WFCPrivacyViewController.m */ = {isa = PBXFileReference; fileEncoding = 4; lastKnownFileType = sourcecode.c.objc; path = WFCPrivacyViewController.m; sourceTree = "<group>"; };
		587123A02738BC2000FC296E /* Archive.zip */ = {isa = PBXFileReference; lastKnownFileType = archive.zip; path = Archive.zip; sourceTree = "<group>"; };
		587123A12738BC2000FC296E /* WFCPrivacyViewController.h */ = {isa = PBXFileReference; fileEncoding = 4; lastKnownFileType = sourcecode.c.h; path = WFCPrivacyViewController.h; sourceTree = "<group>"; };
		587123A32738BC2000FC296E /* SharedConversation.m */ = {isa = PBXFileReference; fileEncoding = 4; lastKnownFileType = sourcecode.c.objc; path = SharedConversation.m; sourceTree = "<group>"; };
		587123A42738BC2000FC296E /* SharePredefine.h */ = {isa = PBXFileReference; fileEncoding = 4; lastKnownFileType = sourcecode.c.h; path = SharePredefine.h; sourceTree = "<group>"; };
		587123A52738BC2000FC296E /* SharedConversation.h */ = {isa = PBXFileReference; fileEncoding = 4; lastKnownFileType = sourcecode.c.h; path = SharedConversation.h; sourceTree = "<group>"; };
		587123C02738BC2A00FC296E /* UILabel+YBAttributeTextTapAction.h */ = {isa = PBXFileReference; fileEncoding = 4; lastKnownFileType = sourcecode.c.h; path = "UILabel+YBAttributeTextTapAction.h"; sourceTree = "<group>"; };
		587123C12738BC2A00FC296E /* UILabel+YBAttributeTextTapAction.m */ = {isa = PBXFileReference; fileEncoding = 4; lastKnownFileType = sourcecode.c.objc; path = "UILabel+YBAttributeTextTapAction.m"; sourceTree = "<group>"; };
		5877D5952735384800C65732 /* YunZaiApp.app */ = {isa = PBXFileReference; explicitFileType = wrapper.application; includeInIndex = 0; path = YunZaiApp.app; sourceTree = BUILT_PRODUCTS_DIR; };
		5877D5982735384800C65732 /* AppDelegate.swift */ = {isa = PBXFileReference; lastKnownFileType = sourcecode.swift; path = AppDelegate.swift; sourceTree = "<group>"; };
		5877D59C2735384800C65732 /* ViewController.swift */ = {isa = PBXFileReference; lastKnownFileType = sourcecode.swift; path = ViewController.swift; sourceTree = "<group>"; };
		5877D59F2735384800C65732 /* Base */ = {isa = PBXFileReference; lastKnownFileType = file.storyboard; name = Base; path = Base.lproj/Main.storyboard; sourceTree = "<group>"; };
		5877D5A12735384B00C65732 /* Assets.xcassets */ = {isa = PBXFileReference; lastKnownFileType = folder.assetcatalog; path = Assets.xcassets; sourceTree = "<group>"; };
		5877D5A42735384B00C65732 /* Base */ = {isa = PBXFileReference; lastKnownFileType = file.storyboard; name = Base; path = Base.lproj/LaunchScreen.storyboard; sourceTree = "<group>"; };
		5877D5A62735384B00C65732 /* Info.plist */ = {isa = PBXFileReference; lastKnownFileType = text.plist.xml; path = Info.plist; sourceTree = "<group>"; };
		5899170A2736878500D43D9C /* vvmodule.plist */ = {isa = PBXFileReference; fileEncoding = 4; lastKnownFileType = text.plist.xml; path = vvmodule.plist; sourceTree = "<group>"; };
		5899170C273687AC00D43D9C /* AppModule.swift */ = {isa = PBXFileReference; fileEncoding = 4; lastKnownFileType = sourcecode.swift; path = AppModule.swift; sourceTree = "<group>"; };
		5899170E273687ED00D43D9C /* ModuleImport.swift */ = {isa = PBXFileReference; lastKnownFileType = sourcecode.swift; path = ModuleImport.swift; sourceTree = "<group>"; };
		589917102736884C00D43D9C /* AppDelegate+Config.swift */ = {isa = PBXFileReference; lastKnownFileType = sourcecode.swift; path = "AppDelegate+Config.swift"; sourceTree = "<group>"; };
		5899171727368F7C00D43D9C /* en */ = {isa = PBXFileReference; lastKnownFileType = text.plist.strings; name = en; path = en.lproj/InfoPlist.strings; sourceTree = "<group>"; };
		5899171927368F9E00D43D9C /* zh-Hans */ = {isa = PBXFileReference; lastKnownFileType = text.plist.strings; name = "zh-Hans"; path = "zh-Hans.lproj/Main.strings"; sourceTree = "<group>"; };
		5899171A27368F9F00D43D9C /* zh-Hans */ = {isa = PBXFileReference; lastKnownFileType = text.plist.strings; name = "zh-Hans"; path = "zh-Hans.lproj/LaunchScreen.strings"; sourceTree = "<group>"; };
		5899171B27368FA000D43D9C /* zh-Hans */ = {isa = PBXFileReference; lastKnownFileType = text.plist.strings; name = "zh-Hans"; path = "zh-Hans.lproj/InfoPlist.strings"; sourceTree = "<group>"; };
		5899171D27368FB300D43D9C /* en */ = {isa = PBXFileReference; lastKnownFileType = text.plist.strings; name = en; path = en.lproj/Localizable.strings; sourceTree = "<group>"; };
		5899171F27368FB500D43D9C /* zh-Hans */ = {isa = PBXFileReference; lastKnownFileType = text.plist.strings; name = "zh-Hans"; path = "zh-Hans.lproj/Localizable.strings"; sourceTree = "<group>"; };
		58D7E8222738BF7C007241B1 /* Const.swift */ = {isa = PBXFileReference; lastKnownFileType = sourcecode.swift; path = Const.swift; sourceTree = "<group>"; };
		58D7E8242738C144007241B1 /* WFChat-Prefix-Header.pch */ = {isa = PBXFileReference; fileEncoding = 4; lastKnownFileType = sourcecode.c.h; path = "WFChat-Prefix-Header.pch"; sourceTree = "<group>"; };
		58D7E8262738C6B8007241B1 /* ShareAppService.h */ = {isa = PBXFileReference; lastKnownFileType = sourcecode.c.h; path = ShareAppService.h; sourceTree = "<group>"; };
		58D7E8272738C6B8007241B1 /* Shares.xcassets */ = {isa = PBXFileReference; lastKnownFileType = folder.assetcatalog; path = Shares.xcassets; sourceTree = "<group>"; };
		58D7E8282738C6B8007241B1 /* ConversationCell.h */ = {isa = PBXFileReference; lastKnownFileType = sourcecode.c.h; path = ConversationCell.h; sourceTree = "<group>"; };
		58D7E8292738C6B8007241B1 /* ShareUtility.m */ = {isa = PBXFileReference; lastKnownFileType = sourcecode.c.objc; path = ShareUtility.m; sourceTree = "<group>"; };
		58D7E82A2738C6B8007241B1 /* ShareViewController.m */ = {isa = PBXFileReference; lastKnownFileType = sourcecode.c.objc; path = ShareViewController.m; sourceTree = "<group>"; };
		58D7E82C2738C6B8007241B1 /* Base */ = {isa = PBXFileReference; lastKnownFileType = file.storyboard; name = Base; path = Base.lproj/MainInterface.storyboard; sourceTree = "<group>"; };
		58D7E82D2738C6B8007241B1 /* ConversationListViewController.h */ = {isa = PBXFileReference; lastKnownFileType = sourcecode.c.h; path = ConversationListViewController.h; sourceTree = "<group>"; };
		58D7E82E2738C6B8007241B1 /* ShareAppService.m */ = {isa = PBXFileReference; lastKnownFileType = sourcecode.c.objc; path = ShareAppService.m; sourceTree = "<group>"; };
		58D7E82F2738C6B8007241B1 /* ConversationCell.m */ = {isa = PBXFileReference; lastKnownFileType = sourcecode.c.objc; path = ConversationCell.m; sourceTree = "<group>"; };
		58D7E8302738C6B8007241B1 /* ConversationListViewController.m */ = {isa = PBXFileReference; lastKnownFileType = sourcecode.c.objc; path = ConversationListViewController.m; sourceTree = "<group>"; };
		58D7E8312738C6B8007241B1 /* ShareViewController.h */ = {isa = PBXFileReference; lastKnownFileType = sourcecode.c.h; path = ShareViewController.h; sourceTree = "<group>"; };
		58D7E8322738C6B8007241B1 /* Info.plist */ = {isa = PBXFileReference; lastKnownFileType = text.plist.xml; path = Info.plist; sourceTree = "<group>"; };
		58D7E8332738C6B8007241B1 /* ShareExtension.entitlements */ = {isa = PBXFileReference; lastKnownFileType = text.plist.entitlements; path = ShareExtension.entitlements; sourceTree = "<group>"; };
		58D7E8342738C6B8007241B1 /* ShareUtility.h */ = {isa = PBXFileReference; lastKnownFileType = sourcecode.c.h; path = ShareUtility.h; sourceTree = "<group>"; };
		58D7E8372738C6B8007241B1 /* AFSecurityPolicy.h */ = {isa = PBXFileReference; lastKnownFileType = sourcecode.c.h; path = AFSecurityPolicy.h; sourceTree = "<group>"; };
		58D7E8382738C6B8007241B1 /* AFNetworkReachabilityManager.h */ = {isa = PBXFileReference; lastKnownFileType = sourcecode.c.h; path = AFNetworkReachabilityManager.h; sourceTree = "<group>"; };
		58D7E8392738C6B8007241B1 /* AFURLSessionManager.h */ = {isa = PBXFileReference; lastKnownFileType = sourcecode.c.h; path = AFURLSessionManager.h; sourceTree = "<group>"; };
		58D7E83A2738C6B8007241B1 /* AFURLRequestSerialization.h */ = {isa = PBXFileReference; lastKnownFileType = sourcecode.c.h; path = AFURLRequestSerialization.h; sourceTree = "<group>"; };
		58D7E83B2738C6B8007241B1 /* AFURLResponseSerialization.m */ = {isa = PBXFileReference; lastKnownFileType = sourcecode.c.objc; path = AFURLResponseSerialization.m; sourceTree = "<group>"; };
		58D7E83C2738C6B8007241B1 /* AFHTTPSessionManager.m */ = {isa = PBXFileReference; lastKnownFileType = sourcecode.c.objc; path = AFHTTPSessionManager.m; sourceTree = "<group>"; };
		58D7E83D2738C6B8007241B1 /* AFURLResponseSerialization.h */ = {isa = PBXFileReference; lastKnownFileType = sourcecode.c.h; path = AFURLResponseSerialization.h; sourceTree = "<group>"; };
		58D7E83E2738C6B8007241B1 /* AFURLSessionManager.m */ = {isa = PBXFileReference; lastKnownFileType = sourcecode.c.objc; path = AFURLSessionManager.m; sourceTree = "<group>"; };
		58D7E83F2738C6B8007241B1 /* AFURLRequestSerialization.m */ = {isa = PBXFileReference; lastKnownFileType = sourcecode.c.objc; path = AFURLRequestSerialization.m; sourceTree = "<group>"; };
		58D7E8402738C6B8007241B1 /* AFNetworking.h */ = {isa = PBXFileReference; lastKnownFileType = sourcecode.c.h; path = AFNetworking.h; sourceTree = "<group>"; };
		58D7E8412738C6B8007241B1 /* AFNetworkReachabilityManager.m */ = {isa = PBXFileReference; lastKnownFileType = sourcecode.c.objc; path = AFNetworkReachabilityManager.m; sourceTree = "<group>"; };
		58D7E8422738C6B8007241B1 /* AFSecurityPolicy.m */ = {isa = PBXFileReference; lastKnownFileType = sourcecode.c.objc; path = AFSecurityPolicy.m; sourceTree = "<group>"; };
		58D7E8432738C6B8007241B1 /* AFHTTPSessionManager.h */ = {isa = PBXFileReference; lastKnownFileType = sourcecode.c.h; path = AFHTTPSessionManager.h; sourceTree = "<group>"; };
		58D7E8452738C6B8007241B1 /* MBProgressHUD.m */ = {isa = PBXFileReference; lastKnownFileType = sourcecode.c.objc; path = MBProgressHUD.m; sourceTree = "<group>"; };
		58D7E8462738C6B8007241B1 /* MBProgressHUD.h */ = {isa = PBXFileReference; lastKnownFileType = sourcecode.c.h; path = MBProgressHUD.h; sourceTree = "<group>"; };
		58D7E8492738C73C007241B1 /* zh-Hans */ = {isa = PBXFileReference; lastKnownFileType = text.plist.strings; name = "zh-Hans"; path = "zh-Hans.lproj/wfc.strings"; sourceTree = "<group>"; };
		58D7E84A2738C73C007241B1 /* WFChatUIKit.xcassets */ = {isa = PBXFileReference; lastKnownFileType = folder.assetcatalog; path = WFChatUIKit.xcassets; sourceTree = "<group>"; };
		58D7E84B2738C73C007241B1 /* en */ = {isa = PBXFileReference; lastKnownFileType = text.plist.strings; name = en; path = en.lproj/wfc.strings; sourceTree = "<group>"; };
		58D7E84C2738C73C007241B1 /* WFChatUIKit.framework */ = {isa = PBXFileReference; lastKnownFileType = wrapper.framework; path = WFChatUIKit.framework; sourceTree = "<group>"; };
		58D7E84D2738C73C007241B1 /* unicode_to_hanyu_pinyin.txt */ = {isa = PBXFileReference; lastKnownFileType = text; path = unicode_to_hanyu_pinyin.txt; sourceTree = "<group>"; };
		58D7E84E2738C73C007241B1 /* Stickers.bundle */ = {isa = PBXFileReference; lastKnownFileType = "wrapper.plug-in"; path = Stickers.bundle; sourceTree = "<group>"; };
		58D7E84F2738C73C007241B1 /* WFAVEngineKit.framework */ = {isa = PBXFileReference; lastKnownFileType = wrapper.framework; path = WFAVEngineKit.framework; sourceTree = "<group>"; };
		58D7E8502738C73C007241B1 /* Emoj.plist */ = {isa = PBXFileReference; lastKnownFileType = text.plist.xml; path = Emoj.plist; sourceTree = "<group>"; };
		58D7E8512738C73C007241B1 /* WFChatClient.framework */ = {isa = PBXFileReference; lastKnownFileType = wrapper.framework; path = WFChatClient.framework; sourceTree = "<group>"; };
		58D7E8532738C73C007241B1 /* LICENSE.md */ = {isa = PBXFileReference; lastKnownFileType = net.daringfireball.markdown; path = LICENSE.md; sourceTree = "<group>"; };
		58D7E8542738C73C007241B1 /* README.md */ = {isa = PBXFileReference; lastKnownFileType = net.daringfireball.markdown; path = README.md; sourceTree = "<group>"; };
		58D7E8572738C73C007241B1 /* WebRTC.framework */ = {isa = PBXFileReference; lastKnownFileType = wrapper.framework; path = WebRTC.framework; sourceTree = "<group>"; };
		58D7E8582738C73C007241B1 /* WFCUShareMessageView.xib */ = {isa = PBXFileReference; lastKnownFileType = file.xib; path = WFCUShareMessageView.xib; sourceTree = "<group>"; };
		58D7E8592738C73C007241B1 /* ZLPhotoBrowser.framework */ = {isa = PBXFileReference; lastKnownFileType = wrapper.framework; path = ZLPhotoBrowser.framework; sourceTree = "<group>"; };
		58D7E85E2738C809007241B1 /* libc++.tbd */ = {isa = PBXFileReference; lastKnownFileType = "sourcecode.text-based-dylib-definition"; name = "libc++.tbd"; path = "usr/lib/libc++.tbd"; sourceTree = SDKROOT; };
		58D7E8602738C817007241B1 /* CallKit.framework */ = {isa = PBXFileReference; lastKnownFileType = wrapper.framework; name = CallKit.framework; path = System/Library/Frameworks/CallKit.framework; sourceTree = SDKROOT; };
		58D7E8622738C884007241B1 /* libz.tbd */ = {isa = PBXFileReference; lastKnownFileType = "sourcecode.text-based-dylib-definition"; name = libz.tbd; path = usr/lib/libz.tbd; sourceTree = SDKROOT; };
		58D7E8642738C88F007241B1 /* Security.framework */ = {isa = PBXFileReference; lastKnownFileType = wrapper.framework; name = Security.framework; path = System/Library/Frameworks/Security.framework; sourceTree = SDKROOT; };
		58D7E8662738C89D007241B1 /* SystemConfiguration.framework */ = {isa = PBXFileReference; lastKnownFileType = wrapper.framework; name = SystemConfiguration.framework; path = System/Library/Frameworks/SystemConfiguration.framework; sourceTree = SDKROOT; };
		58D7E8682738C8A5007241B1 /* PushKit.framework */ = {isa = PBXFileReference; lastKnownFileType = wrapper.framework; name = PushKit.framework; path = System/Library/Frameworks/PushKit.framework; sourceTree = SDKROOT; };
		58D7E86A2738C8B1007241B1 /* CoreTelephony.framework */ = {isa = PBXFileReference; lastKnownFileType = wrapper.framework; name = CoreTelephony.framework; path = System/Library/Frameworks/CoreTelephony.framework; sourceTree = SDKROOT; };
		58D7E86C2738C8BD007241B1 /* AudioToolbox.framework */ = {isa = PBXFileReference; lastKnownFileType = wrapper.framework; name = AudioToolbox.framework; path = System/Library/Frameworks/AudioToolbox.framework; sourceTree = SDKROOT; };
		58D7E86E2738C8C8007241B1 /* UserNotificationsUI.framework */ = {isa = PBXFileReference; lastKnownFileType = wrapper.framework; name = UserNotificationsUI.framework; path = System/Library/Frameworks/UserNotificationsUI.framework; sourceTree = SDKROOT; };
		58D7E86F2738C8C8007241B1 /* UserNotifications.framework */ = {isa = PBXFileReference; lastKnownFileType = wrapper.framework; name = UserNotifications.framework; path = System/Library/Frameworks/UserNotifications.framework; sourceTree = SDKROOT; };
		58D7E8742738CBF2007241B1 /* WFCConfig.h */ = {isa = PBXFileReference; fileEncoding = 4; lastKnownFileType = sourcecode.c.h; path = WFCConfig.h; sourceTree = "<group>"; };
		58D7E8752738CBF2007241B1 /* WFCConfig.m */ = {isa = PBXFileReference; fileEncoding = 4; lastKnownFileType = sourcecode.c.objc; path = WFCConfig.m; sourceTree = "<group>"; };
		929F523037408795EE0A6B3D /* Pods_YunZaiApp.framework */ = {isa = PBXFileReference; explicitFileType = wrapper.framework; includeInIndex = 0; path = Pods_YunZaiApp.framework; sourceTree = BUILT_PRODUCTS_DIR; };
/* End PBXFileReference section */

/* Begin PBXFrameworksBuildPhase section */
		5877D5922735384800C65732 /* Frameworks */ = {
			isa = PBXFrameworksBuildPhase;
			buildActionMask = 2147483647;
			files = (
				58D7E8722738C8ED007241B1 /* WebRTC.framework in Frameworks */,
				58D7E8702738C8C8007241B1 /* UserNotificationsUI.framework in Frameworks */,
				58D7E8712738C8C8007241B1 /* UserNotifications.framework in Frameworks */,
				58D7E86D2738C8BD007241B1 /* AudioToolbox.framework in Frameworks */,
				58D7E86B2738C8B1007241B1 /* CoreTelephony.framework in Frameworks */,
				58D7E8692738C8A5007241B1 /* PushKit.framework in Frameworks */,
				58D7E8672738C89E007241B1 /* SystemConfiguration.framework in Frameworks */,
				58D7E8652738C88F007241B1 /* Security.framework in Frameworks */,
				58D7E8632738C884007241B1 /* libz.tbd in Frameworks */,
				58D7E8612738C817007241B1 /* CallKit.framework in Frameworks */,
				58D7E85F2738C809007241B1 /* libc++.tbd in Frameworks */,
				58D7E85A2738C7B0007241B1 /* WFAVEngineKit.framework in Frameworks */,
				58D7E85B2738C7B0007241B1 /* WFChatClient.framework in Frameworks */,
				58D7E85C2738C7B0007241B1 /* WFChatUIKit.framework in Frameworks */,
				58D7E85D2738C7B0007241B1 /* ZLPhotoBrowser.framework in Frameworks */,
				DDD5001D45D0261FD89AA491 /* Pods_YunZaiApp.framework in Frameworks */,
			);
			runOnlyForDeploymentPostprocessing = 0;
		};
/* End PBXFrameworksBuildPhase section */

/* Begin PBXGroup section */
		587122D92738BB2A00FC296E /* Login */ = {
			isa = PBXGroup;
			children = (
				587122DA2738BB2A00FC296E /* WFCLoginViewController.h */,
				587122DB2738BB2A00FC296E /* WFCLoginViewController.m */,
			);
			path = Login;
			sourceTree = "<group>";
		};
		587122DD2738BC0200FC296E /* AppService */ = {
			isa = PBXGroup;
			children = (
				587122DE2738BC0200FC296E /* AppService.h */,
				587122DF2738BC0200FC296E /* AppService.m */,
			);
			path = AppService;
			sourceTree = "<group>";
		};
		587122E02738BC0200FC296E /* Category */ = {
			isa = PBXGroup;
			children = (
				587122E12738BC0200FC296E /* UIImage+ERCategory.h */,
				587122E22738BC0200FC296E /* UIFont+YH.m */,
				587122E32738BC0200FC296E /* UIColor+YH.m */,
				587122E42738BC0200FC296E /* UIImage+ERCategory.m */,
				587122E52738BC0200FC296E /* UIColor+YH.h */,
				587122E62738BC0200FC296E /* UIFont+YH.h */,
			);
			path = Category;
			sourceTree = "<group>";
		};
		587122E72738BC0200FC296E /* Discover */ = {
			isa = PBXGroup;
			children = (
				587122E82738BC0200FC296E /* DiscoverViewController.h */,
				587122E92738BC0200FC296E /* DiscoverMomentsTableViewCell.h */,
				587122EA2738BC0200FC296E /* DiscoverViewController.m */,
				587122EB2738BC0200FC296E /* chatroom */,
				587122F02738BC0200FC296E /* DiscoverMomentsTableViewCell.m */,
			);
			path = Discover;
			sourceTree = "<group>";
		};
		587122EB2738BC0200FC296E /* chatroom */ = {
			isa = PBXGroup;
			children = (
				587122EC2738BC0200FC296E /* ChatroomItemCell.h */,
				587122ED2738BC0200FC296E /* ChatroomListViewController.m */,
				587122EE2738BC0200FC296E /* ChatroomItemCell.m */,
				587122EF2738BC0200FC296E /* ChatroomListViewController.h */,
			);
			path = chatroom;
			sourceTree = "<group>";
		};
		587122F12738BC0200FC296E /* Favorite */ = {
			isa = PBXGroup;
			children = (
				587122F22738BC0200FC296E /* WFCFavoriteTableViewController.h */,
				587122F32738BC0200FC296E /* Cell */,
				587123082738BC0200FC296E /* WFCFavoriteTableViewController.m */,
			);
			path = Favorite;
			sourceTree = "<group>";
		};
		587122F32738BC0200FC296E /* Cell */ = {
			isa = PBXGroup;
			children = (
				587122F42738BC0200FC296E /* WFCFavoriteFileCell.h */,
				587122F52738BC0200FC296E /* WFCFavoriteImageCell.h */,
				587122F62738BC0200FC296E /* WFCFavoriteCompositeCell.h */,
				587122F72738BC0200FC296E /* WFCFavoriteUnknownCell.h */,
				587122F82738BC0200FC296E /* WFCFavoriteSoundCell.m */,
				587122F92738BC0200FC296E /* WFCFavoriteVideoCell.m */,
				587122FA2738BC0200FC296E /* WFCFavoriteBaseCell.h */,
				587122FB2738BC0200FC296E /* WFCFavoriteLinkCell.m */,
				587122FC2738BC0200FC296E /* WFCFavoriteLocationCell.m */,
				587122FD2738BC0200FC296E /* WFCFavoriteTextCell.h */,
				587122FE2738BC0200FC296E /* WFCFavoriteUnknownCell.m */,
				587122FF2738BC0200FC296E /* WFCFavoriteCompositeCell.m */,
				587123002738BC0200FC296E /* WFCFavoriteImageCell.m */,
				587123012738BC0200FC296E /* WFCFavoriteFileCell.m */,
				587123022738BC0200FC296E /* WFCFavoriteBaseCell.m */,
				587123032738BC0200FC296E /* WFCFavoriteSoundCell.h */,
				587123042738BC0200FC296E /* WFCFavoriteVideoCell.h */,
				587123052738BC0200FC296E /* WFCFavoriteLinkCell.h */,
				587123062738BC0200FC296E /* WFCFavoriteTextCell.m */,
				587123072738BC0200FC296E /* WFCFavoriteLocationCell.h */,
			);
			path = Cell;
			sourceTree = "<group>";
		};
		587123092738BC0200FC296E /* LBXScan */ = {
			isa = PBXGroup;
			children = (
				5871230A2738BC0200FC296E /* QQLBXScanViewController.h */,
				5871230B2738BC0200FC296E /* UI */,
				587123192738BC0200FC296E /* CreateBarCodeViewController.h */,
				5871231A2738BC0200FC296E /* StyleDIY.m */,
				5871231B2738BC0200FC296E /* LBXScanTypes.m */,
				5871231C2738BC0200FC296E /* LBXAlertAction */,
				587123282738BC0200FC296E /* DIYScanViewController.m */,
				587123292738BC0200FC296E /* CornerRadiusCategory */,
				5871232C2738BC0200FC296E /* CreateBarCodeViewController.m */,
				5871232D2738BC0200FC296E /* QQLBXScanViewController.m */,
				5871232E2738BC0200FC296E /* LBXScanTypes.h */,
				5871232F2738BC0200FC296E /* StyleDIY.h */,
				587123302738BC0200FC296E /* LBXNative */,
				587123332738BC0200FC296E /* LBXPermissions */,
				5871233C2738BC0200FC296E /* DIYScanViewController.h */,
			);
			path = LBXScan;
			sourceTree = "<group>";
		};
		5871230B2738BC0200FC296E /* UI */ = {
			isa = PBXGroup;
			children = (
				5871230C2738BC0200FC296E /* CodeScan.bundle */,
				5871230D2738BC0200FC296E /* LBXScanView.h */,
				5871230E2738BC0200FC296E /* LBXScanNetAnimation.h */,
				5871230F2738BC0200FC296E /* LBXScanViewController.m */,
				587123102738BC0200FC296E /* LBXScanViewStyle.m */,
				587123112738BC0200FC296E /* LBXScanVideoZoomView.m */,
				587123122738BC0200FC296E /* LBXScanLineAnimation.m */,
				587123132738BC0200FC296E /* LBXScanView.m */,
				587123142738BC0200FC296E /* LBXScanViewController.h */,
				587123152738BC0200FC296E /* LBXScanNetAnimation.m */,
				587123162738BC0200FC296E /* LBXScanLineAnimation.h */,
				587123172738BC0200FC296E /* LBXScanVideoZoomView.h */,
				587123182738BC0200FC296E /* LBXScanViewStyle.h */,
			);
			path = UI;
			sourceTree = "<group>";
		};
		5871231C2738BC0200FC296E /* LBXAlertAction */ = {
			isa = PBXGroup;
			children = (
				5871231D2738BC0200FC296E /* LBXAlertAction.m */,
				5871231E2738BC0200FC296E /* LBXAlertAction.h */,
				5871231F2738BC0200FC296E /* Class */,
			);
			path = LBXAlertAction;
			sourceTree = "<group>";
		};
		5871231F2738BC0200FC296E /* Class */ = {
			isa = PBXGroup;
			children = (
				587123202738BC0200FC296E /* UIActionSheet+LBXAlertAction.h */,
				587123212738BC0200FC296E /* UIAlertController+supportedInterfaceOrientations.h */,
				587123222738BC0200FC296E /* UIAlertView+LBXAlertAction.h */,
				587123232738BC0200FC296E /* UIWindow+LBXHierarchy.m */,
				587123242738BC0200FC296E /* UIActionSheet+LBXAlertAction.m */,
				587123252738BC0200FC296E /* UIAlertView+LBXAlertAction.m */,
				587123262738BC0200FC296E /* UIAlertController+supportedInterfaceOrientations.m */,
				587123272738BC0200FC296E /* UIWindow+LBXHierarchy.h */,
			);
			path = Class;
			sourceTree = "<group>";
		};
		587123292738BC0200FC296E /* CornerRadiusCategory */ = {
			isa = PBXGroup;
			children = (
				5871232A2738BC0200FC296E /* UIImageView+CornerRadius.h */,
				5871232B2738BC0200FC296E /* UIImageView+CornerRadius.m */,
			);
			path = CornerRadiusCategory;
			sourceTree = "<group>";
		};
		587123302738BC0200FC296E /* LBXNative */ = {
			isa = PBXGroup;
			children = (
				587123312738BC0200FC296E /* LBXScanNative.h */,
				587123322738BC0200FC296E /* LBXScanNative.m */,
			);
			path = LBXNative;
			sourceTree = "<group>";
		};
		587123332738BC0200FC296E /* LBXPermissions */ = {
			isa = PBXGroup;
			children = (
				587123342738BC0200FC296E /* LBXPermission.h */,
				587123352738BC0200FC296E /* LBXPermissionCamera.h */,
				587123362738BC0200FC296E /* LBXPermissionSetting.m */,
				587123372738BC0200FC296E /* LBXPermissionPhotos.m */,
				587123382738BC0200FC296E /* LBXPermissionCamera.m */,
				587123392738BC0200FC296E /* LBXPermission.m */,
				5871233A2738BC0200FC296E /* LBXPermissionPhotos.h */,
				5871233B2738BC0200FC296E /* LBXPermissionSetting.h */,
			);
			path = LBXPermissions;
			sourceTree = "<group>";
		};
		5871233D2738BC0200FC296E /* Config */ = {
			isa = PBXGroup;
			children = (
				5871233E2738BC0200FC296E /* ModuleImport.swift */,
				5871233F2738BC0200FC296E /* AppModule.swift */,
				587123402738BC0200FC296E /* vvmodule.plist */,
			);
			path = Config;
			sourceTree = "<group>";
		};
		5871236E2738BC2000FC296E /* Me */ = {
			isa = PBXGroup;
			children = (
				5871236F2738BC2000FC296E /* WFCPrivacyTableViewController.h */,
				587123702738BC2000FC296E /* WFCSettingTableViewController.h */,
				587123712738BC2000FC296E /* WFCAboutViewController.h */,
				587123722738BC2000FC296E /* WFCSecurityTableViewController.m */,
				587123732738BC2000FC296E /* WFCDiagnoseViewController.m */,
				587123742738BC2000FC296E /* WFCMeTableViewController.h */,
				587123752738BC2000FC296E /* WFCThemeTableViewController.h */,
				587123762738BC2000FC296E /* WFCThemeTableViewCell.h */,
				587123772738BC2000FC296E /* WFCMeTableViewHeaderViewCell.m */,
				587123782738BC2000FC296E /* WFCAboutViewController.m */,
				587123792738BC2000FC296E /* WFCSettingTableViewController.m */,
				5871237A2738BC2000FC296E /* WFCPrivacyTableViewController.m */,
				5871237B2738BC2000FC296E /* WFCThemeTableViewCell.m */,
				5871237C2738BC2000FC296E /* WFCThemeTableViewController.m */,
				5871237D2738BC2000FC296E /* WFCMeTableViewController.m */,
				5871237E2738BC2000FC296E /* WFCDiagnoseViewController.h */,
				5871237F2738BC2000FC296E /* WFCSecurityTableViewController.h */,
				587123802738BC2000FC296E /* WFCMeTableViewHeaderViewCell.h */,
			);
			path = Me;
			sourceTree = "<group>";
		};
		587123812738BC2000FC296E /* Things */ = {
			isa = PBXGroup;
			children = (
				587123822738BC2000FC296E /* Device.h */,
				587123832738BC2000FC296E /* DeviceTableViewController.h */,
				587123842738BC2000FC296E /* CreateDeviceViewController.m */,
				587123852738BC2000FC296E /* DeviceInfoViewController.m */,
				587123862738BC2000FC296E /* DeviceViewController.m */,
				587123872738BC2000FC296E /* DeviceTableViewController.m */,
				587123882738BC2000FC296E /* Device.m */,
				587123892738BC2000FC296E /* DeviceInfoViewController.h */,
				5871238A2738BC2000FC296E /* CreateDeviceViewController.h */,
				5871238B2738BC2000FC296E /* DeviceViewController.h */,
			);
			path = Things;
			sourceTree = "<group>";
		};
		5871238C2738BC2000FC296E /* Moments */ = {
			isa = PBXGroup;
			children = (
				5871238D2738BC2000FC296E /* WFMomentUIKit.framework */,
				5871238E2738BC2000FC296E /* WFMomentClient.framework */,
			);
			path = Moments;
			sourceTree = "<group>";
		};
		5871238F2738BC2000FC296E /* Ptt */ = {
			isa = PBXGroup;
			children = (
				587123902738BC2000FC296E /* WFPttChannelListViewController.h */,
				587123912738BC2000FC296E /* WFPttCreateChannelViewController.h */,
				587123922738BC2000FC296E /* WFPttJoinChannelViewController.m */,
				587123932738BC2000FC296E /* WFPttChannelListViewController.m */,
				587123942738BC2000FC296E /* WFPttCreateChannelViewController.m */,
				587123952738BC2000FC296E /* WFPttJoinChannelViewController.h */,
			);
			path = Ptt;
			sourceTree = "<group>";
		};
		587123962738BC2000FC296E /* Utilities */ = {
			isa = PBXGroup;
			children = (
				587123972738BC2000FC296E /* PCSessionViewController.h */,
				587123982738BC2000FC296E /* PCLoginConfirmViewController.h */,
				587123992738BC2000FC296E /* WFCBaseTabBarController.h */,
				5871239A2738BC2000FC296E /* PCSessionViewController.m */,
				5871239B2738BC2000FC296E /* PCLoginConfirmViewController.m */,
				5871239C2738BC2000FC296E /* WFCBaseTabBarController.m */,
			);
			path = Utilities;
			sourceTree = "<group>";
		};
		5871239D2738BC2000FC296E /* Privacy */ = {
			isa = PBXGroup;
			children = (
				5871239E2738BC2000FC296E /* WFCPrivacyViewController.m */,
				5871239F2738BC2000FC296E /* html */,
				587123A12738BC2000FC296E /* WFCPrivacyViewController.h */,
			);
			path = Privacy;
			sourceTree = "<group>";
		};
		5871239F2738BC2000FC296E /* html */ = {
			isa = PBXGroup;
			children = (
				587123A02738BC2000FC296E /* Archive.zip */,
			);
			path = html;
			sourceTree = "<group>";
		};
		587123A22738BC2000FC296E /* ShareExtension */ = {
			isa = PBXGroup;
			children = (
				587123A32738BC2000FC296E /* SharedConversation.m */,
				587123A42738BC2000FC296E /* SharePredefine.h */,
				587123A52738BC2000FC296E /* SharedConversation.h */,
			);
			path = ShareExtension;
			sourceTree = "<group>";
		};
		587123BF2738BC2A00FC296E /* YBAttributeTextTapAction */ = {
			isa = PBXGroup;
			children = (
				587123C02738BC2A00FC296E /* UILabel+YBAttributeTextTapAction.h */,
				587123C12738BC2A00FC296E /* UILabel+YBAttributeTextTapAction.m */,
			);
			path = YBAttributeTextTapAction;
			sourceTree = "<group>";
		};
		5877D58C2735384800C65732 = {
			isa = PBXGroup;
			children = (
				589917082736874900D43D9C /* Classes */,
				5877D5972735384800C65732 /* YunZaiApp */,
				5877D5962735384800C65732 /* Products */,
				9E7C162412D7A0A1B4E22C5A /* Pods */,
				E0379CA16E6A834CAA768E48 /* Frameworks */,
			);
			sourceTree = "<group>";
		};
		5877D5962735384800C65732 /* Products */ = {
			isa = PBXGroup;
			children = (
				5877D5952735384800C65732 /* YunZaiApp.app */,
			);
			name = Products;
			sourceTree = "<group>";
		};
		5877D5972735384800C65732 /* YunZaiApp */ = {
			isa = PBXGroup;
			children = (
				5877D5982735384800C65732 /* AppDelegate.swift */,
				589917102736884C00D43D9C /* AppDelegate+Config.swift */,
				5877D59C2735384800C65732 /* ViewController.swift */,
				5877D59E2735384800C65732 /* Main.storyboard */,
				5877D5A12735384B00C65732 /* Assets.xcassets */,
				5877D5A32735384B00C65732 /* LaunchScreen.storyboard */,
				5877D5A62735384B00C65732 /* Info.plist */,
				5899171827368F7C00D43D9C /* InfoPlist.strings */,
				5899171E27368FB300D43D9C /* Localizable.strings */,
			);
			path = YunZaiApp;
			sourceTree = "<group>";
		};
		589917082736874900D43D9C /* Classes */ = {
			isa = PBXGroup;
			children = (
				58D7E8742738CBF2007241B1 /* WFCConfig.h */,
				58D7E8752738CBF2007241B1 /* WFCConfig.m */,
				58D7E8472738C73C007241B1 /* Frameworks */,
				58D7E8252738C6B8007241B1 /* ShareExtension */,
				58D7E8242738C144007241B1 /* WFChat-Prefix-Header.pch */,
				587123BF2738BC2A00FC296E /* YBAttributeTextTapAction */,
				5871236E2738BC2000FC296E /* Me */,
				5871238C2738BC2000FC296E /* Moments */,
				5871239D2738BC2000FC296E /* Privacy */,
				5871238F2738BC2000FC296E /* Ptt */,
				587123A22738BC2000FC296E /* ShareExtension */,
				587123812738BC2000FC296E /* Things */,
				587123962738BC2000FC296E /* Utilities */,
				587122DD2738BC0200FC296E /* AppService */,
				587122E02738BC0200FC296E /* Category */,
				5871233D2738BC0200FC296E /* Config */,
				587122E72738BC0200FC296E /* Discover */,
				587122F12738BC0200FC296E /* Favorite */,
				587123092738BC0200FC296E /* LBXScan */,
				587122D92738BB2A00FC296E /* Login */,
				589917092736877200D43D9C /* Config */,
				587122D72738BA1C00FC296E /* YunZaiApp-Bridging-Header.h */,
			);
			path = Classes;
			sourceTree = "<group>";
		};
		589917092736877200D43D9C /* Config */ = {
			isa = PBXGroup;
			children = (
				5899170A2736878500D43D9C /* vvmodule.plist */,
				5899170C273687AC00D43D9C /* AppModule.swift */,
				5899170E273687ED00D43D9C /* ModuleImport.swift */,
				58D7E8222738BF7C007241B1 /* Const.swift */,
			);
			path = Config;
			sourceTree = "<group>";
		};
		58D7E8252738C6B8007241B1 /* ShareExtension */ = {
			isa = PBXGroup;
			children = (
				58D7E8262738C6B8007241B1 /* ShareAppService.h */,
				58D7E8272738C6B8007241B1 /* Shares.xcassets */,
				58D7E8282738C6B8007241B1 /* ConversationCell.h */,
				58D7E8292738C6B8007241B1 /* ShareUtility.m */,
				58D7E82A2738C6B8007241B1 /* ShareViewController.m */,
				58D7E82B2738C6B8007241B1 /* MainInterface.storyboard */,
				58D7E82D2738C6B8007241B1 /* ConversationListViewController.h */,
				58D7E82E2738C6B8007241B1 /* ShareAppService.m */,
				58D7E82F2738C6B8007241B1 /* ConversationCell.m */,
				58D7E8302738C6B8007241B1 /* ConversationListViewController.m */,
				58D7E8312738C6B8007241B1 /* ShareViewController.h */,
				58D7E8322738C6B8007241B1 /* Info.plist */,
				58D7E8332738C6B8007241B1 /* ShareExtension.entitlements */,
				58D7E8342738C6B8007241B1 /* ShareUtility.h */,
				58D7E8352738C6B8007241B1 /* Vendor */,
			);
			name = ShareExtension;
			path = wfchat/ShareExtension;
			sourceTree = SOURCE_ROOT;
		};
		58D7E8352738C6B8007241B1 /* Vendor */ = {
			isa = PBXGroup;
			children = (
				58D7E8362738C6B8007241B1 /* AFNetworking */,
				58D7E8442738C6B8007241B1 /* MBProgressHUD */,
			);
			path = Vendor;
			sourceTree = "<group>";
		};
		58D7E8362738C6B8007241B1 /* AFNetworking */ = {
			isa = PBXGroup;
			children = (
				58D7E8372738C6B8007241B1 /* AFSecurityPolicy.h */,
				58D7E8382738C6B8007241B1 /* AFNetworkReachabilityManager.h */,
				58D7E8392738C6B8007241B1 /* AFURLSessionManager.h */,
				58D7E83A2738C6B8007241B1 /* AFURLRequestSerialization.h */,
				58D7E83B2738C6B8007241B1 /* AFURLResponseSerialization.m */,
				58D7E83C2738C6B8007241B1 /* AFHTTPSessionManager.m */,
				58D7E83D2738C6B8007241B1 /* AFURLResponseSerialization.h */,
				58D7E83E2738C6B8007241B1 /* AFURLSessionManager.m */,
				58D7E83F2738C6B8007241B1 /* AFURLRequestSerialization.m */,
				58D7E8402738C6B8007241B1 /* AFNetworking.h */,
				58D7E8412738C6B8007241B1 /* AFNetworkReachabilityManager.m */,
				58D7E8422738C6B8007241B1 /* AFSecurityPolicy.m */,
				58D7E8432738C6B8007241B1 /* AFHTTPSessionManager.h */,
			);
			path = AFNetworking;
			sourceTree = "<group>";
		};
		58D7E8442738C6B8007241B1 /* MBProgressHUD */ = {
			isa = PBXGroup;
			children = (
				58D7E8452738C6B8007241B1 /* MBProgressHUD.m */,
				58D7E8462738C6B8007241B1 /* MBProgressHUD.h */,
			);
			path = MBProgressHUD;
			sourceTree = "<group>";
		};
		58D7E8472738C73C007241B1 /* Frameworks */ = {
			isa = PBXGroup;
			children = (
				58D7E8482738C73C007241B1 /* wfc.strings */,
				58D7E84A2738C73C007241B1 /* WFChatUIKit.xcassets */,
				58D7E84C2738C73C007241B1 /* WFChatUIKit.framework */,
				58D7E84D2738C73C007241B1 /* unicode_to_hanyu_pinyin.txt */,
				58D7E84E2738C73C007241B1 /* Stickers.bundle */,
				58D7E84F2738C73C007241B1 /* WFAVEngineKit.framework */,
				58D7E8502738C73C007241B1 /* Emoj.plist */,
				58D7E8512738C73C007241B1 /* WFChatClient.framework */,
				58D7E8522738C73C007241B1 /* GoogleWebRTC */,
				58D7E8582738C73C007241B1 /* WFCUShareMessageView.xib */,
				58D7E8592738C73C007241B1 /* ZLPhotoBrowser.framework */,
			);
			name = Frameworks;
			path = wfchat/Frameworks;
			sourceTree = SOURCE_ROOT;
		};
		58D7E8522738C73C007241B1 /* GoogleWebRTC */ = {
			isa = PBXGroup;
			children = (
				58D7E8532738C73C007241B1 /* LICENSE.md */,
				58D7E8542738C73C007241B1 /* README.md */,
				58D7E8552738C73C007241B1 /* Frameworks */,
			);
			path = GoogleWebRTC;
			sourceTree = "<group>";
		};
		58D7E8552738C73C007241B1 /* Frameworks */ = {
			isa = PBXGroup;
			children = (
				58D7E8562738C73C007241B1 /* frameworks */,
			);
			path = Frameworks;
			sourceTree = "<group>";
		};
		58D7E8562738C73C007241B1 /* frameworks */ = {
			isa = PBXGroup;
			children = (
				58D7E8572738C73C007241B1 /* WebRTC.framework */,
			);
			path = frameworks;
			sourceTree = "<group>";
		};
		9E7C162412D7A0A1B4E22C5A /* Pods */ = {
			isa = PBXGroup;
			children = (
				5027029F08DA3943823D6F95 /* Pods-YunZaiApp.debug.xcconfig */,
				5248E3F7D65C754FCEB8C153 /* Pods-YunZaiApp.release.xcconfig */,
			);
			path = Pods;
			sourceTree = "<group>";
		};
		E0379CA16E6A834CAA768E48 /* Frameworks */ = {
			isa = PBXGroup;
			children = (
				58D7E86F2738C8C8007241B1 /* UserNotifications.framework */,
				58D7E86E2738C8C8007241B1 /* UserNotificationsUI.framework */,
				58D7E86C2738C8BD007241B1 /* AudioToolbox.framework */,
				58D7E86A2738C8B1007241B1 /* CoreTelephony.framework */,
				58D7E8682738C8A5007241B1 /* PushKit.framework */,
				58D7E8662738C89D007241B1 /* SystemConfiguration.framework */,
				58D7E8642738C88F007241B1 /* Security.framework */,
				58D7E8622738C884007241B1 /* libz.tbd */,
				58D7E8602738C817007241B1 /* CallKit.framework */,
				58D7E85E2738C809007241B1 /* libc++.tbd */,
				929F523037408795EE0A6B3D /* Pods_YunZaiApp.framework */,
			);
			name = Frameworks;
			sourceTree = "<group>";
		};
/* End PBXGroup section */

/* Begin PBXNativeTarget section */
		5877D5942735384800C65732 /* YunZaiApp */ = {
			isa = PBXNativeTarget;
			buildConfigurationList = 5877D5A92735384B00C65732 /* Build configuration list for PBXNativeTarget "YunZaiApp" */;
			buildPhases = (
				6B7DE12113E18915240B52FF /* [CP] Check Pods Manifest.lock */,
				5877D5912735384800C65732 /* Sources */,
				5877D5922735384800C65732 /* Frameworks */,
				5877D5932735384800C65732 /* Resources */,
				5DDE9CD5603905F8A974BC19 /* [CP] Embed Pods Frameworks */,
			);
			buildRules = (
			);
			dependencies = (
			);
			name = YunZaiApp;
			productName = YunZaiApp;
			productReference = 5877D5952735384800C65732 /* YunZaiApp.app */;
			productType = "com.apple.product-type.application";
		};
/* End PBXNativeTarget section */

/* Begin PBXProject section */
		5877D58D2735384800C65732 /* Project object */ = {
			isa = PBXProject;
			attributes = {
				BuildIndependentTargetsInParallel = 1;
				LastSwiftUpdateCheck = 1310;
				LastUpgradeCheck = 1310;
				TargetAttributes = {
					5877D5942735384800C65732 = {
						CreatedOnToolsVersion = 13.1;
						LastSwiftMigration = 1310;
					};
				};
			};
			buildConfigurationList = 5877D5902735384800C65732 /* Build configuration list for PBXProject "YunZaiApp" */;
			compatibilityVersion = "Xcode 13.0";
			developmentRegion = en;
			hasScannedForEncodings = 0;
			knownRegions = (
				en,
				Base,
				"zh-Hans",
			);
			mainGroup = 5877D58C2735384800C65732;
			productRefGroup = 5877D5962735384800C65732 /* Products */;
			projectDirPath = "";
			projectRoot = "";
			targets = (
				5877D5942735384800C65732 /* YunZaiApp */,
			);
		};
/* End PBXProject section */

/* Begin PBXResourcesBuildPhase section */
		5877D5932735384800C65732 /* Resources */ = {
			isa = PBXResourcesBuildPhase;
			buildActionMask = 2147483647;
			files = (
				5877D5A52735384B00C65732 /* LaunchScreen.storyboard in Resources */,
				5899171C27368FB300D43D9C /* Localizable.strings in Resources */,
				587123BD2738BC2100FC296E /* Archive.zip in Resources */,
				5871236D2738BC0200FC296E /* vvmodule.plist in Resources */,
				5877D5A22735384B00C65732 /* Assets.xcassets in Resources */,
				5899170B2736878500D43D9C /* vvmodule.plist in Resources */,
				5877D5A02735384800C65732 /* Main.storyboard in Resources */,
				587123542738BC0200FC296E /* CodeScan.bundle in Resources */,
				5899171627368F7C00D43D9C /* InfoPlist.strings in Resources */,
			);
			runOnlyForDeploymentPostprocessing = 0;
		};
/* End PBXResourcesBuildPhase section */

/* Begin PBXShellScriptBuildPhase section */
		5DDE9CD5603905F8A974BC19 /* [CP] Embed Pods Frameworks */ = {
			isa = PBXShellScriptBuildPhase;
			buildActionMask = 2147483647;
			files = (
			);
			inputFileListPaths = (
				"${PODS_ROOT}/Target Support Files/Pods-YunZaiApp/Pods-YunZaiApp-frameworks-${CONFIGURATION}-input-files.xcfilelist",
			);
			name = "[CP] Embed Pods Frameworks";
			outputFileListPaths = (
				"${PODS_ROOT}/Target Support Files/Pods-YunZaiApp/Pods-YunZaiApp-frameworks-${CONFIGURATION}-output-files.xcfilelist",
			);
			runOnlyForDeploymentPostprocessing = 0;
			shellPath = /bin/sh;
			shellScript = "\"${PODS_ROOT}/Target Support Files/Pods-YunZaiApp/Pods-YunZaiApp-frameworks.sh\"\n";
			showEnvVarsInLog = 0;
		};
		6B7DE12113E18915240B52FF /* [CP] Check Pods Manifest.lock */ = {
			isa = PBXShellScriptBuildPhase;
			buildActionMask = 2147483647;
			files = (
			);
			inputFileListPaths = (
			);
			inputPaths = (
				"${PODS_PODFILE_DIR_PATH}/Podfile.lock",
				"${PODS_ROOT}/Manifest.lock",
			);
			name = "[CP] Check Pods Manifest.lock";
			outputFileListPaths = (
			);
			outputPaths = (
				"$(DERIVED_FILE_DIR)/Pods-YunZaiApp-checkManifestLockResult.txt",
			);
			runOnlyForDeploymentPostprocessing = 0;
			shellPath = /bin/sh;
			shellScript = "diff \"${PODS_PODFILE_DIR_PATH}/Podfile.lock\" \"${PODS_ROOT}/Manifest.lock\" > /dev/null\nif [ $? != 0 ] ; then\n    # print error to STDERR\n    echo \"error: The sandbox is not in sync with the Podfile.lock. Run 'pod install' or update your CocoaPods installation.\" >&2\n    exit 1\nfi\n# This output is used by Xcode 'outputs' to avoid re-running this script phase.\necho \"SUCCESS\" > \"${SCRIPT_OUTPUT_FILE_0}\"\n";
			showEnvVarsInLog = 0;
		};
/* End PBXShellScriptBuildPhase section */

/* Begin PBXSourcesBuildPhase section */
		5877D5912735384800C65732 /* Sources */ = {
			isa = PBXSourcesBuildPhase;
			buildActionMask = 2147483647;
			files = (
				587123662738BC0200FC296E /* LBXScanNative.m in Sources */,
				5877D59D2735384800C65732 /* ViewController.swift in Sources */,
				587123672738BC0200FC296E /* LBXPermissionSetting.m in Sources */,
				589917112736884C00D43D9C /* AppDelegate+Config.swift in Sources */,
				587123472738BC0200FC296E /* ChatroomItemCell.m in Sources */,
				587123412738BC0200FC296E /* AppService.m in Sources */,
				5871234E2738BC0200FC296E /* WFCFavoriteCompositeCell.m in Sources */,
				5871234D2738BC0200FC296E /* WFCFavoriteUnknownCell.m in Sources */,
				587123AB2738BC2100FC296E /* WFCPrivacyTableViewController.m in Sources */,
				587123C22738BC2A00FC296E /* UILabel+YBAttributeTextTapAction.m in Sources */,
				587123A72738BC2100FC296E /* WFCDiagnoseViewController.m in Sources */,
				5877D5992735384800C65732 /* AppDelegate.swift in Sources */,
				587123B22738BC2100FC296E /* DeviceTableViewController.m in Sources */,
				587123B32738BC2100FC296E /* Device.m in Sources */,
				587123442738BC0200FC296E /* UIImage+ERCategory.m in Sources */,
				5899170F273687ED00D43D9C /* ModuleImport.swift in Sources */,
				5871235C2738BC0200FC296E /* LBXScanTypes.m in Sources */,
				5871235A2738BC0200FC296E /* LBXScanNetAnimation.m in Sources */,
				58D7E8762738CBF2007241B1 /* WFCConfig.m in Sources */,
				587123A92738BC2100FC296E /* WFCAboutViewController.m in Sources */,
				587123B82738BC2100FC296E /* WFPttCreateChannelViewController.m in Sources */,
				587123AA2738BC2100FC296E /* WFCSettingTableViewController.m in Sources */,
				587123BE2738BC2100FC296E /* SharedConversation.m in Sources */,
				5899170D273687AC00D43D9C /* AppModule.swift in Sources */,
				5871234F2738BC0200FC296E /* WFCFavoriteImageCell.m in Sources */,
				5871234A2738BC0200FC296E /* WFCFavoriteVideoCell.m in Sources */,
				587123AF2738BC2100FC296E /* CreateDeviceViewController.m in Sources */,
				587123652738BC0200FC296E /* QQLBXScanViewController.m in Sources */,
				587123532738BC0200FC296E /* WFCFavoriteTableViewController.m in Sources */,
				587123BA2738BC2100FC296E /* PCLoginConfirmViewController.m in Sources */,
				587123512738BC0200FC296E /* WFCFavoriteBaseCell.m in Sources */,
				587123622738BC0200FC296E /* DIYScanViewController.m in Sources */,
				587123A62738BC2100FC296E /* WFCSecurityTableViewController.m in Sources */,
				587123B12738BC2100FC296E /* DeviceViewController.m in Sources */,
				587123692738BC0200FC296E /* LBXPermissionCamera.m in Sources */,
				587123682738BC0200FC296E /* LBXPermissionPhotos.m in Sources */,
				58D7E8732738CA46007241B1 /* WFCPrivacyViewController.m in Sources */,
				5871234C2738BC0200FC296E /* WFCFavoriteLocationCell.m in Sources */,
				5871235E2738BC0200FC296E /* UIWindow+LBXHierarchy.m in Sources */,
				587123642738BC0200FC296E /* CreateBarCodeViewController.m in Sources */,
				587123462738BC0200FC296E /* ChatroomListViewController.m in Sources */,
				587123592738BC0200FC296E /* LBXScanView.m in Sources */,
				587123AC2738BC2100FC296E /* WFCThemeTableViewCell.m in Sources */,
				587123502738BC0200FC296E /* WFCFavoriteFileCell.m in Sources */,
				587123A82738BC2100FC296E /* WFCMeTableViewHeaderViewCell.m in Sources */,
				587123492738BC0200FC296E /* WFCFavoriteSoundCell.m in Sources */,
				5871235D2738BC0200FC296E /* LBXAlertAction.m in Sources */,
				587123452738BC0200FC296E /* DiscoverViewController.m in Sources */,
				587123AD2738BC2100FC296E /* WFCThemeTableViewController.m in Sources */,
				587123582738BC0200FC296E /* LBXScanLineAnimation.m in Sources */,
				5871234B2738BC0200FC296E /* WFCFavoriteLinkCell.m in Sources */,
				587123552738BC0200FC296E /* LBXScanViewController.m in Sources */,
				587123562738BC0200FC296E /* LBXScanViewStyle.m in Sources */,
				587123B92738BC2100FC296E /* PCSessionViewController.m in Sources */,
				587123B02738BC2100FC296E /* DeviceInfoViewController.m in Sources */,
				587123B62738BC2100FC296E /* WFPttJoinChannelViewController.m in Sources */,
				587123632738BC0200FC296E /* UIImageView+CornerRadius.m in Sources */,
				587123482738BC0200FC296E /* DiscoverMomentsTableViewCell.m in Sources */,
				587123B72738BC2100FC296E /* WFPttChannelListViewController.m in Sources */,
				587123572738BC0200FC296E /* LBXScanVideoZoomView.m in Sources */,
				5871236A2738BC0200FC296E /* LBXPermission.m in Sources */,
				587123612738BC0200FC296E /* UIAlertController+supportedInterfaceOrientations.m in Sources */,
				587122DC2738BB2A00FC296E /* WFCLoginViewController.m in Sources */,
				5871235B2738BC0200FC296E /* StyleDIY.m in Sources */,
				587123522738BC0200FC296E /* WFCFavoriteTextCell.m in Sources */,
				5871235F2738BC0200FC296E /* UIActionSheet+LBXAlertAction.m in Sources */,
				5871236C2738BC0200FC296E /* AppModule.swift in Sources */,
				587123BB2738BC2100FC296E /* WFCBaseTabBarController.m in Sources */,
				58D7E8232738BF7C007241B1 /* Const.swift in Sources */,
				587123422738BC0200FC296E /* UIFont+YH.m in Sources */,
				587123432738BC0200FC296E /* UIColor+YH.m in Sources */,
				5871236B2738BC0200FC296E /* ModuleImport.swift in Sources */,
				587123AE2738BC2100FC296E /* WFCMeTableViewController.m in Sources */,
				587123602738BC0200FC296E /* UIAlertView+LBXAlertAction.m in Sources */,
			);
			runOnlyForDeploymentPostprocessing = 0;
		};
/* End PBXSourcesBuildPhase section */

/* Begin PBXVariantGroup section */
		5877D59E2735384800C65732 /* Main.storyboard */ = {
			isa = PBXVariantGroup;
			children = (
				5877D59F2735384800C65732 /* Base */,
				5899171927368F9E00D43D9C /* zh-Hans */,
			);
			name = Main.storyboard;
			sourceTree = "<group>";
		};
		5877D5A32735384B00C65732 /* LaunchScreen.storyboard */ = {
			isa = PBXVariantGroup;
			children = (
				5877D5A42735384B00C65732 /* Base */,
				5899171A27368F9F00D43D9C /* zh-Hans */,
			);
			name = LaunchScreen.storyboard;
			sourceTree = "<group>";
		};
		5899171827368F7C00D43D9C /* InfoPlist.strings */ = {
			isa = PBXVariantGroup;
			children = (
				5899171727368F7C00D43D9C /* en */,
				5899171B27368FA000D43D9C /* zh-Hans */,
			);
			name = InfoPlist.strings;
			sourceTree = "<group>";
		};
		5899171E27368FB300D43D9C /* Localizable.strings */ = {
			isa = PBXVariantGroup;
			children = (
				5899171D27368FB300D43D9C /* en */,
				5899171F27368FB500D43D9C /* zh-Hans */,
			);
			name = Localizable.strings;
			sourceTree = "<group>";
		};
		58D7E82B2738C6B8007241B1 /* MainInterface.storyboard */ = {
			isa = PBXVariantGroup;
			children = (
				58D7E82C2738C6B8007241B1 /* Base */,
			);
			name = MainInterface.storyboard;
			sourceTree = "<group>";
		};
		58D7E8482738C73C007241B1 /* wfc.strings */ = {
			isa = PBXVariantGroup;
			children = (
				58D7E8492738C73C007241B1 /* zh-Hans */,
				58D7E84B2738C73C007241B1 /* en */,
			);
			name = wfc.strings;
			sourceTree = "<group>";
		};
/* End PBXVariantGroup section */

/* Begin XCBuildConfiguration section */
		5877D5A72735384B00C65732 /* Debug */ = {
			isa = XCBuildConfiguration;
			buildSettings = {
				ALWAYS_SEARCH_USER_PATHS = NO;
				CLANG_ANALYZER_LOCALIZABILITY_NONLOCALIZED = YES;
				CLANG_ANALYZER_NONNULL = YES;
				CLANG_ANALYZER_NUMBER_OBJECT_CONVERSION = YES_AGGRESSIVE;
				CLANG_CXX_LANGUAGE_STANDARD = "gnu++17";
				CLANG_CXX_LIBRARY = "libc++";
				CLANG_ENABLE_MODULES = YES;
				CLANG_ENABLE_OBJC_ARC = YES;
				CLANG_ENABLE_OBJC_WEAK = YES;
				CLANG_WARN_BLOCK_CAPTURE_AUTORELEASING = YES;
				CLANG_WARN_BOOL_CONVERSION = YES;
				CLANG_WARN_COMMA = YES;
				CLANG_WARN_CONSTANT_CONVERSION = YES;
				CLANG_WARN_DEPRECATED_OBJC_IMPLEMENTATIONS = YES;
				CLANG_WARN_DIRECT_OBJC_ISA_USAGE = YES_ERROR;
				CLANG_WARN_DOCUMENTATION_COMMENTS = YES;
				CLANG_WARN_EMPTY_BODY = YES;
				CLANG_WARN_ENUM_CONVERSION = YES;
				CLANG_WARN_INFINITE_RECURSION = YES;
				CLANG_WARN_INT_CONVERSION = YES;
				CLANG_WARN_NON_LITERAL_NULL_CONVERSION = YES;
				CLANG_WARN_OBJC_IMPLICIT_RETAIN_SELF = YES;
				CLANG_WARN_OBJC_LITERAL_CONVERSION = YES;
				CLANG_WARN_OBJC_ROOT_CLASS = YES_ERROR;
				CLANG_WARN_QUOTED_INCLUDE_IN_FRAMEWORK_HEADER = YES;
				CLANG_WARN_RANGE_LOOP_ANALYSIS = YES;
				CLANG_WARN_STRICT_PROTOTYPES = YES;
				CLANG_WARN_SUSPICIOUS_MOVE = YES;
				CLANG_WARN_UNGUARDED_AVAILABILITY = YES_AGGRESSIVE;
				CLANG_WARN_UNREACHABLE_CODE = YES;
				CLANG_WARN__DUPLICATE_METHOD_MATCH = YES;
				COPY_PHASE_STRIP = NO;
				DEBUG_INFORMATION_FORMAT = dwarf;
				ENABLE_STRICT_OBJC_MSGSEND = YES;
				ENABLE_TESTABILITY = YES;
				GCC_C_LANGUAGE_STANDARD = gnu11;
				GCC_DYNAMIC_NO_PIC = NO;
				GCC_NO_COMMON_BLOCKS = YES;
				GCC_OPTIMIZATION_LEVEL = 0;
				GCC_PREPROCESSOR_DEFINITIONS = (
					"DEBUG=1",
					"$(inherited)",
				);
				GCC_WARN_64_TO_32_BIT_CONVERSION = YES;
				GCC_WARN_ABOUT_RETURN_TYPE = YES_ERROR;
				GCC_WARN_UNDECLARED_SELECTOR = YES;
				GCC_WARN_UNINITIALIZED_AUTOS = YES_AGGRESSIVE;
				GCC_WARN_UNUSED_FUNCTION = YES;
				GCC_WARN_UNUSED_VARIABLE = YES;
				IPHONEOS_DEPLOYMENT_TARGET = 13.0;
				MTL_ENABLE_DEBUG_INFO = INCLUDE_SOURCE;
				MTL_FAST_MATH = YES;
				ONLY_ACTIVE_ARCH = YES;
				SDKROOT = iphoneos;
				SWIFT_ACTIVE_COMPILATION_CONDITIONS = DEBUG;
				SWIFT_OPTIMIZATION_LEVEL = "-Onone";
			};
			name = Debug;
		};
		5877D5A82735384B00C65732 /* Release */ = {
			isa = XCBuildConfiguration;
			buildSettings = {
				ALWAYS_SEARCH_USER_PATHS = NO;
				CLANG_ANALYZER_LOCALIZABILITY_NONLOCALIZED = YES;
				CLANG_ANALYZER_NONNULL = YES;
				CLANG_ANALYZER_NUMBER_OBJECT_CONVERSION = YES_AGGRESSIVE;
				CLANG_CXX_LANGUAGE_STANDARD = "gnu++17";
				CLANG_CXX_LIBRARY = "libc++";
				CLANG_ENABLE_MODULES = YES;
				CLANG_ENABLE_OBJC_ARC = YES;
				CLANG_ENABLE_OBJC_WEAK = YES;
				CLANG_WARN_BLOCK_CAPTURE_AUTORELEASING = YES;
				CLANG_WARN_BOOL_CONVERSION = YES;
				CLANG_WARN_COMMA = YES;
				CLANG_WARN_CONSTANT_CONVERSION = YES;
				CLANG_WARN_DEPRECATED_OBJC_IMPLEMENTATIONS = YES;
				CLANG_WARN_DIRECT_OBJC_ISA_USAGE = YES_ERROR;
				CLANG_WARN_DOCUMENTATION_COMMENTS = YES;
				CLANG_WARN_EMPTY_BODY = YES;
				CLANG_WARN_ENUM_CONVERSION = YES;
				CLANG_WARN_INFINITE_RECURSION = YES;
				CLANG_WARN_INT_CONVERSION = YES;
				CLANG_WARN_NON_LITERAL_NULL_CONVERSION = YES;
				CLANG_WARN_OBJC_IMPLICIT_RETAIN_SELF = YES;
				CLANG_WARN_OBJC_LITERAL_CONVERSION = YES;
				CLANG_WARN_OBJC_ROOT_CLASS = YES_ERROR;
				CLANG_WARN_QUOTED_INCLUDE_IN_FRAMEWORK_HEADER = YES;
				CLANG_WARN_RANGE_LOOP_ANALYSIS = YES;
				CLANG_WARN_STRICT_PROTOTYPES = YES;
				CLANG_WARN_SUSPICIOUS_MOVE = YES;
				CLANG_WARN_UNGUARDED_AVAILABILITY = YES_AGGRESSIVE;
				CLANG_WARN_UNREACHABLE_CODE = YES;
				CLANG_WARN__DUPLICATE_METHOD_MATCH = YES;
				COPY_PHASE_STRIP = NO;
				DEBUG_INFORMATION_FORMAT = "dwarf-with-dsym";
				ENABLE_NS_ASSERTIONS = NO;
				ENABLE_STRICT_OBJC_MSGSEND = YES;
				GCC_C_LANGUAGE_STANDARD = gnu11;
				GCC_NO_COMMON_BLOCKS = YES;
				GCC_WARN_64_TO_32_BIT_CONVERSION = YES;
				GCC_WARN_ABOUT_RETURN_TYPE = YES_ERROR;
				GCC_WARN_UNDECLARED_SELECTOR = YES;
				GCC_WARN_UNINITIALIZED_AUTOS = YES_AGGRESSIVE;
				GCC_WARN_UNUSED_FUNCTION = YES;
				GCC_WARN_UNUSED_VARIABLE = YES;
				IPHONEOS_DEPLOYMENT_TARGET = 13.0;
				MTL_ENABLE_DEBUG_INFO = NO;
				MTL_FAST_MATH = YES;
				SDKROOT = iphoneos;
				SWIFT_COMPILATION_MODE = wholemodule;
				SWIFT_OPTIMIZATION_LEVEL = "-O";
				VALIDATE_PRODUCT = YES;
			};
			name = Release;
		};
		5877D5AA2735384B00C65732 /* Debug */ = {
			isa = XCBuildConfiguration;
			baseConfigurationReference = 5027029F08DA3943823D6F95 /* Pods-YunZaiApp.debug.xcconfig */;
			buildSettings = {
				ARCHS = "$(ARCHS_STANDARD)";
				ASSETCATALOG_COMPILER_APPICON_NAME = AppIcon;
				ASSETCATALOG_COMPILER_GLOBAL_ACCENT_COLOR_NAME = AccentColor;
				CLANG_ENABLE_MODULES = YES;
				CODE_SIGN_STYLE = Automatic;
				CURRENT_PROJECT_VERSION = 1;
				FRAMEWORK_SEARCH_PATHS = (
					"$(inherited)",
					"$(PROJECT_DIR)/Classes/Moments",
					"$(PROJECT_DIR)/wfchat/Frameworks",
					"$(PROJECT_DIR)/wfchat/Frameworks/GoogleWebRTC/Frameworks/frameworks",
				);
				GCC_PREFIX_HEADER = "$(SRCROOT)/Classes/WFChat-Prefix-Header.pch";
				GENERATE_INFOPLIST_FILE = YES;
				INFOPLIST_FILE = YunZaiApp/Info.plist;
				INFOPLIST_KEY_UIApplicationSupportsIndirectInputEvents = YES;
				INFOPLIST_KEY_UILaunchStoryboardName = LaunchScreen;
				INFOPLIST_KEY_UIMainStoryboardFile = Main;
				INFOPLIST_KEY_UISupportedInterfaceOrientations_iPad = "UIInterfaceOrientationPortrait UIInterfaceOrientationPortraitUpsideDown UIInterfaceOrientationLandscapeLeft UIInterfaceOrientationLandscapeRight";
				INFOPLIST_KEY_UISupportedInterfaceOrientations_iPhone = "UIInterfaceOrientationPortrait UIInterfaceOrientationLandscapeLeft UIInterfaceOrientationLandscapeRight";
				IPHONEOS_DEPLOYMENT_TARGET = 13.0;
				LD_RUNPATH_SEARCH_PATHS = (
					"$(inherited)",
					"@executable_path/Frameworks",
				);
				MARKETING_VERSION = 1.0;
				PRODUCT_BUNDLE_IDENTIFIER = ice.YunZaiApp;
				PRODUCT_NAME = "$(TARGET_NAME)";
				SWIFT_EMIT_LOC_STRINGS = YES;
				SWIFT_OBJC_BRIDGING_HEADER = "Classes/YunZaiApp-Bridging-Header.h";
				SWIFT_OPTIMIZATION_LEVEL = "-Onone";
				SWIFT_VERSION = 5.0;
				TARGETED_DEVICE_FAMILY = "1,2";
			};
			name = Debug;
		};
		5877D5AB2735384B00C65732 /* Release */ = {
			isa = XCBuildConfiguration;
			baseConfigurationReference = 5248E3F7D65C754FCEB8C153 /* Pods-YunZaiApp.release.xcconfig */;
			buildSettings = {
				ASSETCATALOG_COMPILER_APPICON_NAME = AppIcon;
				ASSETCATALOG_COMPILER_GLOBAL_ACCENT_COLOR_NAME = AccentColor;
				CLANG_ENABLE_MODULES = YES;
				CODE_SIGN_STYLE = Automatic;
				CURRENT_PROJECT_VERSION = 1;
				FRAMEWORK_SEARCH_PATHS = (
					"$(inherited)",
					"$(PROJECT_DIR)/Classes/Moments",
					"$(PROJECT_DIR)/wfchat/Frameworks",
					"$(PROJECT_DIR)/wfchat/Frameworks/GoogleWebRTC/Frameworks/frameworks",
				);
				GCC_PREFIX_HEADER = "$(SRCROOT)/Classes/WFChat-Prefix-Header.pch";
				GENERATE_INFOPLIST_FILE = YES;
				INFOPLIST_FILE = YunZaiApp/Info.plist;
				INFOPLIST_KEY_UIApplicationSupportsIndirectInputEvents = YES;
				INFOPLIST_KEY_UILaunchStoryboardName = LaunchScreen;
				INFOPLIST_KEY_UIMainStoryboardFile = Main;
				INFOPLIST_KEY_UISupportedInterfaceOrientations_iPad = "UIInterfaceOrientationPortrait UIInterfaceOrientationPortraitUpsideDown UIInterfaceOrientationLandscapeLeft UIInterfaceOrientationLandscapeRight";
				INFOPLIST_KEY_UISupportedInterfaceOrientations_iPhone = "UIInterfaceOrientationPortrait UIInterfaceOrientationLandscapeLeft UIInterfaceOrientationLandscapeRight";
				IPHONEOS_DEPLOYMENT_TARGET = 13.0;
				LD_RUNPATH_SEARCH_PATHS = (
					"$(inherited)",
					"@executable_path/Frameworks",
				);
				MARKETING_VERSION = 1.0;
				PRODUCT_BUNDLE_IDENTIFIER = ice.YunZaiApp;
				PRODUCT_NAME = "$(TARGET_NAME)";
				SWIFT_EMIT_LOC_STRINGS = YES;
				SWIFT_OBJC_BRIDGING_HEADER = "Classes/YunZaiApp-Bridging-Header.h";
				SWIFT_VERSION = 5.0;
				TARGETED_DEVICE_FAMILY = "1,2";
			};
			name = Release;
		};
/* End XCBuildConfiguration section */

/* Begin XCConfigurationList section */
		5877D5902735384800C65732 /* Build configuration list for PBXProject "YunZaiApp" */ = {
			isa = XCConfigurationList;
			buildConfigurations = (
				5877D5A72735384B00C65732 /* Debug */,
				5877D5A82735384B00C65732 /* Release */,
			);
			defaultConfigurationIsVisible = 0;
			defaultConfigurationName = Release;
		};
		5877D5A92735384B00C65732 /* Build configuration list for PBXNativeTarget "YunZaiApp" */ = {
			isa = XCConfigurationList;
			buildConfigurations = (
				5877D5AA2735384B00C65732 /* Debug */,
				5877D5AB2735384B00C65732 /* Release */,
			);
			defaultConfigurationIsVisible = 0;
			defaultConfigurationName = Release;
		};
/* End XCConfigurationList section */
	};
	rootObject = 5877D58D2735384800C65732 /* Project object */;
}
